
Microsoft Visual Studio Solution File, Format Version 12.00
# Visual Studio Version 16
VisualStudioVersion = 16.0.30523.141
MinimumVisualStudioVersion = 10.0.40219.1
Project("{2150E333-8FDC-42A3-9474-1A3956D46DE8}") = "src", "src", "{531250A7-DF72-4494-9D08-14AF94B886A1}"
EndProject
Project("{2150E333-8FDC-42A3-9474-1A3956D46DE8}") = "tests", "tests", "{CF798B3E-497C-4AF1-9270-DD3030968911}"
EndProject
Project("{2150E333-8FDC-42A3-9474-1A3956D46DE8}") = "docs", "docs", "{98176082-3EE2-4D13-92A2-51A748B167AE}"
	ProjectSection(SolutionItems) = preProject
		docs\Conventions.md = docs\Conventions.md
		docs\Introduction.md = docs\Introduction.md
		README.md = README.md
	EndProjectSection
EndProject
Project("{2150E333-8FDC-42A3-9474-1A3956D46DE8}") = "_SolutionItems", "_SolutionItems", "{2F807C41-9462-47B4-B278-4B6C1907AA36}"
	ProjectSection(SolutionItems) = preProject
		.gitignore = .gitignore
		GitVersion.yml = GitVersion.yml
		publish.ps1 = publish.ps1
		README.md = README.md
		restore.ps1 = restore.ps1
	EndProjectSection
EndProject
Project("{2150E333-8FDC-42A3-9474-1A3956D46DE8}") = "TcoPneumatics", "TcoPneumatics", "{F445D349-F450-4179-8F8A-F88B20168127}"
EndProject
Project("{2150E333-8FDC-42A3-9474-1A3956D46DE8}") = "TcoIoBeckhoff", "TcoIoBeckhoff", "{90D7BFF7-1E3C-48E0-A32A-9A35FDA06088}"
EndProject
Project("{2150E333-8FDC-42A3-9474-1A3956D46DE8}") = "src", "src", "{57080225-0018-42DF-BC6A-6931D9B4F589}"
EndProject
Project("{2150E333-8FDC-42A3-9474-1A3956D46DE8}") = "tests", "tests", "{33B89E05-0F1B-447C-BBA3-E97EE2FC5446}"
EndProject
Project("{2150E333-8FDC-42A3-9474-1A3956D46DE8}") = "TcoCore", "TcoCore", "{5D39C2C0-B436-4864-93E6-0F335C0A5F51}"
EndProject
Project("{2150E333-8FDC-42A3-9474-1A3956D46DE8}") = "src", "src", "{01D85C75-460D-49B2-AD64-FC5F5AF0A9A6}"
EndProject
Project("{2150E333-8FDC-42A3-9474-1A3956D46DE8}") = "tests", "tests", "{269172C0-2C17-490A-83F3-039F1C6E2323}"
EndProject
Project("{9A19103F-16F7-4668-BE54-9A1E7A4F7556}") = "TcoCore.Wpf", "src\TcoCore\src\TcoCore.Wpf\TcoCore.Wpf.csproj", "{D990DE99-77B3-467E-BF15-D29679EE95C4}"
EndProject
Project("{9A19103F-16F7-4668-BE54-9A1E7A4F7556}") = "TcoCoreConnector", "src\TcoCore\src\TcoCoreConnector\TcoCoreConnector.csproj", "{83711BD4-6351-49EA-B593-19071E9D00D6}"
EndProject
Project("{B1E792BE-AA5F-4E3C-8C82-674BF9C0715B}") = "XaeTcoCore", "src\TcoCore\src\XaeTcoCore\XaeTcoCore.tsproj", "{39D84538-69DF-46F4-9E2F-272A81B72C66}"
EndProject
Project("{9A19103F-16F7-4668-BE54-9A1E7A4F7556}") = "TcoCore.Sandbox.Wpf", "src\TcoCore\tests\TcoCore.Sandbox.Wpf\TcoCore.Sandbox.Wpf.csproj", "{2D36B77A-7C75-4E30-BF27-A57C7D98208B}"
EndProject
Project("{9A19103F-16F7-4668-BE54-9A1E7A4F7556}") = "TcoCoreTestsConnector", "src\TcoCore\tests\TcoCoreTestsConnector\TcoCoreTestsConnector.csproj", "{B573B045-4A4E-4EAB-BAC4-D2DDC0FCF9BE}"
EndProject
Project("{9A19103F-16F7-4668-BE54-9A1E7A4F7556}") = "TcoCoreUnitTests", "src\TcoCore\tests\TcoCoreUnitTests\TcoCoreUnitTests.csproj", "{B73E13D6-80CA-481C-9A44-7FCB10ADC841}"
EndProject
Project("{9A19103F-16F7-4668-BE54-9A1E7A4F7556}") = "TcoTestRunners", "src\TcoCore\tests\TcoTestRunners\TcoTestRunners.csproj", "{1A918A84-92CA-4E50-A9A6-14A6AB25AA0A}"
EndProject
Project("{9A19103F-16F7-4668-BE54-9A1E7A4F7556}") = "TcoIoBeckhoff.Wpf", "src\TcoIoBeckhoff\src\TcoIoBeckhoff.Wpf\TcoIoBeckhoff.Wpf.csproj", "{43512AAA-557A-4668-81D4-456DE2085C20}"
EndProject
Project("{9A19103F-16F7-4668-BE54-9A1E7A4F7556}") = "TcoIoBeckhoffConnector", "src\TcoIoBeckhoff\src\TcoIoBeckhoffConnector\TcoIoBeckhoffConnector.csproj", "{2E1E49AF-F9D7-42A2-88C3-10B16E39C702}"
EndProject
Project("{B1E792BE-AA5F-4E3C-8C82-674BF9C0715B}") = "XaeTcoIoBeckhoff", "src\TcoIoBeckhoff\src\XaeTcoIoBeckhoff\XaeTcoIoBeckhoff.tsproj", "{DBA4D0D5-593D-4D86-AF31-83D9F9C0E3DD}"
EndProject
Project("{9A19103F-16F7-4668-BE54-9A1E7A4F7556}") = "TcoPneumatics.Wpf", "src\TcoPneumatics\src\TcoPneumatics.Wpf\TcoPneumatics.Wpf.csproj", "{C63AC70E-76C0-4536-B57D-6A325CB64C21}"
EndProject
Project("{9A19103F-16F7-4668-BE54-9A1E7A4F7556}") = "TcoPneumaticsConnector", "src\TcoPneumatics\src\TcoPneumaticsConnector\TcoPneumaticsConnector.csproj", "{46A8EA3F-E9B9-4281-8073-657A5E46F5FC}"
EndProject
Project("{B1E792BE-AA5F-4E3C-8C82-674BF9C0715B}") = "XaeTcoPneumatics", "src\TcoPneumatics\src\XaeTcoPneumatics\XaeTcoPneumatics.tsproj", "{2E6C2CE4-12CE-4A6F-A95F-B4C5E04FE0E4}"
EndProject
Project("{9A19103F-16F7-4668-BE54-9A1E7A4F7556}") = "TcoPneumatics.Wpf.Sandbox", "src\TcoPneumatics\tests\Sandbox\PlcOpen.Wpf.Sandbox\TcoPneumatics.Wpf.Sandbox.csproj", "{92188AEB-3F2A-403A-A3D5-AC0B21DCDBFA}"
EndProject
Project("{9A19103F-16F7-4668-BE54-9A1E7A4F7556}") = "TcoPneumaticsTests_nUnit", "src\TcoPneumatics\tests\TcoPneumaticsTests_nUnit\TcoPneumaticsTests_nUnit.csproj", "{06AE5479-22D0-4BCF-9112-A431E59F0596}"
EndProject
Project("{9A19103F-16F7-4668-BE54-9A1E7A4F7556}") = "TcoPneumaticsTestsConnector", "src\TcoPneumatics\tests\TcoPneumaticsTestsConnector\TcoPneumaticsTestsConnector.csproj", "{045B7A24-E6BF-45AA-B00C-63A8726F4D65}"
EndProject
Project("{2150E333-8FDC-42A3-9474-1A3956D46DE8}") = "pipelines", "pipelines", "{EF70FF38-22B7-4BA3-B946-32522E7A0072}"
	ProjectSection(SolutionItems) = preProject
		pipelines\azure-pipelines.yaml = pipelines\azure-pipelines.yaml
		pipelines\build.ps1 = pipelines\build.ps1
	EndProjectSection
EndProject
Project("{2150E333-8FDC-42A3-9474-1A3956D46DE8}") = "Tc.Prober", "Tc.Prober", "{FB9E08DA-4550-4BAB-B694-2E7F041A8AF6}"
EndProject
Project("{2150E333-8FDC-42A3-9474-1A3956D46DE8}") = "src", "src", "{80DF2836-FD54-438B-8754-3584FE808383}"
EndProject
Project("{2150E333-8FDC-42A3-9474-1A3956D46DE8}") = "tests", "tests", "{AB86699C-3DF8-4E72-8092-F25405D28D64}"
EndProject
Project("{9A19103F-16F7-4668-BE54-9A1E7A4F7556}") = "Tc.Prober", "src\Tc.Prober\src\Tc.Prober\Tc.Prober.csproj", "{9BCC6DE2-B67E-4030-A626-A4DAF914FAA2}"
EndProject
Project("{9A19103F-16F7-4668-BE54-9A1E7A4F7556}") = "PlcTcProberTestsConnector", "src\Tc.Prober\tests\PlcTcProberTestsConnector\PlcTcProberTestsConnector.csproj", "{095E8D81-53D6-4E3F-8F82-F9D6255E7AD0}"
EndProject
Project("{9A19103F-16F7-4668-BE54-9A1E7A4F7556}") = "Tc.ProberTest", "src\Tc.Prober\tests\Tc.ProberTest\Tc.ProberTest.csproj", "{60477712-18D4-4EB9-AEFE-80BDB903D21A}"
EndProject
Project("{B1E792BE-AA5F-4E3C-8C82-674BF9C0715B}") = "TcProber", "src\Tc.Prober\tests\TcProber\TcProber.tsproj", "{B128B7A5-E6F5-4544-9508-5F0028058086}"
EndProject
Global
	GlobalSection(SolutionConfigurationPlatforms) = preSolution
		Debug|Any CPU = Debug|Any CPU
		Debug|TwinCAT CE7 (ARMV7) = Debug|TwinCAT CE7 (ARMV7)
		Debug|TwinCAT OS (ARMT2) = Debug|TwinCAT OS (ARMT2)
		Debug|TwinCAT RT (x64) = Debug|TwinCAT RT (x64)
		Debug|TwinCAT RT (x86) = Debug|TwinCAT RT (x86)
		Release|Any CPU = Release|Any CPU
		Release|TwinCAT CE7 (ARMV7) = Release|TwinCAT CE7 (ARMV7)
		Release|TwinCAT OS (ARMT2) = Release|TwinCAT OS (ARMT2)
		Release|TwinCAT RT (x64) = Release|TwinCAT RT (x64)
		Release|TwinCAT RT (x86) = Release|TwinCAT RT (x86)
		ReleaseDevelop|Any CPU = ReleaseDevelop|Any CPU
		ReleaseDevelop|TwinCAT CE7 (ARMV7) = ReleaseDevelop|TwinCAT CE7 (ARMV7)
		ReleaseDevelop|TwinCAT OS (ARMT2) = ReleaseDevelop|TwinCAT OS (ARMT2)
		ReleaseDevelop|TwinCAT RT (x64) = ReleaseDevelop|TwinCAT RT (x64)
		ReleaseDevelop|TwinCAT RT (x86) = ReleaseDevelop|TwinCAT RT (x86)
	EndGlobalSection
	GlobalSection(ProjectConfigurationPlatforms) = postSolution
		{D990DE99-77B3-467E-BF15-D29679EE95C4}.Debug|Any CPU.ActiveCfg = Debug|Any CPU
		{D990DE99-77B3-467E-BF15-D29679EE95C4}.Debug|Any CPU.Build.0 = Debug|Any CPU
		{D990DE99-77B3-467E-BF15-D29679EE95C4}.Debug|TwinCAT CE7 (ARMV7).ActiveCfg = Debug|Any CPU
		{D990DE99-77B3-467E-BF15-D29679EE95C4}.Debug|TwinCAT CE7 (ARMV7).Build.0 = Debug|Any CPU
		{D990DE99-77B3-467E-BF15-D29679EE95C4}.Debug|TwinCAT OS (ARMT2).ActiveCfg = Debug|Any CPU
		{D990DE99-77B3-467E-BF15-D29679EE95C4}.Debug|TwinCAT OS (ARMT2).Build.0 = Debug|Any CPU
		{D990DE99-77B3-467E-BF15-D29679EE95C4}.Debug|TwinCAT RT (x64).ActiveCfg = Debug|Any CPU
		{D990DE99-77B3-467E-BF15-D29679EE95C4}.Debug|TwinCAT RT (x64).Build.0 = Debug|Any CPU
		{D990DE99-77B3-467E-BF15-D29679EE95C4}.Debug|TwinCAT RT (x86).ActiveCfg = Debug|Any CPU
		{D990DE99-77B3-467E-BF15-D29679EE95C4}.Debug|TwinCAT RT (x86).Build.0 = Debug|Any CPU
		{D990DE99-77B3-467E-BF15-D29679EE95C4}.Release|Any CPU.ActiveCfg = Release|Any CPU
		{D990DE99-77B3-467E-BF15-D29679EE95C4}.Release|Any CPU.Build.0 = Release|Any CPU
		{D990DE99-77B3-467E-BF15-D29679EE95C4}.Release|TwinCAT CE7 (ARMV7).ActiveCfg = Release|Any CPU
		{D990DE99-77B3-467E-BF15-D29679EE95C4}.Release|TwinCAT CE7 (ARMV7).Build.0 = Release|Any CPU
		{D990DE99-77B3-467E-BF15-D29679EE95C4}.Release|TwinCAT OS (ARMT2).ActiveCfg = Release|Any CPU
		{D990DE99-77B3-467E-BF15-D29679EE95C4}.Release|TwinCAT OS (ARMT2).Build.0 = Release|Any CPU
		{D990DE99-77B3-467E-BF15-D29679EE95C4}.Release|TwinCAT RT (x64).ActiveCfg = Release|Any CPU
		{D990DE99-77B3-467E-BF15-D29679EE95C4}.Release|TwinCAT RT (x64).Build.0 = Release|Any CPU
		{D990DE99-77B3-467E-BF15-D29679EE95C4}.Release|TwinCAT RT (x86).ActiveCfg = Release|Any CPU
		{D990DE99-77B3-467E-BF15-D29679EE95C4}.Release|TwinCAT RT (x86).Build.0 = Release|Any CPU
		{D990DE99-77B3-467E-BF15-D29679EE95C4}.ReleaseDevelop|Any CPU.ActiveCfg = Release|Any CPU
		{D990DE99-77B3-467E-BF15-D29679EE95C4}.ReleaseDevelop|Any CPU.Build.0 = Release|Any CPU
		{D990DE99-77B3-467E-BF15-D29679EE95C4}.ReleaseDevelop|TwinCAT CE7 (ARMV7).ActiveCfg = Release|Any CPU
		{D990DE99-77B3-467E-BF15-D29679EE95C4}.ReleaseDevelop|TwinCAT CE7 (ARMV7).Build.0 = Release|Any CPU
		{D990DE99-77B3-467E-BF15-D29679EE95C4}.ReleaseDevelop|TwinCAT OS (ARMT2).ActiveCfg = Release|Any CPU
		{D990DE99-77B3-467E-BF15-D29679EE95C4}.ReleaseDevelop|TwinCAT OS (ARMT2).Build.0 = Release|Any CPU
		{D990DE99-77B3-467E-BF15-D29679EE95C4}.ReleaseDevelop|TwinCAT RT (x64).ActiveCfg = Release|Any CPU
		{D990DE99-77B3-467E-BF15-D29679EE95C4}.ReleaseDevelop|TwinCAT RT (x64).Build.0 = Release|Any CPU
		{D990DE99-77B3-467E-BF15-D29679EE95C4}.ReleaseDevelop|TwinCAT RT (x86).ActiveCfg = Release|Any CPU
		{D990DE99-77B3-467E-BF15-D29679EE95C4}.ReleaseDevelop|TwinCAT RT (x86).Build.0 = Release|Any CPU
		{83711BD4-6351-49EA-B593-19071E9D00D6}.Debug|Any CPU.ActiveCfg = Debug|Any CPU
		{83711BD4-6351-49EA-B593-19071E9D00D6}.Debug|Any CPU.Build.0 = Debug|Any CPU
		{83711BD4-6351-49EA-B593-19071E9D00D6}.Debug|TwinCAT CE7 (ARMV7).ActiveCfg = Debug|Any CPU
		{83711BD4-6351-49EA-B593-19071E9D00D6}.Debug|TwinCAT CE7 (ARMV7).Build.0 = Debug|Any CPU
		{83711BD4-6351-49EA-B593-19071E9D00D6}.Debug|TwinCAT OS (ARMT2).ActiveCfg = Debug|Any CPU
		{83711BD4-6351-49EA-B593-19071E9D00D6}.Debug|TwinCAT OS (ARMT2).Build.0 = Debug|Any CPU
		{83711BD4-6351-49EA-B593-19071E9D00D6}.Debug|TwinCAT RT (x64).ActiveCfg = Debug|Any CPU
		{83711BD4-6351-49EA-B593-19071E9D00D6}.Debug|TwinCAT RT (x64).Build.0 = Debug|Any CPU
		{83711BD4-6351-49EA-B593-19071E9D00D6}.Debug|TwinCAT RT (x86).ActiveCfg = Debug|Any CPU
		{83711BD4-6351-49EA-B593-19071E9D00D6}.Debug|TwinCAT RT (x86).Build.0 = Debug|Any CPU
		{83711BD4-6351-49EA-B593-19071E9D00D6}.Release|Any CPU.ActiveCfg = Release|Any CPU
		{83711BD4-6351-49EA-B593-19071E9D00D6}.Release|Any CPU.Build.0 = Release|Any CPU
		{83711BD4-6351-49EA-B593-19071E9D00D6}.Release|TwinCAT CE7 (ARMV7).ActiveCfg = Release|Any CPU
		{83711BD4-6351-49EA-B593-19071E9D00D6}.Release|TwinCAT CE7 (ARMV7).Build.0 = Release|Any CPU
		{83711BD4-6351-49EA-B593-19071E9D00D6}.Release|TwinCAT OS (ARMT2).ActiveCfg = Release|Any CPU
		{83711BD4-6351-49EA-B593-19071E9D00D6}.Release|TwinCAT OS (ARMT2).Build.0 = Release|Any CPU
		{83711BD4-6351-49EA-B593-19071E9D00D6}.Release|TwinCAT RT (x64).ActiveCfg = Release|Any CPU
		{83711BD4-6351-49EA-B593-19071E9D00D6}.Release|TwinCAT RT (x64).Build.0 = Release|Any CPU
		{83711BD4-6351-49EA-B593-19071E9D00D6}.Release|TwinCAT RT (x86).ActiveCfg = Release|Any CPU
		{83711BD4-6351-49EA-B593-19071E9D00D6}.Release|TwinCAT RT (x86).Build.0 = Release|Any CPU
		{83711BD4-6351-49EA-B593-19071E9D00D6}.ReleaseDevelop|Any CPU.ActiveCfg = Release|Any CPU
		{83711BD4-6351-49EA-B593-19071E9D00D6}.ReleaseDevelop|Any CPU.Build.0 = Release|Any CPU
		{83711BD4-6351-49EA-B593-19071E9D00D6}.ReleaseDevelop|TwinCAT CE7 (ARMV7).ActiveCfg = Release|Any CPU
		{83711BD4-6351-49EA-B593-19071E9D00D6}.ReleaseDevelop|TwinCAT CE7 (ARMV7).Build.0 = Release|Any CPU
		{83711BD4-6351-49EA-B593-19071E9D00D6}.ReleaseDevelop|TwinCAT OS (ARMT2).ActiveCfg = Release|Any CPU
		{83711BD4-6351-49EA-B593-19071E9D00D6}.ReleaseDevelop|TwinCAT OS (ARMT2).Build.0 = Release|Any CPU
		{83711BD4-6351-49EA-B593-19071E9D00D6}.ReleaseDevelop|TwinCAT RT (x64).ActiveCfg = Release|Any CPU
		{83711BD4-6351-49EA-B593-19071E9D00D6}.ReleaseDevelop|TwinCAT RT (x64).Build.0 = Release|Any CPU
		{83711BD4-6351-49EA-B593-19071E9D00D6}.ReleaseDevelop|TwinCAT RT (x86).ActiveCfg = Release|Any CPU
		{83711BD4-6351-49EA-B593-19071E9D00D6}.ReleaseDevelop|TwinCAT RT (x86).Build.0 = Release|Any CPU
		{39D84538-69DF-46F4-9E2F-272A81B72C66}.Debug|Any CPU.ActiveCfg = Debug|TwinCAT RT (x86)
		{39D84538-69DF-46F4-9E2F-272A81B72C66}.Debug|TwinCAT CE7 (ARMV7).ActiveCfg = Debug|TwinCAT CE7 (ARMV7)
		{39D84538-69DF-46F4-9E2F-272A81B72C66}.Debug|TwinCAT CE7 (ARMV7).Build.0 = Debug|TwinCAT CE7 (ARMV7)
		{39D84538-69DF-46F4-9E2F-272A81B72C66}.Debug|TwinCAT OS (ARMT2).ActiveCfg = Debug|TwinCAT OS (ARMT2)
		{39D84538-69DF-46F4-9E2F-272A81B72C66}.Debug|TwinCAT OS (ARMT2).Build.0 = Debug|TwinCAT OS (ARMT2)
		{39D84538-69DF-46F4-9E2F-272A81B72C66}.Debug|TwinCAT RT (x64).ActiveCfg = Debug|TwinCAT RT (x64)
		{39D84538-69DF-46F4-9E2F-272A81B72C66}.Debug|TwinCAT RT (x64).Build.0 = Debug|TwinCAT RT (x64)
		{39D84538-69DF-46F4-9E2F-272A81B72C66}.Debug|TwinCAT RT (x86).ActiveCfg = Debug|TwinCAT RT (x86)
		{39D84538-69DF-46F4-9E2F-272A81B72C66}.Debug|TwinCAT RT (x86).Build.0 = Debug|TwinCAT RT (x86)
		{39D84538-69DF-46F4-9E2F-272A81B72C66}.Release|Any CPU.ActiveCfg = Release|TwinCAT RT (x86)
		{39D84538-69DF-46F4-9E2F-272A81B72C66}.Release|TwinCAT CE7 (ARMV7).ActiveCfg = Release|TwinCAT CE7 (ARMV7)
		{39D84538-69DF-46F4-9E2F-272A81B72C66}.Release|TwinCAT CE7 (ARMV7).Build.0 = Release|TwinCAT CE7 (ARMV7)
		{39D84538-69DF-46F4-9E2F-272A81B72C66}.Release|TwinCAT OS (ARMT2).ActiveCfg = Release|TwinCAT OS (ARMT2)
		{39D84538-69DF-46F4-9E2F-272A81B72C66}.Release|TwinCAT OS (ARMT2).Build.0 = Release|TwinCAT OS (ARMT2)
		{39D84538-69DF-46F4-9E2F-272A81B72C66}.Release|TwinCAT RT (x64).ActiveCfg = Release|TwinCAT RT (x64)
		{39D84538-69DF-46F4-9E2F-272A81B72C66}.Release|TwinCAT RT (x64).Build.0 = Release|TwinCAT RT (x64)
		{39D84538-69DF-46F4-9E2F-272A81B72C66}.Release|TwinCAT RT (x86).ActiveCfg = Release|TwinCAT RT (x86)
		{39D84538-69DF-46F4-9E2F-272A81B72C66}.Release|TwinCAT RT (x86).Build.0 = Release|TwinCAT RT (x86)
		{39D84538-69DF-46F4-9E2F-272A81B72C66}.ReleaseDevelop|Any CPU.ActiveCfg = Release|TwinCAT RT (x86)
		{39D84538-69DF-46F4-9E2F-272A81B72C66}.ReleaseDevelop|Any CPU.Build.0 = Release|TwinCAT RT (x86)
		{39D84538-69DF-46F4-9E2F-272A81B72C66}.ReleaseDevelop|TwinCAT CE7 (ARMV7).ActiveCfg = Release|TwinCAT CE7 (ARMV7)
		{39D84538-69DF-46F4-9E2F-272A81B72C66}.ReleaseDevelop|TwinCAT CE7 (ARMV7).Build.0 = Release|TwinCAT CE7 (ARMV7)
		{39D84538-69DF-46F4-9E2F-272A81B72C66}.ReleaseDevelop|TwinCAT OS (ARMT2).ActiveCfg = Release|TwinCAT OS (ARMT2)
		{39D84538-69DF-46F4-9E2F-272A81B72C66}.ReleaseDevelop|TwinCAT OS (ARMT2).Build.0 = Release|TwinCAT OS (ARMT2)
		{39D84538-69DF-46F4-9E2F-272A81B72C66}.ReleaseDevelop|TwinCAT RT (x64).ActiveCfg = Release|TwinCAT RT (x64)
		{39D84538-69DF-46F4-9E2F-272A81B72C66}.ReleaseDevelop|TwinCAT RT (x64).Build.0 = Release|TwinCAT RT (x64)
		{39D84538-69DF-46F4-9E2F-272A81B72C66}.ReleaseDevelop|TwinCAT RT (x86).ActiveCfg = Release|TwinCAT RT (x86)
		{39D84538-69DF-46F4-9E2F-272A81B72C66}.ReleaseDevelop|TwinCAT RT (x86).Build.0 = Release|TwinCAT RT (x86)
		{2D36B77A-7C75-4E30-BF27-A57C7D98208B}.Debug|Any CPU.ActiveCfg = Debug|Any CPU
		{2D36B77A-7C75-4E30-BF27-A57C7D98208B}.Debug|Any CPU.Build.0 = Debug|Any CPU
		{2D36B77A-7C75-4E30-BF27-A57C7D98208B}.Debug|TwinCAT CE7 (ARMV7).ActiveCfg = Debug|Any CPU
		{2D36B77A-7C75-4E30-BF27-A57C7D98208B}.Debug|TwinCAT CE7 (ARMV7).Build.0 = Debug|Any CPU
		{2D36B77A-7C75-4E30-BF27-A57C7D98208B}.Debug|TwinCAT OS (ARMT2).ActiveCfg = Debug|Any CPU
		{2D36B77A-7C75-4E30-BF27-A57C7D98208B}.Debug|TwinCAT OS (ARMT2).Build.0 = Debug|Any CPU
		{2D36B77A-7C75-4E30-BF27-A57C7D98208B}.Debug|TwinCAT RT (x64).ActiveCfg = Debug|Any CPU
		{2D36B77A-7C75-4E30-BF27-A57C7D98208B}.Debug|TwinCAT RT (x64).Build.0 = Debug|Any CPU
		{2D36B77A-7C75-4E30-BF27-A57C7D98208B}.Debug|TwinCAT RT (x86).ActiveCfg = Debug|Any CPU
		{2D36B77A-7C75-4E30-BF27-A57C7D98208B}.Debug|TwinCAT RT (x86).Build.0 = Debug|Any CPU
		{2D36B77A-7C75-4E30-BF27-A57C7D98208B}.Release|Any CPU.ActiveCfg = Release|Any CPU
		{2D36B77A-7C75-4E30-BF27-A57C7D98208B}.Release|Any CPU.Build.0 = Release|Any CPU
		{2D36B77A-7C75-4E30-BF27-A57C7D98208B}.Release|TwinCAT CE7 (ARMV7).ActiveCfg = Release|Any CPU
		{2D36B77A-7C75-4E30-BF27-A57C7D98208B}.Release|TwinCAT CE7 (ARMV7).Build.0 = Release|Any CPU
		{2D36B77A-7C75-4E30-BF27-A57C7D98208B}.Release|TwinCAT OS (ARMT2).ActiveCfg = Release|Any CPU
		{2D36B77A-7C75-4E30-BF27-A57C7D98208B}.Release|TwinCAT OS (ARMT2).Build.0 = Release|Any CPU
		{2D36B77A-7C75-4E30-BF27-A57C7D98208B}.Release|TwinCAT RT (x64).ActiveCfg = Release|Any CPU
		{2D36B77A-7C75-4E30-BF27-A57C7D98208B}.Release|TwinCAT RT (x64).Build.0 = Release|Any CPU
		{2D36B77A-7C75-4E30-BF27-A57C7D98208B}.Release|TwinCAT RT (x86).ActiveCfg = Release|Any CPU
		{2D36B77A-7C75-4E30-BF27-A57C7D98208B}.Release|TwinCAT RT (x86).Build.0 = Release|Any CPU
		{2D36B77A-7C75-4E30-BF27-A57C7D98208B}.ReleaseDevelop|Any CPU.ActiveCfg = Release|Any CPU
		{2D36B77A-7C75-4E30-BF27-A57C7D98208B}.ReleaseDevelop|Any CPU.Build.0 = Release|Any CPU
		{2D36B77A-7C75-4E30-BF27-A57C7D98208B}.ReleaseDevelop|TwinCAT CE7 (ARMV7).ActiveCfg = Release|Any CPU
		{2D36B77A-7C75-4E30-BF27-A57C7D98208B}.ReleaseDevelop|TwinCAT CE7 (ARMV7).Build.0 = Release|Any CPU
		{2D36B77A-7C75-4E30-BF27-A57C7D98208B}.ReleaseDevelop|TwinCAT OS (ARMT2).ActiveCfg = Release|Any CPU
		{2D36B77A-7C75-4E30-BF27-A57C7D98208B}.ReleaseDevelop|TwinCAT OS (ARMT2).Build.0 = Release|Any CPU
		{2D36B77A-7C75-4E30-BF27-A57C7D98208B}.ReleaseDevelop|TwinCAT RT (x64).ActiveCfg = Release|Any CPU
		{2D36B77A-7C75-4E30-BF27-A57C7D98208B}.ReleaseDevelop|TwinCAT RT (x64).Build.0 = Release|Any CPU
		{2D36B77A-7C75-4E30-BF27-A57C7D98208B}.ReleaseDevelop|TwinCAT RT (x86).ActiveCfg = Release|Any CPU
		{2D36B77A-7C75-4E30-BF27-A57C7D98208B}.ReleaseDevelop|TwinCAT RT (x86).Build.0 = Release|Any CPU
		{B573B045-4A4E-4EAB-BAC4-D2DDC0FCF9BE}.Debug|Any CPU.ActiveCfg = Debug|Any CPU
		{B573B045-4A4E-4EAB-BAC4-D2DDC0FCF9BE}.Debug|Any CPU.Build.0 = Debug|Any CPU
		{B573B045-4A4E-4EAB-BAC4-D2DDC0FCF9BE}.Debug|TwinCAT CE7 (ARMV7).ActiveCfg = Debug|Any CPU
		{B573B045-4A4E-4EAB-BAC4-D2DDC0FCF9BE}.Debug|TwinCAT CE7 (ARMV7).Build.0 = Debug|Any CPU
		{B573B045-4A4E-4EAB-BAC4-D2DDC0FCF9BE}.Debug|TwinCAT OS (ARMT2).ActiveCfg = Debug|Any CPU
		{B573B045-4A4E-4EAB-BAC4-D2DDC0FCF9BE}.Debug|TwinCAT OS (ARMT2).Build.0 = Debug|Any CPU
		{B573B045-4A4E-4EAB-BAC4-D2DDC0FCF9BE}.Debug|TwinCAT RT (x64).ActiveCfg = Debug|Any CPU
		{B573B045-4A4E-4EAB-BAC4-D2DDC0FCF9BE}.Debug|TwinCAT RT (x64).Build.0 = Debug|Any CPU
		{B573B045-4A4E-4EAB-BAC4-D2DDC0FCF9BE}.Debug|TwinCAT RT (x86).ActiveCfg = Debug|Any CPU
		{B573B045-4A4E-4EAB-BAC4-D2DDC0FCF9BE}.Debug|TwinCAT RT (x86).Build.0 = Debug|Any CPU
		{B573B045-4A4E-4EAB-BAC4-D2DDC0FCF9BE}.Release|Any CPU.ActiveCfg = Release|Any CPU
		{B573B045-4A4E-4EAB-BAC4-D2DDC0FCF9BE}.Release|Any CPU.Build.0 = Release|Any CPU
		{B573B045-4A4E-4EAB-BAC4-D2DDC0FCF9BE}.Release|TwinCAT CE7 (ARMV7).ActiveCfg = Release|Any CPU
		{B573B045-4A4E-4EAB-BAC4-D2DDC0FCF9BE}.Release|TwinCAT CE7 (ARMV7).Build.0 = Release|Any CPU
		{B573B045-4A4E-4EAB-BAC4-D2DDC0FCF9BE}.Release|TwinCAT OS (ARMT2).ActiveCfg = Release|Any CPU
		{B573B045-4A4E-4EAB-BAC4-D2DDC0FCF9BE}.Release|TwinCAT OS (ARMT2).Build.0 = Release|Any CPU
		{B573B045-4A4E-4EAB-BAC4-D2DDC0FCF9BE}.Release|TwinCAT RT (x64).ActiveCfg = Release|Any CPU
		{B573B045-4A4E-4EAB-BAC4-D2DDC0FCF9BE}.Release|TwinCAT RT (x64).Build.0 = Release|Any CPU
		{B573B045-4A4E-4EAB-BAC4-D2DDC0FCF9BE}.Release|TwinCAT RT (x86).ActiveCfg = Release|Any CPU
		{B573B045-4A4E-4EAB-BAC4-D2DDC0FCF9BE}.Release|TwinCAT RT (x86).Build.0 = Release|Any CPU
		{B573B045-4A4E-4EAB-BAC4-D2DDC0FCF9BE}.ReleaseDevelop|Any CPU.ActiveCfg = Release|Any CPU
		{B573B045-4A4E-4EAB-BAC4-D2DDC0FCF9BE}.ReleaseDevelop|Any CPU.Build.0 = Release|Any CPU
		{B573B045-4A4E-4EAB-BAC4-D2DDC0FCF9BE}.ReleaseDevelop|TwinCAT CE7 (ARMV7).ActiveCfg = Release|Any CPU
		{B573B045-4A4E-4EAB-BAC4-D2DDC0FCF9BE}.ReleaseDevelop|TwinCAT CE7 (ARMV7).Build.0 = Release|Any CPU
		{B573B045-4A4E-4EAB-BAC4-D2DDC0FCF9BE}.ReleaseDevelop|TwinCAT OS (ARMT2).ActiveCfg = Release|Any CPU
		{B573B045-4A4E-4EAB-BAC4-D2DDC0FCF9BE}.ReleaseDevelop|TwinCAT OS (ARMT2).Build.0 = Release|Any CPU
		{B573B045-4A4E-4EAB-BAC4-D2DDC0FCF9BE}.ReleaseDevelop|TwinCAT RT (x64).ActiveCfg = Release|Any CPU
		{B573B045-4A4E-4EAB-BAC4-D2DDC0FCF9BE}.ReleaseDevelop|TwinCAT RT (x64).Build.0 = Release|Any CPU
		{B573B045-4A4E-4EAB-BAC4-D2DDC0FCF9BE}.ReleaseDevelop|TwinCAT RT (x86).ActiveCfg = Release|Any CPU
		{B573B045-4A4E-4EAB-BAC4-D2DDC0FCF9BE}.ReleaseDevelop|TwinCAT RT (x86).Build.0 = Release|Any CPU
		{B73E13D6-80CA-481C-9A44-7FCB10ADC841}.Debug|Any CPU.ActiveCfg = Debug|Any CPU
		{B73E13D6-80CA-481C-9A44-7FCB10ADC841}.Debug|Any CPU.Build.0 = Debug|Any CPU
		{B73E13D6-80CA-481C-9A44-7FCB10ADC841}.Debug|TwinCAT CE7 (ARMV7).ActiveCfg = Debug|Any CPU
		{B73E13D6-80CA-481C-9A44-7FCB10ADC841}.Debug|TwinCAT CE7 (ARMV7).Build.0 = Debug|Any CPU
		{B73E13D6-80CA-481C-9A44-7FCB10ADC841}.Debug|TwinCAT OS (ARMT2).ActiveCfg = Debug|Any CPU
		{B73E13D6-80CA-481C-9A44-7FCB10ADC841}.Debug|TwinCAT OS (ARMT2).Build.0 = Debug|Any CPU
		{B73E13D6-80CA-481C-9A44-7FCB10ADC841}.Debug|TwinCAT RT (x64).ActiveCfg = Debug|Any CPU
		{B73E13D6-80CA-481C-9A44-7FCB10ADC841}.Debug|TwinCAT RT (x64).Build.0 = Debug|Any CPU
		{B73E13D6-80CA-481C-9A44-7FCB10ADC841}.Debug|TwinCAT RT (x86).ActiveCfg = Debug|Any CPU
		{B73E13D6-80CA-481C-9A44-7FCB10ADC841}.Debug|TwinCAT RT (x86).Build.0 = Debug|Any CPU
		{B73E13D6-80CA-481C-9A44-7FCB10ADC841}.Release|Any CPU.ActiveCfg = Release|Any CPU
		{B73E13D6-80CA-481C-9A44-7FCB10ADC841}.Release|Any CPU.Build.0 = Release|Any CPU
		{B73E13D6-80CA-481C-9A44-7FCB10ADC841}.Release|TwinCAT CE7 (ARMV7).ActiveCfg = Release|Any CPU
		{B73E13D6-80CA-481C-9A44-7FCB10ADC841}.Release|TwinCAT CE7 (ARMV7).Build.0 = Release|Any CPU
		{B73E13D6-80CA-481C-9A44-7FCB10ADC841}.Release|TwinCAT OS (ARMT2).ActiveCfg = Release|Any CPU
		{B73E13D6-80CA-481C-9A44-7FCB10ADC841}.Release|TwinCAT OS (ARMT2).Build.0 = Release|Any CPU
		{B73E13D6-80CA-481C-9A44-7FCB10ADC841}.Release|TwinCAT RT (x64).ActiveCfg = Release|Any CPU
		{B73E13D6-80CA-481C-9A44-7FCB10ADC841}.Release|TwinCAT RT (x64).Build.0 = Release|Any CPU
		{B73E13D6-80CA-481C-9A44-7FCB10ADC841}.Release|TwinCAT RT (x86).ActiveCfg = Release|Any CPU
		{B73E13D6-80CA-481C-9A44-7FCB10ADC841}.Release|TwinCAT RT (x86).Build.0 = Release|Any CPU
		{B73E13D6-80CA-481C-9A44-7FCB10ADC841}.ReleaseDevelop|Any CPU.ActiveCfg = Release|Any CPU
		{B73E13D6-80CA-481C-9A44-7FCB10ADC841}.ReleaseDevelop|Any CPU.Build.0 = Release|Any CPU
		{B73E13D6-80CA-481C-9A44-7FCB10ADC841}.ReleaseDevelop|TwinCAT CE7 (ARMV7).ActiveCfg = Release|Any CPU
		{B73E13D6-80CA-481C-9A44-7FCB10ADC841}.ReleaseDevelop|TwinCAT CE7 (ARMV7).Build.0 = Release|Any CPU
		{B73E13D6-80CA-481C-9A44-7FCB10ADC841}.ReleaseDevelop|TwinCAT OS (ARMT2).ActiveCfg = Release|Any CPU
		{B73E13D6-80CA-481C-9A44-7FCB10ADC841}.ReleaseDevelop|TwinCAT OS (ARMT2).Build.0 = Release|Any CPU
		{B73E13D6-80CA-481C-9A44-7FCB10ADC841}.ReleaseDevelop|TwinCAT RT (x64).ActiveCfg = Release|Any CPU
		{B73E13D6-80CA-481C-9A44-7FCB10ADC841}.ReleaseDevelop|TwinCAT RT (x64).Build.0 = Release|Any CPU
		{B73E13D6-80CA-481C-9A44-7FCB10ADC841}.ReleaseDevelop|TwinCAT RT (x86).ActiveCfg = Release|Any CPU
		{B73E13D6-80CA-481C-9A44-7FCB10ADC841}.ReleaseDevelop|TwinCAT RT (x86).Build.0 = Release|Any CPU
		{1A918A84-92CA-4E50-A9A6-14A6AB25AA0A}.Debug|Any CPU.ActiveCfg = Debug|Any CPU
		{1A918A84-92CA-4E50-A9A6-14A6AB25AA0A}.Debug|Any CPU.Build.0 = Debug|Any CPU
		{1A918A84-92CA-4E50-A9A6-14A6AB25AA0A}.Debug|TwinCAT CE7 (ARMV7).ActiveCfg = Debug|Any CPU
		{1A918A84-92CA-4E50-A9A6-14A6AB25AA0A}.Debug|TwinCAT CE7 (ARMV7).Build.0 = Debug|Any CPU
		{1A918A84-92CA-4E50-A9A6-14A6AB25AA0A}.Debug|TwinCAT OS (ARMT2).ActiveCfg = Debug|Any CPU
		{1A918A84-92CA-4E50-A9A6-14A6AB25AA0A}.Debug|TwinCAT OS (ARMT2).Build.0 = Debug|Any CPU
		{1A918A84-92CA-4E50-A9A6-14A6AB25AA0A}.Debug|TwinCAT RT (x64).ActiveCfg = Debug|Any CPU
		{1A918A84-92CA-4E50-A9A6-14A6AB25AA0A}.Debug|TwinCAT RT (x64).Build.0 = Debug|Any CPU
		{1A918A84-92CA-4E50-A9A6-14A6AB25AA0A}.Debug|TwinCAT RT (x86).ActiveCfg = Debug|Any CPU
		{1A918A84-92CA-4E50-A9A6-14A6AB25AA0A}.Debug|TwinCAT RT (x86).Build.0 = Debug|Any CPU
		{1A918A84-92CA-4E50-A9A6-14A6AB25AA0A}.Release|Any CPU.ActiveCfg = Release|Any CPU
		{1A918A84-92CA-4E50-A9A6-14A6AB25AA0A}.Release|Any CPU.Build.0 = Release|Any CPU
		{1A918A84-92CA-4E50-A9A6-14A6AB25AA0A}.Release|TwinCAT CE7 (ARMV7).ActiveCfg = Release|Any CPU
		{1A918A84-92CA-4E50-A9A6-14A6AB25AA0A}.Release|TwinCAT CE7 (ARMV7).Build.0 = Release|Any CPU
		{1A918A84-92CA-4E50-A9A6-14A6AB25AA0A}.Release|TwinCAT OS (ARMT2).ActiveCfg = Release|Any CPU
		{1A918A84-92CA-4E50-A9A6-14A6AB25AA0A}.Release|TwinCAT OS (ARMT2).Build.0 = Release|Any CPU
		{1A918A84-92CA-4E50-A9A6-14A6AB25AA0A}.Release|TwinCAT RT (x64).ActiveCfg = Release|Any CPU
		{1A918A84-92CA-4E50-A9A6-14A6AB25AA0A}.Release|TwinCAT RT (x64).Build.0 = Release|Any CPU
		{1A918A84-92CA-4E50-A9A6-14A6AB25AA0A}.Release|TwinCAT RT (x86).ActiveCfg = Release|Any CPU
		{1A918A84-92CA-4E50-A9A6-14A6AB25AA0A}.Release|TwinCAT RT (x86).Build.0 = Release|Any CPU
		{1A918A84-92CA-4E50-A9A6-14A6AB25AA0A}.ReleaseDevelop|Any CPU.ActiveCfg = Release|Any CPU
		{1A918A84-92CA-4E50-A9A6-14A6AB25AA0A}.ReleaseDevelop|Any CPU.Build.0 = Release|Any CPU
		{1A918A84-92CA-4E50-A9A6-14A6AB25AA0A}.ReleaseDevelop|TwinCAT CE7 (ARMV7).ActiveCfg = Release|Any CPU
		{1A918A84-92CA-4E50-A9A6-14A6AB25AA0A}.ReleaseDevelop|TwinCAT CE7 (ARMV7).Build.0 = Release|Any CPU
		{1A918A84-92CA-4E50-A9A6-14A6AB25AA0A}.ReleaseDevelop|TwinCAT OS (ARMT2).ActiveCfg = Release|Any CPU
		{1A918A84-92CA-4E50-A9A6-14A6AB25AA0A}.ReleaseDevelop|TwinCAT OS (ARMT2).Build.0 = Release|Any CPU
		{1A918A84-92CA-4E50-A9A6-14A6AB25AA0A}.ReleaseDevelop|TwinCAT RT (x64).ActiveCfg = Release|Any CPU
		{1A918A84-92CA-4E50-A9A6-14A6AB25AA0A}.ReleaseDevelop|TwinCAT RT (x64).Build.0 = Release|Any CPU
		{1A918A84-92CA-4E50-A9A6-14A6AB25AA0A}.ReleaseDevelop|TwinCAT RT (x86).ActiveCfg = Release|Any CPU
		{1A918A84-92CA-4E50-A9A6-14A6AB25AA0A}.ReleaseDevelop|TwinCAT RT (x86).Build.0 = Release|Any CPU
		{43512AAA-557A-4668-81D4-456DE2085C20}.Debug|Any CPU.ActiveCfg = Debug|Any CPU
		{43512AAA-557A-4668-81D4-456DE2085C20}.Debug|Any CPU.Build.0 = Debug|Any CPU
		{43512AAA-557A-4668-81D4-456DE2085C20}.Debug|TwinCAT CE7 (ARMV7).ActiveCfg = Debug|Any CPU
		{43512AAA-557A-4668-81D4-456DE2085C20}.Debug|TwinCAT CE7 (ARMV7).Build.0 = Debug|Any CPU
		{43512AAA-557A-4668-81D4-456DE2085C20}.Debug|TwinCAT OS (ARMT2).ActiveCfg = Debug|Any CPU
		{43512AAA-557A-4668-81D4-456DE2085C20}.Debug|TwinCAT OS (ARMT2).Build.0 = Debug|Any CPU
		{43512AAA-557A-4668-81D4-456DE2085C20}.Debug|TwinCAT RT (x64).ActiveCfg = Debug|Any CPU
		{43512AAA-557A-4668-81D4-456DE2085C20}.Debug|TwinCAT RT (x64).Build.0 = Debug|Any CPU
		{43512AAA-557A-4668-81D4-456DE2085C20}.Debug|TwinCAT RT (x86).ActiveCfg = Debug|Any CPU
		{43512AAA-557A-4668-81D4-456DE2085C20}.Debug|TwinCAT RT (x86).Build.0 = Debug|Any CPU
		{43512AAA-557A-4668-81D4-456DE2085C20}.Release|Any CPU.ActiveCfg = Release|Any CPU
		{43512AAA-557A-4668-81D4-456DE2085C20}.Release|Any CPU.Build.0 = Release|Any CPU
		{43512AAA-557A-4668-81D4-456DE2085C20}.Release|TwinCAT CE7 (ARMV7).ActiveCfg = Release|Any CPU
		{43512AAA-557A-4668-81D4-456DE2085C20}.Release|TwinCAT CE7 (ARMV7).Build.0 = Release|Any CPU
		{43512AAA-557A-4668-81D4-456DE2085C20}.Release|TwinCAT OS (ARMT2).ActiveCfg = Release|Any CPU
		{43512AAA-557A-4668-81D4-456DE2085C20}.Release|TwinCAT OS (ARMT2).Build.0 = Release|Any CPU
		{43512AAA-557A-4668-81D4-456DE2085C20}.Release|TwinCAT RT (x64).ActiveCfg = Release|Any CPU
		{43512AAA-557A-4668-81D4-456DE2085C20}.Release|TwinCAT RT (x64).Build.0 = Release|Any CPU
		{43512AAA-557A-4668-81D4-456DE2085C20}.Release|TwinCAT RT (x86).ActiveCfg = Release|Any CPU
		{43512AAA-557A-4668-81D4-456DE2085C20}.Release|TwinCAT RT (x86).Build.0 = Release|Any CPU
		{43512AAA-557A-4668-81D4-456DE2085C20}.ReleaseDevelop|Any CPU.ActiveCfg = Release|Any CPU
		{43512AAA-557A-4668-81D4-456DE2085C20}.ReleaseDevelop|Any CPU.Build.0 = Release|Any CPU
		{43512AAA-557A-4668-81D4-456DE2085C20}.ReleaseDevelop|TwinCAT CE7 (ARMV7).ActiveCfg = Release|Any CPU
		{43512AAA-557A-4668-81D4-456DE2085C20}.ReleaseDevelop|TwinCAT CE7 (ARMV7).Build.0 = Release|Any CPU
		{43512AAA-557A-4668-81D4-456DE2085C20}.ReleaseDevelop|TwinCAT OS (ARMT2).ActiveCfg = Release|Any CPU
		{43512AAA-557A-4668-81D4-456DE2085C20}.ReleaseDevelop|TwinCAT OS (ARMT2).Build.0 = Release|Any CPU
		{43512AAA-557A-4668-81D4-456DE2085C20}.ReleaseDevelop|TwinCAT RT (x64).ActiveCfg = Release|Any CPU
		{43512AAA-557A-4668-81D4-456DE2085C20}.ReleaseDevelop|TwinCAT RT (x64).Build.0 = Release|Any CPU
		{43512AAA-557A-4668-81D4-456DE2085C20}.ReleaseDevelop|TwinCAT RT (x86).ActiveCfg = Release|Any CPU
		{43512AAA-557A-4668-81D4-456DE2085C20}.ReleaseDevelop|TwinCAT RT (x86).Build.0 = Release|Any CPU
		{2E1E49AF-F9D7-42A2-88C3-10B16E39C702}.Debug|Any CPU.ActiveCfg = Debug|Any CPU
		{2E1E49AF-F9D7-42A2-88C3-10B16E39C702}.Debug|Any CPU.Build.0 = Debug|Any CPU
		{2E1E49AF-F9D7-42A2-88C3-10B16E39C702}.Debug|TwinCAT CE7 (ARMV7).ActiveCfg = Debug|Any CPU
		{2E1E49AF-F9D7-42A2-88C3-10B16E39C702}.Debug|TwinCAT CE7 (ARMV7).Build.0 = Debug|Any CPU
		{2E1E49AF-F9D7-42A2-88C3-10B16E39C702}.Debug|TwinCAT OS (ARMT2).ActiveCfg = Debug|Any CPU
		{2E1E49AF-F9D7-42A2-88C3-10B16E39C702}.Debug|TwinCAT OS (ARMT2).Build.0 = Debug|Any CPU
		{2E1E49AF-F9D7-42A2-88C3-10B16E39C702}.Debug|TwinCAT RT (x64).ActiveCfg = Debug|Any CPU
		{2E1E49AF-F9D7-42A2-88C3-10B16E39C702}.Debug|TwinCAT RT (x64).Build.0 = Debug|Any CPU
		{2E1E49AF-F9D7-42A2-88C3-10B16E39C702}.Debug|TwinCAT RT (x86).ActiveCfg = Debug|Any CPU
		{2E1E49AF-F9D7-42A2-88C3-10B16E39C702}.Debug|TwinCAT RT (x86).Build.0 = Debug|Any CPU
		{2E1E49AF-F9D7-42A2-88C3-10B16E39C702}.Release|Any CPU.ActiveCfg = Release|Any CPU
		{2E1E49AF-F9D7-42A2-88C3-10B16E39C702}.Release|Any CPU.Build.0 = Release|Any CPU
		{2E1E49AF-F9D7-42A2-88C3-10B16E39C702}.Release|TwinCAT CE7 (ARMV7).ActiveCfg = Release|Any CPU
		{2E1E49AF-F9D7-42A2-88C3-10B16E39C702}.Release|TwinCAT CE7 (ARMV7).Build.0 = Release|Any CPU
		{2E1E49AF-F9D7-42A2-88C3-10B16E39C702}.Release|TwinCAT OS (ARMT2).ActiveCfg = Release|Any CPU
		{2E1E49AF-F9D7-42A2-88C3-10B16E39C702}.Release|TwinCAT OS (ARMT2).Build.0 = Release|Any CPU
		{2E1E49AF-F9D7-42A2-88C3-10B16E39C702}.Release|TwinCAT RT (x64).ActiveCfg = Release|Any CPU
		{2E1E49AF-F9D7-42A2-88C3-10B16E39C702}.Release|TwinCAT RT (x64).Build.0 = Release|Any CPU
		{2E1E49AF-F9D7-42A2-88C3-10B16E39C702}.Release|TwinCAT RT (x86).ActiveCfg = Release|Any CPU
		{2E1E49AF-F9D7-42A2-88C3-10B16E39C702}.Release|TwinCAT RT (x86).Build.0 = Release|Any CPU
		{2E1E49AF-F9D7-42A2-88C3-10B16E39C702}.ReleaseDevelop|Any CPU.ActiveCfg = Release|Any CPU
		{2E1E49AF-F9D7-42A2-88C3-10B16E39C702}.ReleaseDevelop|Any CPU.Build.0 = Release|Any CPU
		{2E1E49AF-F9D7-42A2-88C3-10B16E39C702}.ReleaseDevelop|TwinCAT CE7 (ARMV7).ActiveCfg = Release|Any CPU
		{2E1E49AF-F9D7-42A2-88C3-10B16E39C702}.ReleaseDevelop|TwinCAT CE7 (ARMV7).Build.0 = Release|Any CPU
		{2E1E49AF-F9D7-42A2-88C3-10B16E39C702}.ReleaseDevelop|TwinCAT OS (ARMT2).ActiveCfg = Release|Any CPU
		{2E1E49AF-F9D7-42A2-88C3-10B16E39C702}.ReleaseDevelop|TwinCAT OS (ARMT2).Build.0 = Release|Any CPU
		{2E1E49AF-F9D7-42A2-88C3-10B16E39C702}.ReleaseDevelop|TwinCAT RT (x64).ActiveCfg = Release|Any CPU
		{2E1E49AF-F9D7-42A2-88C3-10B16E39C702}.ReleaseDevelop|TwinCAT RT (x64).Build.0 = Release|Any CPU
		{2E1E49AF-F9D7-42A2-88C3-10B16E39C702}.ReleaseDevelop|TwinCAT RT (x86).ActiveCfg = Release|Any CPU
		{2E1E49AF-F9D7-42A2-88C3-10B16E39C702}.ReleaseDevelop|TwinCAT RT (x86).Build.0 = Release|Any CPU
		{DBA4D0D5-593D-4D86-AF31-83D9F9C0E3DD}.Debug|Any CPU.ActiveCfg = Debug|TwinCAT RT (x86)
		{DBA4D0D5-593D-4D86-AF31-83D9F9C0E3DD}.Debug|TwinCAT CE7 (ARMV7).ActiveCfg = Debug|TwinCAT CE7 (ARMV7)
		{DBA4D0D5-593D-4D86-AF31-83D9F9C0E3DD}.Debug|TwinCAT CE7 (ARMV7).Build.0 = Debug|TwinCAT CE7 (ARMV7)
		{DBA4D0D5-593D-4D86-AF31-83D9F9C0E3DD}.Debug|TwinCAT OS (ARMT2).ActiveCfg = Debug|TwinCAT OS (ARMT2)
		{DBA4D0D5-593D-4D86-AF31-83D9F9C0E3DD}.Debug|TwinCAT OS (ARMT2).Build.0 = Debug|TwinCAT OS (ARMT2)
		{DBA4D0D5-593D-4D86-AF31-83D9F9C0E3DD}.Debug|TwinCAT RT (x64).ActiveCfg = Debug|TwinCAT RT (x64)
		{DBA4D0D5-593D-4D86-AF31-83D9F9C0E3DD}.Debug|TwinCAT RT (x64).Build.0 = Debug|TwinCAT RT (x64)
		{DBA4D0D5-593D-4D86-AF31-83D9F9C0E3DD}.Debug|TwinCAT RT (x86).ActiveCfg = Debug|TwinCAT RT (x86)
		{DBA4D0D5-593D-4D86-AF31-83D9F9C0E3DD}.Debug|TwinCAT RT (x86).Build.0 = Debug|TwinCAT RT (x86)
		{DBA4D0D5-593D-4D86-AF31-83D9F9C0E3DD}.Release|Any CPU.ActiveCfg = Release|TwinCAT RT (x86)
		{DBA4D0D5-593D-4D86-AF31-83D9F9C0E3DD}.Release|TwinCAT CE7 (ARMV7).ActiveCfg = Release|TwinCAT CE7 (ARMV7)
		{DBA4D0D5-593D-4D86-AF31-83D9F9C0E3DD}.Release|TwinCAT CE7 (ARMV7).Build.0 = Release|TwinCAT CE7 (ARMV7)
		{DBA4D0D5-593D-4D86-AF31-83D9F9C0E3DD}.Release|TwinCAT OS (ARMT2).ActiveCfg = Release|TwinCAT OS (ARMT2)
		{DBA4D0D5-593D-4D86-AF31-83D9F9C0E3DD}.Release|TwinCAT OS (ARMT2).Build.0 = Release|TwinCAT OS (ARMT2)
		{DBA4D0D5-593D-4D86-AF31-83D9F9C0E3DD}.Release|TwinCAT RT (x64).ActiveCfg = Release|TwinCAT RT (x64)
		{DBA4D0D5-593D-4D86-AF31-83D9F9C0E3DD}.Release|TwinCAT RT (x64).Build.0 = Release|TwinCAT RT (x64)
		{DBA4D0D5-593D-4D86-AF31-83D9F9C0E3DD}.Release|TwinCAT RT (x86).ActiveCfg = Release|TwinCAT RT (x86)
		{DBA4D0D5-593D-4D86-AF31-83D9F9C0E3DD}.Release|TwinCAT RT (x86).Build.0 = Release|TwinCAT RT (x86)
		{DBA4D0D5-593D-4D86-AF31-83D9F9C0E3DD}.ReleaseDevelop|Any CPU.ActiveCfg = Release|TwinCAT RT (x86)
		{DBA4D0D5-593D-4D86-AF31-83D9F9C0E3DD}.ReleaseDevelop|Any CPU.Build.0 = Release|TwinCAT RT (x86)
		{DBA4D0D5-593D-4D86-AF31-83D9F9C0E3DD}.ReleaseDevelop|TwinCAT CE7 (ARMV7).ActiveCfg = Release|TwinCAT CE7 (ARMV7)
		{DBA4D0D5-593D-4D86-AF31-83D9F9C0E3DD}.ReleaseDevelop|TwinCAT CE7 (ARMV7).Build.0 = Release|TwinCAT CE7 (ARMV7)
		{DBA4D0D5-593D-4D86-AF31-83D9F9C0E3DD}.ReleaseDevelop|TwinCAT OS (ARMT2).ActiveCfg = Release|TwinCAT OS (ARMT2)
		{DBA4D0D5-593D-4D86-AF31-83D9F9C0E3DD}.ReleaseDevelop|TwinCAT OS (ARMT2).Build.0 = Release|TwinCAT OS (ARMT2)
		{DBA4D0D5-593D-4D86-AF31-83D9F9C0E3DD}.ReleaseDevelop|TwinCAT RT (x64).ActiveCfg = Release|TwinCAT RT (x64)
		{DBA4D0D5-593D-4D86-AF31-83D9F9C0E3DD}.ReleaseDevelop|TwinCAT RT (x64).Build.0 = Release|TwinCAT RT (x64)
		{DBA4D0D5-593D-4D86-AF31-83D9F9C0E3DD}.ReleaseDevelop|TwinCAT RT (x86).ActiveCfg = Release|TwinCAT RT (x86)
		{DBA4D0D5-593D-4D86-AF31-83D9F9C0E3DD}.ReleaseDevelop|TwinCAT RT (x86).Build.0 = Release|TwinCAT RT (x86)
		{C63AC70E-76C0-4536-B57D-6A325CB64C21}.Debug|Any CPU.ActiveCfg = Debug|Any CPU
		{C63AC70E-76C0-4536-B57D-6A325CB64C21}.Debug|Any CPU.Build.0 = Debug|Any CPU
		{C63AC70E-76C0-4536-B57D-6A325CB64C21}.Debug|TwinCAT CE7 (ARMV7).ActiveCfg = Debug|Any CPU
		{C63AC70E-76C0-4536-B57D-6A325CB64C21}.Debug|TwinCAT CE7 (ARMV7).Build.0 = Debug|Any CPU
		{C63AC70E-76C0-4536-B57D-6A325CB64C21}.Debug|TwinCAT OS (ARMT2).ActiveCfg = Debug|Any CPU
		{C63AC70E-76C0-4536-B57D-6A325CB64C21}.Debug|TwinCAT OS (ARMT2).Build.0 = Debug|Any CPU
		{C63AC70E-76C0-4536-B57D-6A325CB64C21}.Debug|TwinCAT RT (x64).ActiveCfg = Debug|Any CPU
		{C63AC70E-76C0-4536-B57D-6A325CB64C21}.Debug|TwinCAT RT (x64).Build.0 = Debug|Any CPU
		{C63AC70E-76C0-4536-B57D-6A325CB64C21}.Debug|TwinCAT RT (x86).ActiveCfg = Debug|Any CPU
		{C63AC70E-76C0-4536-B57D-6A325CB64C21}.Debug|TwinCAT RT (x86).Build.0 = Debug|Any CPU
		{C63AC70E-76C0-4536-B57D-6A325CB64C21}.Release|Any CPU.ActiveCfg = Release|Any CPU
		{C63AC70E-76C0-4536-B57D-6A325CB64C21}.Release|Any CPU.Build.0 = Release|Any CPU
		{C63AC70E-76C0-4536-B57D-6A325CB64C21}.Release|TwinCAT CE7 (ARMV7).ActiveCfg = Release|Any CPU
		{C63AC70E-76C0-4536-B57D-6A325CB64C21}.Release|TwinCAT CE7 (ARMV7).Build.0 = Release|Any CPU
		{C63AC70E-76C0-4536-B57D-6A325CB64C21}.Release|TwinCAT OS (ARMT2).ActiveCfg = Release|Any CPU
		{C63AC70E-76C0-4536-B57D-6A325CB64C21}.Release|TwinCAT OS (ARMT2).Build.0 = Release|Any CPU
		{C63AC70E-76C0-4536-B57D-6A325CB64C21}.Release|TwinCAT RT (x64).ActiveCfg = Release|Any CPU
		{C63AC70E-76C0-4536-B57D-6A325CB64C21}.Release|TwinCAT RT (x64).Build.0 = Release|Any CPU
		{C63AC70E-76C0-4536-B57D-6A325CB64C21}.Release|TwinCAT RT (x86).ActiveCfg = Release|Any CPU
		{C63AC70E-76C0-4536-B57D-6A325CB64C21}.Release|TwinCAT RT (x86).Build.0 = Release|Any CPU
		{C63AC70E-76C0-4536-B57D-6A325CB64C21}.ReleaseDevelop|Any CPU.ActiveCfg = Release|Any CPU
		{C63AC70E-76C0-4536-B57D-6A325CB64C21}.ReleaseDevelop|Any CPU.Build.0 = Release|Any CPU
		{C63AC70E-76C0-4536-B57D-6A325CB64C21}.ReleaseDevelop|TwinCAT CE7 (ARMV7).ActiveCfg = Release|Any CPU
		{C63AC70E-76C0-4536-B57D-6A325CB64C21}.ReleaseDevelop|TwinCAT CE7 (ARMV7).Build.0 = Release|Any CPU
		{C63AC70E-76C0-4536-B57D-6A325CB64C21}.ReleaseDevelop|TwinCAT OS (ARMT2).ActiveCfg = Release|Any CPU
		{C63AC70E-76C0-4536-B57D-6A325CB64C21}.ReleaseDevelop|TwinCAT OS (ARMT2).Build.0 = Release|Any CPU
		{C63AC70E-76C0-4536-B57D-6A325CB64C21}.ReleaseDevelop|TwinCAT RT (x64).ActiveCfg = Release|Any CPU
		{C63AC70E-76C0-4536-B57D-6A325CB64C21}.ReleaseDevelop|TwinCAT RT (x64).Build.0 = Release|Any CPU
		{C63AC70E-76C0-4536-B57D-6A325CB64C21}.ReleaseDevelop|TwinCAT RT (x86).ActiveCfg = Release|Any CPU
		{C63AC70E-76C0-4536-B57D-6A325CB64C21}.ReleaseDevelop|TwinCAT RT (x86).Build.0 = Release|Any CPU
		{46A8EA3F-E9B9-4281-8073-657A5E46F5FC}.Debug|Any CPU.ActiveCfg = Debug|Any CPU
		{46A8EA3F-E9B9-4281-8073-657A5E46F5FC}.Debug|Any CPU.Build.0 = Debug|Any CPU
		{46A8EA3F-E9B9-4281-8073-657A5E46F5FC}.Debug|TwinCAT CE7 (ARMV7).ActiveCfg = Debug|Any CPU
		{46A8EA3F-E9B9-4281-8073-657A5E46F5FC}.Debug|TwinCAT CE7 (ARMV7).Build.0 = Debug|Any CPU
		{46A8EA3F-E9B9-4281-8073-657A5E46F5FC}.Debug|TwinCAT OS (ARMT2).ActiveCfg = Debug|Any CPU
		{46A8EA3F-E9B9-4281-8073-657A5E46F5FC}.Debug|TwinCAT OS (ARMT2).Build.0 = Debug|Any CPU
		{46A8EA3F-E9B9-4281-8073-657A5E46F5FC}.Debug|TwinCAT RT (x64).ActiveCfg = Debug|Any CPU
		{46A8EA3F-E9B9-4281-8073-657A5E46F5FC}.Debug|TwinCAT RT (x64).Build.0 = Debug|Any CPU
		{46A8EA3F-E9B9-4281-8073-657A5E46F5FC}.Debug|TwinCAT RT (x86).ActiveCfg = Debug|Any CPU
		{46A8EA3F-E9B9-4281-8073-657A5E46F5FC}.Debug|TwinCAT RT (x86).Build.0 = Debug|Any CPU
		{46A8EA3F-E9B9-4281-8073-657A5E46F5FC}.Release|Any CPU.ActiveCfg = Release|Any CPU
		{46A8EA3F-E9B9-4281-8073-657A5E46F5FC}.Release|Any CPU.Build.0 = Release|Any CPU
		{46A8EA3F-E9B9-4281-8073-657A5E46F5FC}.Release|TwinCAT CE7 (ARMV7).ActiveCfg = Release|Any CPU
		{46A8EA3F-E9B9-4281-8073-657A5E46F5FC}.Release|TwinCAT CE7 (ARMV7).Build.0 = Release|Any CPU
		{46A8EA3F-E9B9-4281-8073-657A5E46F5FC}.Release|TwinCAT OS (ARMT2).ActiveCfg = Release|Any CPU
		{46A8EA3F-E9B9-4281-8073-657A5E46F5FC}.Release|TwinCAT OS (ARMT2).Build.0 = Release|Any CPU
		{46A8EA3F-E9B9-4281-8073-657A5E46F5FC}.Release|TwinCAT RT (x64).ActiveCfg = Release|Any CPU
		{46A8EA3F-E9B9-4281-8073-657A5E46F5FC}.Release|TwinCAT RT (x64).Build.0 = Release|Any CPU
		{46A8EA3F-E9B9-4281-8073-657A5E46F5FC}.Release|TwinCAT RT (x86).ActiveCfg = Release|Any CPU
		{46A8EA3F-E9B9-4281-8073-657A5E46F5FC}.Release|TwinCAT RT (x86).Build.0 = Release|Any CPU
		{46A8EA3F-E9B9-4281-8073-657A5E46F5FC}.ReleaseDevelop|Any CPU.ActiveCfg = Release|Any CPU
		{46A8EA3F-E9B9-4281-8073-657A5E46F5FC}.ReleaseDevelop|Any CPU.Build.0 = Release|Any CPU
		{46A8EA3F-E9B9-4281-8073-657A5E46F5FC}.ReleaseDevelop|TwinCAT CE7 (ARMV7).ActiveCfg = Release|Any CPU
		{46A8EA3F-E9B9-4281-8073-657A5E46F5FC}.ReleaseDevelop|TwinCAT CE7 (ARMV7).Build.0 = Release|Any CPU
		{46A8EA3F-E9B9-4281-8073-657A5E46F5FC}.ReleaseDevelop|TwinCAT OS (ARMT2).ActiveCfg = Release|Any CPU
		{46A8EA3F-E9B9-4281-8073-657A5E46F5FC}.ReleaseDevelop|TwinCAT OS (ARMT2).Build.0 = Release|Any CPU
		{46A8EA3F-E9B9-4281-8073-657A5E46F5FC}.ReleaseDevelop|TwinCAT RT (x64).ActiveCfg = Release|Any CPU
		{46A8EA3F-E9B9-4281-8073-657A5E46F5FC}.ReleaseDevelop|TwinCAT RT (x64).Build.0 = Release|Any CPU
		{46A8EA3F-E9B9-4281-8073-657A5E46F5FC}.ReleaseDevelop|TwinCAT RT (x86).ActiveCfg = Release|Any CPU
		{46A8EA3F-E9B9-4281-8073-657A5E46F5FC}.ReleaseDevelop|TwinCAT RT (x86).Build.0 = Release|Any CPU
		{2E6C2CE4-12CE-4A6F-A95F-B4C5E04FE0E4}.Debug|Any CPU.ActiveCfg = Debug|TwinCAT RT (x86)
		{2E6C2CE4-12CE-4A6F-A95F-B4C5E04FE0E4}.Debug|TwinCAT CE7 (ARMV7).ActiveCfg = Debug|TwinCAT CE7 (ARMV7)
		{2E6C2CE4-12CE-4A6F-A95F-B4C5E04FE0E4}.Debug|TwinCAT CE7 (ARMV7).Build.0 = Debug|TwinCAT CE7 (ARMV7)
		{2E6C2CE4-12CE-4A6F-A95F-B4C5E04FE0E4}.Debug|TwinCAT OS (ARMT2).ActiveCfg = Debug|TwinCAT OS (ARMT2)
		{2E6C2CE4-12CE-4A6F-A95F-B4C5E04FE0E4}.Debug|TwinCAT OS (ARMT2).Build.0 = Debug|TwinCAT OS (ARMT2)
		{2E6C2CE4-12CE-4A6F-A95F-B4C5E04FE0E4}.Debug|TwinCAT RT (x64).ActiveCfg = Debug|TwinCAT RT (x64)
		{2E6C2CE4-12CE-4A6F-A95F-B4C5E04FE0E4}.Debug|TwinCAT RT (x64).Build.0 = Debug|TwinCAT RT (x64)
		{2E6C2CE4-12CE-4A6F-A95F-B4C5E04FE0E4}.Debug|TwinCAT RT (x86).ActiveCfg = Debug|TwinCAT RT (x86)
		{2E6C2CE4-12CE-4A6F-A95F-B4C5E04FE0E4}.Debug|TwinCAT RT (x86).Build.0 = Debug|TwinCAT RT (x86)
		{2E6C2CE4-12CE-4A6F-A95F-B4C5E04FE0E4}.Release|Any CPU.ActiveCfg = Release|TwinCAT RT (x86)
		{2E6C2CE4-12CE-4A6F-A95F-B4C5E04FE0E4}.Release|TwinCAT CE7 (ARMV7).ActiveCfg = Release|TwinCAT CE7 (ARMV7)
		{2E6C2CE4-12CE-4A6F-A95F-B4C5E04FE0E4}.Release|TwinCAT CE7 (ARMV7).Build.0 = Release|TwinCAT CE7 (ARMV7)
		{2E6C2CE4-12CE-4A6F-A95F-B4C5E04FE0E4}.Release|TwinCAT OS (ARMT2).ActiveCfg = Release|TwinCAT OS (ARMT2)
		{2E6C2CE4-12CE-4A6F-A95F-B4C5E04FE0E4}.Release|TwinCAT OS (ARMT2).Build.0 = Release|TwinCAT OS (ARMT2)
		{2E6C2CE4-12CE-4A6F-A95F-B4C5E04FE0E4}.Release|TwinCAT RT (x64).ActiveCfg = Release|TwinCAT RT (x64)
		{2E6C2CE4-12CE-4A6F-A95F-B4C5E04FE0E4}.Release|TwinCAT RT (x64).Build.0 = Release|TwinCAT RT (x64)
		{2E6C2CE4-12CE-4A6F-A95F-B4C5E04FE0E4}.Release|TwinCAT RT (x86).ActiveCfg = Release|TwinCAT RT (x86)
		{2E6C2CE4-12CE-4A6F-A95F-B4C5E04FE0E4}.Release|TwinCAT RT (x86).Build.0 = Release|TwinCAT RT (x86)
		{2E6C2CE4-12CE-4A6F-A95F-B4C5E04FE0E4}.ReleaseDevelop|Any CPU.ActiveCfg = Release|TwinCAT RT (x86)
		{2E6C2CE4-12CE-4A6F-A95F-B4C5E04FE0E4}.ReleaseDevelop|Any CPU.Build.0 = Release|TwinCAT RT (x86)
		{2E6C2CE4-12CE-4A6F-A95F-B4C5E04FE0E4}.ReleaseDevelop|TwinCAT CE7 (ARMV7).ActiveCfg = Release|TwinCAT CE7 (ARMV7)
		{2E6C2CE4-12CE-4A6F-A95F-B4C5E04FE0E4}.ReleaseDevelop|TwinCAT CE7 (ARMV7).Build.0 = Release|TwinCAT CE7 (ARMV7)
		{2E6C2CE4-12CE-4A6F-A95F-B4C5E04FE0E4}.ReleaseDevelop|TwinCAT OS (ARMT2).ActiveCfg = Release|TwinCAT OS (ARMT2)
		{2E6C2CE4-12CE-4A6F-A95F-B4C5E04FE0E4}.ReleaseDevelop|TwinCAT OS (ARMT2).Build.0 = Release|TwinCAT OS (ARMT2)
		{2E6C2CE4-12CE-4A6F-A95F-B4C5E04FE0E4}.ReleaseDevelop|TwinCAT RT (x64).ActiveCfg = Release|TwinCAT RT (x64)
		{2E6C2CE4-12CE-4A6F-A95F-B4C5E04FE0E4}.ReleaseDevelop|TwinCAT RT (x64).Build.0 = Release|TwinCAT RT (x64)
		{2E6C2CE4-12CE-4A6F-A95F-B4C5E04FE0E4}.ReleaseDevelop|TwinCAT RT (x86).ActiveCfg = Release|TwinCAT RT (x86)
		{2E6C2CE4-12CE-4A6F-A95F-B4C5E04FE0E4}.ReleaseDevelop|TwinCAT RT (x86).Build.0 = Release|TwinCAT RT (x86)
		{92188AEB-3F2A-403A-A3D5-AC0B21DCDBFA}.Debug|Any CPU.ActiveCfg = Debug|Any CPU
		{92188AEB-3F2A-403A-A3D5-AC0B21DCDBFA}.Debug|Any CPU.Build.0 = Debug|Any CPU
		{92188AEB-3F2A-403A-A3D5-AC0B21DCDBFA}.Debug|TwinCAT CE7 (ARMV7).ActiveCfg = Debug|Any CPU
		{92188AEB-3F2A-403A-A3D5-AC0B21DCDBFA}.Debug|TwinCAT CE7 (ARMV7).Build.0 = Debug|Any CPU
		{92188AEB-3F2A-403A-A3D5-AC0B21DCDBFA}.Debug|TwinCAT OS (ARMT2).ActiveCfg = Debug|Any CPU
		{92188AEB-3F2A-403A-A3D5-AC0B21DCDBFA}.Debug|TwinCAT OS (ARMT2).Build.0 = Debug|Any CPU
		{92188AEB-3F2A-403A-A3D5-AC0B21DCDBFA}.Debug|TwinCAT RT (x64).ActiveCfg = Debug|Any CPU
		{92188AEB-3F2A-403A-A3D5-AC0B21DCDBFA}.Debug|TwinCAT RT (x64).Build.0 = Debug|Any CPU
		{92188AEB-3F2A-403A-A3D5-AC0B21DCDBFA}.Debug|TwinCAT RT (x86).ActiveCfg = Debug|Any CPU
		{92188AEB-3F2A-403A-A3D5-AC0B21DCDBFA}.Debug|TwinCAT RT (x86).Build.0 = Debug|Any CPU
		{92188AEB-3F2A-403A-A3D5-AC0B21DCDBFA}.Release|Any CPU.ActiveCfg = Release|Any CPU
		{92188AEB-3F2A-403A-A3D5-AC0B21DCDBFA}.Release|Any CPU.Build.0 = Release|Any CPU
		{92188AEB-3F2A-403A-A3D5-AC0B21DCDBFA}.Release|TwinCAT CE7 (ARMV7).ActiveCfg = Release|Any CPU
		{92188AEB-3F2A-403A-A3D5-AC0B21DCDBFA}.Release|TwinCAT CE7 (ARMV7).Build.0 = Release|Any CPU
		{92188AEB-3F2A-403A-A3D5-AC0B21DCDBFA}.Release|TwinCAT OS (ARMT2).ActiveCfg = Release|Any CPU
		{92188AEB-3F2A-403A-A3D5-AC0B21DCDBFA}.Release|TwinCAT OS (ARMT2).Build.0 = Release|Any CPU
		{92188AEB-3F2A-403A-A3D5-AC0B21DCDBFA}.Release|TwinCAT RT (x64).ActiveCfg = Release|Any CPU
		{92188AEB-3F2A-403A-A3D5-AC0B21DCDBFA}.Release|TwinCAT RT (x64).Build.0 = Release|Any CPU
		{92188AEB-3F2A-403A-A3D5-AC0B21DCDBFA}.Release|TwinCAT RT (x86).ActiveCfg = Release|Any CPU
		{92188AEB-3F2A-403A-A3D5-AC0B21DCDBFA}.Release|TwinCAT RT (x86).Build.0 = Release|Any CPU
		{92188AEB-3F2A-403A-A3D5-AC0B21DCDBFA}.ReleaseDevelop|Any CPU.ActiveCfg = Release|Any CPU
		{92188AEB-3F2A-403A-A3D5-AC0B21DCDBFA}.ReleaseDevelop|Any CPU.Build.0 = Release|Any CPU
		{92188AEB-3F2A-403A-A3D5-AC0B21DCDBFA}.ReleaseDevelop|TwinCAT CE7 (ARMV7).ActiveCfg = Release|Any CPU
		{92188AEB-3F2A-403A-A3D5-AC0B21DCDBFA}.ReleaseDevelop|TwinCAT CE7 (ARMV7).Build.0 = Release|Any CPU
		{92188AEB-3F2A-403A-A3D5-AC0B21DCDBFA}.ReleaseDevelop|TwinCAT OS (ARMT2).ActiveCfg = Release|Any CPU
		{92188AEB-3F2A-403A-A3D5-AC0B21DCDBFA}.ReleaseDevelop|TwinCAT OS (ARMT2).Build.0 = Release|Any CPU
		{92188AEB-3F2A-403A-A3D5-AC0B21DCDBFA}.ReleaseDevelop|TwinCAT RT (x64).ActiveCfg = Release|Any CPU
		{92188AEB-3F2A-403A-A3D5-AC0B21DCDBFA}.ReleaseDevelop|TwinCAT RT (x64).Build.0 = Release|Any CPU
		{92188AEB-3F2A-403A-A3D5-AC0B21DCDBFA}.ReleaseDevelop|TwinCAT RT (x86).ActiveCfg = Release|Any CPU
		{92188AEB-3F2A-403A-A3D5-AC0B21DCDBFA}.ReleaseDevelop|TwinCAT RT (x86).Build.0 = Release|Any CPU
		{06AE5479-22D0-4BCF-9112-A431E59F0596}.Debug|Any CPU.ActiveCfg = Debug|Any CPU
		{06AE5479-22D0-4BCF-9112-A431E59F0596}.Debug|Any CPU.Build.0 = Debug|Any CPU
		{06AE5479-22D0-4BCF-9112-A431E59F0596}.Debug|TwinCAT CE7 (ARMV7).ActiveCfg = Debug|Any CPU
		{06AE5479-22D0-4BCF-9112-A431E59F0596}.Debug|TwinCAT CE7 (ARMV7).Build.0 = Debug|Any CPU
		{06AE5479-22D0-4BCF-9112-A431E59F0596}.Debug|TwinCAT OS (ARMT2).ActiveCfg = Debug|Any CPU
		{06AE5479-22D0-4BCF-9112-A431E59F0596}.Debug|TwinCAT OS (ARMT2).Build.0 = Debug|Any CPU
		{06AE5479-22D0-4BCF-9112-A431E59F0596}.Debug|TwinCAT RT (x64).ActiveCfg = Debug|Any CPU
		{06AE5479-22D0-4BCF-9112-A431E59F0596}.Debug|TwinCAT RT (x64).Build.0 = Debug|Any CPU
		{06AE5479-22D0-4BCF-9112-A431E59F0596}.Debug|TwinCAT RT (x86).ActiveCfg = Debug|Any CPU
		{06AE5479-22D0-4BCF-9112-A431E59F0596}.Debug|TwinCAT RT (x86).Build.0 = Debug|Any CPU
		{06AE5479-22D0-4BCF-9112-A431E59F0596}.Release|Any CPU.ActiveCfg = Release|Any CPU
		{06AE5479-22D0-4BCF-9112-A431E59F0596}.Release|Any CPU.Build.0 = Release|Any CPU
		{06AE5479-22D0-4BCF-9112-A431E59F0596}.Release|TwinCAT CE7 (ARMV7).ActiveCfg = Release|Any CPU
		{06AE5479-22D0-4BCF-9112-A431E59F0596}.Release|TwinCAT CE7 (ARMV7).Build.0 = Release|Any CPU
		{06AE5479-22D0-4BCF-9112-A431E59F0596}.Release|TwinCAT OS (ARMT2).ActiveCfg = Release|Any CPU
		{06AE5479-22D0-4BCF-9112-A431E59F0596}.Release|TwinCAT OS (ARMT2).Build.0 = Release|Any CPU
		{06AE5479-22D0-4BCF-9112-A431E59F0596}.Release|TwinCAT RT (x64).ActiveCfg = Release|Any CPU
		{06AE5479-22D0-4BCF-9112-A431E59F0596}.Release|TwinCAT RT (x64).Build.0 = Release|Any CPU
		{06AE5479-22D0-4BCF-9112-A431E59F0596}.Release|TwinCAT RT (x86).ActiveCfg = Release|Any CPU
		{06AE5479-22D0-4BCF-9112-A431E59F0596}.Release|TwinCAT RT (x86).Build.0 = Release|Any CPU
		{06AE5479-22D0-4BCF-9112-A431E59F0596}.ReleaseDevelop|Any CPU.ActiveCfg = Release|Any CPU
		{06AE5479-22D0-4BCF-9112-A431E59F0596}.ReleaseDevelop|Any CPU.Build.0 = Release|Any CPU
		{06AE5479-22D0-4BCF-9112-A431E59F0596}.ReleaseDevelop|TwinCAT CE7 (ARMV7).ActiveCfg = Release|Any CPU
		{06AE5479-22D0-4BCF-9112-A431E59F0596}.ReleaseDevelop|TwinCAT CE7 (ARMV7).Build.0 = Release|Any CPU
		{06AE5479-22D0-4BCF-9112-A431E59F0596}.ReleaseDevelop|TwinCAT OS (ARMT2).ActiveCfg = Release|Any CPU
		{06AE5479-22D0-4BCF-9112-A431E59F0596}.ReleaseDevelop|TwinCAT OS (ARMT2).Build.0 = Release|Any CPU
		{06AE5479-22D0-4BCF-9112-A431E59F0596}.ReleaseDevelop|TwinCAT RT (x64).ActiveCfg = Release|Any CPU
		{06AE5479-22D0-4BCF-9112-A431E59F0596}.ReleaseDevelop|TwinCAT RT (x64).Build.0 = Release|Any CPU
		{06AE5479-22D0-4BCF-9112-A431E59F0596}.ReleaseDevelop|TwinCAT RT (x86).ActiveCfg = Release|Any CPU
		{06AE5479-22D0-4BCF-9112-A431E59F0596}.ReleaseDevelop|TwinCAT RT (x86).Build.0 = Release|Any CPU
		{045B7A24-E6BF-45AA-B00C-63A8726F4D65}.Debug|Any CPU.ActiveCfg = Debug|Any CPU
		{045B7A24-E6BF-45AA-B00C-63A8726F4D65}.Debug|Any CPU.Build.0 = Debug|Any CPU
		{045B7A24-E6BF-45AA-B00C-63A8726F4D65}.Debug|TwinCAT CE7 (ARMV7).ActiveCfg = Debug|Any CPU
		{045B7A24-E6BF-45AA-B00C-63A8726F4D65}.Debug|TwinCAT CE7 (ARMV7).Build.0 = Debug|Any CPU
		{045B7A24-E6BF-45AA-B00C-63A8726F4D65}.Debug|TwinCAT OS (ARMT2).ActiveCfg = Debug|Any CPU
		{045B7A24-E6BF-45AA-B00C-63A8726F4D65}.Debug|TwinCAT OS (ARMT2).Build.0 = Debug|Any CPU
		{045B7A24-E6BF-45AA-B00C-63A8726F4D65}.Debug|TwinCAT RT (x64).ActiveCfg = Debug|Any CPU
		{045B7A24-E6BF-45AA-B00C-63A8726F4D65}.Debug|TwinCAT RT (x64).Build.0 = Debug|Any CPU
		{045B7A24-E6BF-45AA-B00C-63A8726F4D65}.Debug|TwinCAT RT (x86).ActiveCfg = Debug|Any CPU
		{045B7A24-E6BF-45AA-B00C-63A8726F4D65}.Debug|TwinCAT RT (x86).Build.0 = Debug|Any CPU
		{045B7A24-E6BF-45AA-B00C-63A8726F4D65}.Release|Any CPU.ActiveCfg = Release|Any CPU
		{045B7A24-E6BF-45AA-B00C-63A8726F4D65}.Release|Any CPU.Build.0 = Release|Any CPU
		{045B7A24-E6BF-45AA-B00C-63A8726F4D65}.Release|TwinCAT CE7 (ARMV7).ActiveCfg = Release|Any CPU
		{045B7A24-E6BF-45AA-B00C-63A8726F4D65}.Release|TwinCAT CE7 (ARMV7).Build.0 = Release|Any CPU
		{045B7A24-E6BF-45AA-B00C-63A8726F4D65}.Release|TwinCAT OS (ARMT2).ActiveCfg = Release|Any CPU
		{045B7A24-E6BF-45AA-B00C-63A8726F4D65}.Release|TwinCAT OS (ARMT2).Build.0 = Release|Any CPU
		{045B7A24-E6BF-45AA-B00C-63A8726F4D65}.Release|TwinCAT RT (x64).ActiveCfg = Release|Any CPU
		{045B7A24-E6BF-45AA-B00C-63A8726F4D65}.Release|TwinCAT RT (x64).Build.0 = Release|Any CPU
		{045B7A24-E6BF-45AA-B00C-63A8726F4D65}.Release|TwinCAT RT (x86).ActiveCfg = Release|Any CPU
		{045B7A24-E6BF-45AA-B00C-63A8726F4D65}.Release|TwinCAT RT (x86).Build.0 = Release|Any CPU
		{045B7A24-E6BF-45AA-B00C-63A8726F4D65}.ReleaseDevelop|Any CPU.ActiveCfg = Release|Any CPU
		{045B7A24-E6BF-45AA-B00C-63A8726F4D65}.ReleaseDevelop|Any CPU.Build.0 = Release|Any CPU
		{045B7A24-E6BF-45AA-B00C-63A8726F4D65}.ReleaseDevelop|TwinCAT CE7 (ARMV7).ActiveCfg = Release|Any CPU
		{045B7A24-E6BF-45AA-B00C-63A8726F4D65}.ReleaseDevelop|TwinCAT CE7 (ARMV7).Build.0 = Release|Any CPU
		{045B7A24-E6BF-45AA-B00C-63A8726F4D65}.ReleaseDevelop|TwinCAT OS (ARMT2).ActiveCfg = Release|Any CPU
		{045B7A24-E6BF-45AA-B00C-63A8726F4D65}.ReleaseDevelop|TwinCAT OS (ARMT2).Build.0 = Release|Any CPU
		{045B7A24-E6BF-45AA-B00C-63A8726F4D65}.ReleaseDevelop|TwinCAT RT (x64).ActiveCfg = Release|Any CPU
		{045B7A24-E6BF-45AA-B00C-63A8726F4D65}.ReleaseDevelop|TwinCAT RT (x64).Build.0 = Release|Any CPU
		{045B7A24-E6BF-45AA-B00C-63A8726F4D65}.ReleaseDevelop|TwinCAT RT (x86).ActiveCfg = Release|Any CPU
		{045B7A24-E6BF-45AA-B00C-63A8726F4D65}.ReleaseDevelop|TwinCAT RT (x86).Build.0 = Release|Any CPU
		{6D5BD0DF-0C04-46C3-A05C-0FC422597B46}.Debug|Any CPU.ActiveCfg = Debug|TwinCAT RT (x64)
		{6D5BD0DF-0C04-46C3-A05C-0FC422597B46}.Debug|Any CPU.Build.0 = Debug|TwinCAT RT (x64)
		{6D5BD0DF-0C04-46C3-A05C-0FC422597B46}.Debug|TwinCAT CE7 (ARMV7).ActiveCfg = Debug|TwinCAT CE7 (ARMV7)
		{6D5BD0DF-0C04-46C3-A05C-0FC422597B46}.Debug|TwinCAT CE7 (ARMV7).Build.0 = Debug|TwinCAT CE7 (ARMV7)
		{6D5BD0DF-0C04-46C3-A05C-0FC422597B46}.Debug|TwinCAT OS (ARMT2).ActiveCfg = Debug|TwinCAT OS (ARMT2)
		{6D5BD0DF-0C04-46C3-A05C-0FC422597B46}.Debug|TwinCAT OS (ARMT2).Build.0 = Debug|TwinCAT OS (ARMT2)
		{6D5BD0DF-0C04-46C3-A05C-0FC422597B46}.Debug|TwinCAT RT (x64).ActiveCfg = Debug|TwinCAT RT (x64)
		{6D5BD0DF-0C04-46C3-A05C-0FC422597B46}.Debug|TwinCAT RT (x64).Build.0 = Debug|TwinCAT RT (x64)
		{6D5BD0DF-0C04-46C3-A05C-0FC422597B46}.Debug|TwinCAT RT (x86).ActiveCfg = Debug|TwinCAT RT (x86)
		{6D5BD0DF-0C04-46C3-A05C-0FC422597B46}.Debug|TwinCAT RT (x86).Build.0 = Debug|TwinCAT RT (x86)
		{6D5BD0DF-0C04-46C3-A05C-0FC422597B46}.Release|Any CPU.ActiveCfg = Release|TwinCAT RT (x64)
		{6D5BD0DF-0C04-46C3-A05C-0FC422597B46}.Release|Any CPU.Build.0 = Release|TwinCAT RT (x64)
		{6D5BD0DF-0C04-46C3-A05C-0FC422597B46}.Release|TwinCAT CE7 (ARMV7).ActiveCfg = Release|TwinCAT CE7 (ARMV7)
		{6D5BD0DF-0C04-46C3-A05C-0FC422597B46}.Release|TwinCAT CE7 (ARMV7).Build.0 = Release|TwinCAT CE7 (ARMV7)
		{6D5BD0DF-0C04-46C3-A05C-0FC422597B46}.Release|TwinCAT OS (ARMT2).ActiveCfg = Release|TwinCAT OS (ARMT2)
		{6D5BD0DF-0C04-46C3-A05C-0FC422597B46}.Release|TwinCAT OS (ARMT2).Build.0 = Release|TwinCAT OS (ARMT2)
		{6D5BD0DF-0C04-46C3-A05C-0FC422597B46}.Release|TwinCAT RT (x64).ActiveCfg = Release|TwinCAT RT (x64)
		{6D5BD0DF-0C04-46C3-A05C-0FC422597B46}.Release|TwinCAT RT (x64).Build.0 = Release|TwinCAT RT (x64)
		{6D5BD0DF-0C04-46C3-A05C-0FC422597B46}.Release|TwinCAT RT (x86).ActiveCfg = Release|TwinCAT RT (x86)
		{6D5BD0DF-0C04-46C3-A05C-0FC422597B46}.Release|TwinCAT RT (x86).Build.0 = Release|TwinCAT RT (x86)
		{6D5BD0DF-0C04-46C3-A05C-0FC422597B46}.ReleaseDevelop|Any CPU.ActiveCfg = Release|TwinCAT RT (x64)
		{6D5BD0DF-0C04-46C3-A05C-0FC422597B46}.ReleaseDevelop|Any CPU.Build.0 = Release|TwinCAT RT (x64)
		{6D5BD0DF-0C04-46C3-A05C-0FC422597B46}.ReleaseDevelop|TwinCAT CE7 (ARMV7).ActiveCfg = Release|TwinCAT CE7 (ARMV7)
		{6D5BD0DF-0C04-46C3-A05C-0FC422597B46}.ReleaseDevelop|TwinCAT CE7 (ARMV7).Build.0 = Release|TwinCAT CE7 (ARMV7)
		{6D5BD0DF-0C04-46C3-A05C-0FC422597B46}.ReleaseDevelop|TwinCAT OS (ARMT2).ActiveCfg = Release|TwinCAT OS (ARMT2)
		{6D5BD0DF-0C04-46C3-A05C-0FC422597B46}.ReleaseDevelop|TwinCAT OS (ARMT2).Build.0 = Release|TwinCAT OS (ARMT2)
		{6D5BD0DF-0C04-46C3-A05C-0FC422597B46}.ReleaseDevelop|TwinCAT RT (x64).ActiveCfg = Release|TwinCAT RT (x64)
		{6D5BD0DF-0C04-46C3-A05C-0FC422597B46}.ReleaseDevelop|TwinCAT RT (x64).Build.0 = Release|TwinCAT RT (x64)
		{6D5BD0DF-0C04-46C3-A05C-0FC422597B46}.ReleaseDevelop|TwinCAT RT (x86).ActiveCfg = Release|TwinCAT RT (x86)
		{6D5BD0DF-0C04-46C3-A05C-0FC422597B46}.ReleaseDevelop|TwinCAT RT (x86).Build.0 = Release|TwinCAT RT (x86)
		{3F433F3D-9648-4FAC-AAFD-9FA134BFD44D}.Debug|Any CPU.ActiveCfg = Debug|TwinCAT RT (x64)
		{3F433F3D-9648-4FAC-AAFD-9FA134BFD44D}.Debug|Any CPU.Build.0 = Debug|TwinCAT RT (x64)
		{3F433F3D-9648-4FAC-AAFD-9FA134BFD44D}.Debug|TwinCAT CE7 (ARMV7).ActiveCfg = Debug|TwinCAT CE7 (ARMV7)
		{3F433F3D-9648-4FAC-AAFD-9FA134BFD44D}.Debug|TwinCAT CE7 (ARMV7).Build.0 = Debug|TwinCAT CE7 (ARMV7)
		{3F433F3D-9648-4FAC-AAFD-9FA134BFD44D}.Debug|TwinCAT OS (ARMT2).ActiveCfg = Debug|TwinCAT OS (ARMT2)
		{3F433F3D-9648-4FAC-AAFD-9FA134BFD44D}.Debug|TwinCAT OS (ARMT2).Build.0 = Debug|TwinCAT OS (ARMT2)
		{3F433F3D-9648-4FAC-AAFD-9FA134BFD44D}.Debug|TwinCAT RT (x64).ActiveCfg = Debug|TwinCAT RT (x64)
		{3F433F3D-9648-4FAC-AAFD-9FA134BFD44D}.Debug|TwinCAT RT (x64).Build.0 = Debug|TwinCAT RT (x64)
		{3F433F3D-9648-4FAC-AAFD-9FA134BFD44D}.Debug|TwinCAT RT (x86).ActiveCfg = Debug|TwinCAT RT (x86)
		{3F433F3D-9648-4FAC-AAFD-9FA134BFD44D}.Debug|TwinCAT RT (x86).Build.0 = Debug|TwinCAT RT (x86)
		{3F433F3D-9648-4FAC-AAFD-9FA134BFD44D}.Release|Any CPU.ActiveCfg = Release|TwinCAT RT (x64)
		{3F433F3D-9648-4FAC-AAFD-9FA134BFD44D}.Release|Any CPU.Build.0 = Release|TwinCAT RT (x64)
		{3F433F3D-9648-4FAC-AAFD-9FA134BFD44D}.Release|TwinCAT CE7 (ARMV7).ActiveCfg = Release|TwinCAT CE7 (ARMV7)
		{3F433F3D-9648-4FAC-AAFD-9FA134BFD44D}.Release|TwinCAT CE7 (ARMV7).Build.0 = Release|TwinCAT CE7 (ARMV7)
		{3F433F3D-9648-4FAC-AAFD-9FA134BFD44D}.Release|TwinCAT OS (ARMT2).ActiveCfg = Release|TwinCAT OS (ARMT2)
		{3F433F3D-9648-4FAC-AAFD-9FA134BFD44D}.Release|TwinCAT OS (ARMT2).Build.0 = Release|TwinCAT OS (ARMT2)
		{3F433F3D-9648-4FAC-AAFD-9FA134BFD44D}.Release|TwinCAT RT (x64).ActiveCfg = Release|TwinCAT RT (x64)
		{3F433F3D-9648-4FAC-AAFD-9FA134BFD44D}.Release|TwinCAT RT (x64).Build.0 = Release|TwinCAT RT (x64)
		{3F433F3D-9648-4FAC-AAFD-9FA134BFD44D}.Release|TwinCAT RT (x86).ActiveCfg = Release|TwinCAT RT (x86)
		{3F433F3D-9648-4FAC-AAFD-9FA134BFD44D}.Release|TwinCAT RT (x86).Build.0 = Release|TwinCAT RT (x86)
		{3F433F3D-9648-4FAC-AAFD-9FA134BFD44D}.ReleaseDevelop|Any CPU.ActiveCfg = Release|TwinCAT RT (x64)
		{3F433F3D-9648-4FAC-AAFD-9FA134BFD44D}.ReleaseDevelop|Any CPU.Build.0 = Release|TwinCAT RT (x64)
		{3F433F3D-9648-4FAC-AAFD-9FA134BFD44D}.ReleaseDevelop|TwinCAT CE7 (ARMV7).ActiveCfg = Release|TwinCAT CE7 (ARMV7)
		{3F433F3D-9648-4FAC-AAFD-9FA134BFD44D}.ReleaseDevelop|TwinCAT CE7 (ARMV7).Build.0 = Release|TwinCAT CE7 (ARMV7)
		{3F433F3D-9648-4FAC-AAFD-9FA134BFD44D}.ReleaseDevelop|TwinCAT OS (ARMT2).ActiveCfg = Release|TwinCAT OS (ARMT2)
		{3F433F3D-9648-4FAC-AAFD-9FA134BFD44D}.ReleaseDevelop|TwinCAT OS (ARMT2).Build.0 = Release|TwinCAT OS (ARMT2)
		{3F433F3D-9648-4FAC-AAFD-9FA134BFD44D}.ReleaseDevelop|TwinCAT RT (x64).ActiveCfg = Release|TwinCAT RT (x64)
		{3F433F3D-9648-4FAC-AAFD-9FA134BFD44D}.ReleaseDevelop|TwinCAT RT (x64).Build.0 = Release|TwinCAT RT (x64)
		{3F433F3D-9648-4FAC-AAFD-9FA134BFD44D}.ReleaseDevelop|TwinCAT RT (x86).ActiveCfg = Release|TwinCAT RT (x86)
		{3F433F3D-9648-4FAC-AAFD-9FA134BFD44D}.ReleaseDevelop|TwinCAT RT (x86).Build.0 = Release|TwinCAT RT (x86)
		{DB3B2462-5D2B-4A75-B045-8AD45758239C}.Debug|Any CPU.ActiveCfg = Debug|TwinCAT RT (x86)
		{DB3B2462-5D2B-4A75-B045-8AD45758239C}.Debug|TwinCAT CE7 (ARMV7).ActiveCfg = Debug|TwinCAT CE7 (ARMV7)
		{DB3B2462-5D2B-4A75-B045-8AD45758239C}.Debug|TwinCAT CE7 (ARMV7).Build.0 = Debug|TwinCAT CE7 (ARMV7)
		{DB3B2462-5D2B-4A75-B045-8AD45758239C}.Debug|TwinCAT OS (ARMT2).ActiveCfg = Debug|TwinCAT OS (ARMT2)
		{DB3B2462-5D2B-4A75-B045-8AD45758239C}.Debug|TwinCAT OS (ARMT2).Build.0 = Debug|TwinCAT OS (ARMT2)
		{DB3B2462-5D2B-4A75-B045-8AD45758239C}.Debug|TwinCAT RT (x64).ActiveCfg = Debug|TwinCAT RT (x64)
		{DB3B2462-5D2B-4A75-B045-8AD45758239C}.Debug|TwinCAT RT (x64).Build.0 = Debug|TwinCAT RT (x64)
		{DB3B2462-5D2B-4A75-B045-8AD45758239C}.Debug|TwinCAT RT (x86).ActiveCfg = Debug|TwinCAT RT (x86)
		{DB3B2462-5D2B-4A75-B045-8AD45758239C}.Debug|TwinCAT RT (x86).Build.0 = Debug|TwinCAT RT (x86)
		{DB3B2462-5D2B-4A75-B045-8AD45758239C}.Release|Any CPU.ActiveCfg = Release|TwinCAT RT (x86)
		{DB3B2462-5D2B-4A75-B045-8AD45758239C}.Release|TwinCAT CE7 (ARMV7).ActiveCfg = Release|TwinCAT CE7 (ARMV7)
		{DB3B2462-5D2B-4A75-B045-8AD45758239C}.Release|TwinCAT CE7 (ARMV7).Build.0 = Release|TwinCAT CE7 (ARMV7)
		{DB3B2462-5D2B-4A75-B045-8AD45758239C}.Release|TwinCAT OS (ARMT2).ActiveCfg = Release|TwinCAT OS (ARMT2)
		{DB3B2462-5D2B-4A75-B045-8AD45758239C}.Release|TwinCAT OS (ARMT2).Build.0 = Release|TwinCAT OS (ARMT2)
		{DB3B2462-5D2B-4A75-B045-8AD45758239C}.Release|TwinCAT RT (x64).ActiveCfg = Release|TwinCAT RT (x64)
		{DB3B2462-5D2B-4A75-B045-8AD45758239C}.Release|TwinCAT RT (x64).Build.0 = Release|TwinCAT RT (x64)
		{DB3B2462-5D2B-4A75-B045-8AD45758239C}.Release|TwinCAT RT (x86).ActiveCfg = Release|TwinCAT RT (x86)
		{DB3B2462-5D2B-4A75-B045-8AD45758239C}.Release|TwinCAT RT (x86).Build.0 = Release|TwinCAT RT (x86)
		{DB3B2462-5D2B-4A75-B045-8AD45758239C}.ReleaseDevelop|Any CPU.ActiveCfg = Release|TwinCAT RT (x86)
		{DB3B2462-5D2B-4A75-B045-8AD45758239C}.ReleaseDevelop|Any CPU.Build.0 = Release|TwinCAT RT (x86)
		{DB3B2462-5D2B-4A75-B045-8AD45758239C}.ReleaseDevelop|TwinCAT CE7 (ARMV7).ActiveCfg = Release|TwinCAT CE7 (ARMV7)
		{DB3B2462-5D2B-4A75-B045-8AD45758239C}.ReleaseDevelop|TwinCAT CE7 (ARMV7).Build.0 = Release|TwinCAT CE7 (ARMV7)
		{DB3B2462-5D2B-4A75-B045-8AD45758239C}.ReleaseDevelop|TwinCAT OS (ARMT2).ActiveCfg = Release|TwinCAT OS (ARMT2)
		{DB3B2462-5D2B-4A75-B045-8AD45758239C}.ReleaseDevelop|TwinCAT OS (ARMT2).Build.0 = Release|TwinCAT OS (ARMT2)
		{DB3B2462-5D2B-4A75-B045-8AD45758239C}.ReleaseDevelop|TwinCAT RT (x64).ActiveCfg = Release|TwinCAT RT (x64)
		{DB3B2462-5D2B-4A75-B045-8AD45758239C}.ReleaseDevelop|TwinCAT RT (x64).Build.0 = Release|TwinCAT RT (x64)
		{DB3B2462-5D2B-4A75-B045-8AD45758239C}.ReleaseDevelop|TwinCAT RT (x86).ActiveCfg = Release|TwinCAT RT (x86)
		{DB3B2462-5D2B-4A75-B045-8AD45758239C}.ReleaseDevelop|TwinCAT RT (x86).Build.0 = Release|TwinCAT RT (x86)
		{7DB1F25E-9FE8-42FD-A45E-F8FD0ACF6EA7}.Debug|Any CPU.ActiveCfg = Debug|TwinCAT RT (x86)
		{7DB1F25E-9FE8-42FD-A45E-F8FD0ACF6EA7}.Debug|TwinCAT CE7 (ARMV7).ActiveCfg = Debug|TwinCAT CE7 (ARMV7)
		{7DB1F25E-9FE8-42FD-A45E-F8FD0ACF6EA7}.Debug|TwinCAT CE7 (ARMV7).Build.0 = Debug|TwinCAT CE7 (ARMV7)
		{7DB1F25E-9FE8-42FD-A45E-F8FD0ACF6EA7}.Debug|TwinCAT OS (ARMT2).ActiveCfg = Debug|TwinCAT OS (ARMT2)
		{7DB1F25E-9FE8-42FD-A45E-F8FD0ACF6EA7}.Debug|TwinCAT OS (ARMT2).Build.0 = Debug|TwinCAT OS (ARMT2)
		{7DB1F25E-9FE8-42FD-A45E-F8FD0ACF6EA7}.Debug|TwinCAT RT (x64).ActiveCfg = Debug|TwinCAT RT (x64)
		{7DB1F25E-9FE8-42FD-A45E-F8FD0ACF6EA7}.Debug|TwinCAT RT (x64).Build.0 = Debug|TwinCAT RT (x64)
		{7DB1F25E-9FE8-42FD-A45E-F8FD0ACF6EA7}.Debug|TwinCAT RT (x86).ActiveCfg = Debug|TwinCAT RT (x86)
		{7DB1F25E-9FE8-42FD-A45E-F8FD0ACF6EA7}.Debug|TwinCAT RT (x86).Build.0 = Debug|TwinCAT RT (x86)
		{7DB1F25E-9FE8-42FD-A45E-F8FD0ACF6EA7}.Release|Any CPU.ActiveCfg = Release|TwinCAT RT (x86)
		{7DB1F25E-9FE8-42FD-A45E-F8FD0ACF6EA7}.Release|TwinCAT CE7 (ARMV7).ActiveCfg = Release|TwinCAT CE7 (ARMV7)
		{7DB1F25E-9FE8-42FD-A45E-F8FD0ACF6EA7}.Release|TwinCAT CE7 (ARMV7).Build.0 = Release|TwinCAT CE7 (ARMV7)
		{7DB1F25E-9FE8-42FD-A45E-F8FD0ACF6EA7}.Release|TwinCAT OS (ARMT2).ActiveCfg = Release|TwinCAT OS (ARMT2)
		{7DB1F25E-9FE8-42FD-A45E-F8FD0ACF6EA7}.Release|TwinCAT OS (ARMT2).Build.0 = Release|TwinCAT OS (ARMT2)
		{7DB1F25E-9FE8-42FD-A45E-F8FD0ACF6EA7}.Release|TwinCAT RT (x64).ActiveCfg = Release|TwinCAT RT (x64)
		{7DB1F25E-9FE8-42FD-A45E-F8FD0ACF6EA7}.Release|TwinCAT RT (x64).Build.0 = Release|TwinCAT RT (x64)
		{7DB1F25E-9FE8-42FD-A45E-F8FD0ACF6EA7}.Release|TwinCAT RT (x86).ActiveCfg = Release|TwinCAT RT (x86)
		{7DB1F25E-9FE8-42FD-A45E-F8FD0ACF6EA7}.Release|TwinCAT RT (x86).Build.0 = Release|TwinCAT RT (x86)
		{7DB1F25E-9FE8-42FD-A45E-F8FD0ACF6EA7}.ReleaseDevelop|Any CPU.ActiveCfg = Release|TwinCAT RT (x86)
		{7DB1F25E-9FE8-42FD-A45E-F8FD0ACF6EA7}.ReleaseDevelop|Any CPU.Build.0 = Release|TwinCAT RT (x86)
		{7DB1F25E-9FE8-42FD-A45E-F8FD0ACF6EA7}.ReleaseDevelop|TwinCAT CE7 (ARMV7).ActiveCfg = Release|TwinCAT CE7 (ARMV7)
		{7DB1F25E-9FE8-42FD-A45E-F8FD0ACF6EA7}.ReleaseDevelop|TwinCAT CE7 (ARMV7).Build.0 = Release|TwinCAT CE7 (ARMV7)
		{7DB1F25E-9FE8-42FD-A45E-F8FD0ACF6EA7}.ReleaseDevelop|TwinCAT OS (ARMT2).ActiveCfg = Release|TwinCAT OS (ARMT2)
		{7DB1F25E-9FE8-42FD-A45E-F8FD0ACF6EA7}.ReleaseDevelop|TwinCAT OS (ARMT2).Build.0 = Release|TwinCAT OS (ARMT2)
		{7DB1F25E-9FE8-42FD-A45E-F8FD0ACF6EA7}.ReleaseDevelop|TwinCAT RT (x64).ActiveCfg = Release|TwinCAT RT (x64)
		{7DB1F25E-9FE8-42FD-A45E-F8FD0ACF6EA7}.ReleaseDevelop|TwinCAT RT (x64).Build.0 = Release|TwinCAT RT (x64)
		{7DB1F25E-9FE8-42FD-A45E-F8FD0ACF6EA7}.ReleaseDevelop|TwinCAT RT (x86).ActiveCfg = Release|TwinCAT RT (x86)
		{7DB1F25E-9FE8-42FD-A45E-F8FD0ACF6EA7}.ReleaseDevelop|TwinCAT RT (x86).Build.0 = Release|TwinCAT RT (x86)
		{37585681-C225-40E0-832C-EB8E077A5CE7}.Debug|Any CPU.ActiveCfg = Debug|TwinCAT RT (x86)
		{37585681-C225-40E0-832C-EB8E077A5CE7}.Debug|TwinCAT CE7 (ARMV7).ActiveCfg = Debug|TwinCAT CE7 (ARMV7)
		{37585681-C225-40E0-832C-EB8E077A5CE7}.Debug|TwinCAT CE7 (ARMV7).Build.0 = Debug|TwinCAT CE7 (ARMV7)
		{37585681-C225-40E0-832C-EB8E077A5CE7}.Debug|TwinCAT OS (ARMT2).ActiveCfg = Debug|TwinCAT OS (ARMT2)
		{37585681-C225-40E0-832C-EB8E077A5CE7}.Debug|TwinCAT OS (ARMT2).Build.0 = Debug|TwinCAT OS (ARMT2)
		{37585681-C225-40E0-832C-EB8E077A5CE7}.Debug|TwinCAT RT (x64).ActiveCfg = Debug|TwinCAT RT (x64)
		{37585681-C225-40E0-832C-EB8E077A5CE7}.Debug|TwinCAT RT (x64).Build.0 = Debug|TwinCAT RT (x64)
		{37585681-C225-40E0-832C-EB8E077A5CE7}.Debug|TwinCAT RT (x86).ActiveCfg = Debug|TwinCAT RT (x86)
		{37585681-C225-40E0-832C-EB8E077A5CE7}.Debug|TwinCAT RT (x86).Build.0 = Debug|TwinCAT RT (x86)
		{37585681-C225-40E0-832C-EB8E077A5CE7}.Release|Any CPU.ActiveCfg = Release|TwinCAT RT (x86)
		{37585681-C225-40E0-832C-EB8E077A5CE7}.Release|TwinCAT CE7 (ARMV7).ActiveCfg = Release|TwinCAT CE7 (ARMV7)
		{37585681-C225-40E0-832C-EB8E077A5CE7}.Release|TwinCAT CE7 (ARMV7).Build.0 = Release|TwinCAT CE7 (ARMV7)
		{37585681-C225-40E0-832C-EB8E077A5CE7}.Release|TwinCAT OS (ARMT2).ActiveCfg = Release|TwinCAT OS (ARMT2)
		{37585681-C225-40E0-832C-EB8E077A5CE7}.Release|TwinCAT OS (ARMT2).Build.0 = Release|TwinCAT OS (ARMT2)
		{37585681-C225-40E0-832C-EB8E077A5CE7}.Release|TwinCAT RT (x64).ActiveCfg = Release|TwinCAT RT (x64)
		{37585681-C225-40E0-832C-EB8E077A5CE7}.Release|TwinCAT RT (x64).Build.0 = Release|TwinCAT RT (x64)
		{37585681-C225-40E0-832C-EB8E077A5CE7}.Release|TwinCAT RT (x86).ActiveCfg = Release|TwinCAT RT (x86)
		{37585681-C225-40E0-832C-EB8E077A5CE7}.Release|TwinCAT RT (x86).Build.0 = Release|TwinCAT RT (x86)
		{37585681-C225-40E0-832C-EB8E077A5CE7}.ReleaseDevelop|Any CPU.ActiveCfg = Release|TwinCAT RT (x86)
		{37585681-C225-40E0-832C-EB8E077A5CE7}.ReleaseDevelop|Any CPU.Build.0 = Release|TwinCAT RT (x86)
		{37585681-C225-40E0-832C-EB8E077A5CE7}.ReleaseDevelop|TwinCAT CE7 (ARMV7).ActiveCfg = Release|TwinCAT CE7 (ARMV7)
		{37585681-C225-40E0-832C-EB8E077A5CE7}.ReleaseDevelop|TwinCAT CE7 (ARMV7).Build.0 = Release|TwinCAT CE7 (ARMV7)
		{37585681-C225-40E0-832C-EB8E077A5CE7}.ReleaseDevelop|TwinCAT OS (ARMT2).ActiveCfg = Release|TwinCAT OS (ARMT2)
		{37585681-C225-40E0-832C-EB8E077A5CE7}.ReleaseDevelop|TwinCAT OS (ARMT2).Build.0 = Release|TwinCAT OS (ARMT2)
		{37585681-C225-40E0-832C-EB8E077A5CE7}.ReleaseDevelop|TwinCAT RT (x64).ActiveCfg = Release|TwinCAT RT (x64)
		{37585681-C225-40E0-832C-EB8E077A5CE7}.ReleaseDevelop|TwinCAT RT (x64).Build.0 = Release|TwinCAT RT (x64)
		{37585681-C225-40E0-832C-EB8E077A5CE7}.ReleaseDevelop|TwinCAT RT (x86).ActiveCfg = Release|TwinCAT RT (x86)
		{37585681-C225-40E0-832C-EB8E077A5CE7}.ReleaseDevelop|TwinCAT RT (x86).Build.0 = Release|TwinCAT RT (x86)
		{9BCC6DE2-B67E-4030-A626-A4DAF914FAA2}.Debug|Any CPU.ActiveCfg = Debug|Any CPU
		{9BCC6DE2-B67E-4030-A626-A4DAF914FAA2}.Debug|Any CPU.Build.0 = Debug|Any CPU
		{9BCC6DE2-B67E-4030-A626-A4DAF914FAA2}.Debug|TwinCAT CE7 (ARMV7).ActiveCfg = Debug|Any CPU
		{9BCC6DE2-B67E-4030-A626-A4DAF914FAA2}.Debug|TwinCAT CE7 (ARMV7).Build.0 = Debug|Any CPU
		{9BCC6DE2-B67E-4030-A626-A4DAF914FAA2}.Debug|TwinCAT OS (ARMT2).ActiveCfg = Debug|Any CPU
		{9BCC6DE2-B67E-4030-A626-A4DAF914FAA2}.Debug|TwinCAT OS (ARMT2).Build.0 = Debug|Any CPU
		{9BCC6DE2-B67E-4030-A626-A4DAF914FAA2}.Debug|TwinCAT RT (x64).ActiveCfg = Debug|Any CPU
		{9BCC6DE2-B67E-4030-A626-A4DAF914FAA2}.Debug|TwinCAT RT (x64).Build.0 = Debug|Any CPU
		{9BCC6DE2-B67E-4030-A626-A4DAF914FAA2}.Debug|TwinCAT RT (x86).ActiveCfg = Debug|Any CPU
		{9BCC6DE2-B67E-4030-A626-A4DAF914FAA2}.Debug|TwinCAT RT (x86).Build.0 = Debug|Any CPU
		{9BCC6DE2-B67E-4030-A626-A4DAF914FAA2}.Release|Any CPU.ActiveCfg = Release|Any CPU
		{9BCC6DE2-B67E-4030-A626-A4DAF914FAA2}.Release|Any CPU.Build.0 = Release|Any CPU
		{9BCC6DE2-B67E-4030-A626-A4DAF914FAA2}.Release|TwinCAT CE7 (ARMV7).ActiveCfg = Release|Any CPU
		{9BCC6DE2-B67E-4030-A626-A4DAF914FAA2}.Release|TwinCAT CE7 (ARMV7).Build.0 = Release|Any CPU
		{9BCC6DE2-B67E-4030-A626-A4DAF914FAA2}.Release|TwinCAT OS (ARMT2).ActiveCfg = Release|Any CPU
		{9BCC6DE2-B67E-4030-A626-A4DAF914FAA2}.Release|TwinCAT OS (ARMT2).Build.0 = Release|Any CPU
		{9BCC6DE2-B67E-4030-A626-A4DAF914FAA2}.Release|TwinCAT RT (x64).ActiveCfg = Release|Any CPU
		{9BCC6DE2-B67E-4030-A626-A4DAF914FAA2}.Release|TwinCAT RT (x64).Build.0 = Release|Any CPU
		{9BCC6DE2-B67E-4030-A626-A4DAF914FAA2}.Release|TwinCAT RT (x86).ActiveCfg = Release|Any CPU
		{9BCC6DE2-B67E-4030-A626-A4DAF914FAA2}.Release|TwinCAT RT (x86).Build.0 = Release|Any CPU
		{9BCC6DE2-B67E-4030-A626-A4DAF914FAA2}.ReleaseDevelop|Any CPU.ActiveCfg = Release|Any CPU
		{9BCC6DE2-B67E-4030-A626-A4DAF914FAA2}.ReleaseDevelop|Any CPU.Build.0 = Release|Any CPU
		{9BCC6DE2-B67E-4030-A626-A4DAF914FAA2}.ReleaseDevelop|TwinCAT CE7 (ARMV7).ActiveCfg = Release|Any CPU
		{9BCC6DE2-B67E-4030-A626-A4DAF914FAA2}.ReleaseDevelop|TwinCAT CE7 (ARMV7).Build.0 = Release|Any CPU
		{9BCC6DE2-B67E-4030-A626-A4DAF914FAA2}.ReleaseDevelop|TwinCAT OS (ARMT2).ActiveCfg = Release|Any CPU
		{9BCC6DE2-B67E-4030-A626-A4DAF914FAA2}.ReleaseDevelop|TwinCAT OS (ARMT2).Build.0 = Release|Any CPU
		{9BCC6DE2-B67E-4030-A626-A4DAF914FAA2}.ReleaseDevelop|TwinCAT RT (x64).ActiveCfg = Release|Any CPU
		{9BCC6DE2-B67E-4030-A626-A4DAF914FAA2}.ReleaseDevelop|TwinCAT RT (x64).Build.0 = Release|Any CPU
		{9BCC6DE2-B67E-4030-A626-A4DAF914FAA2}.ReleaseDevelop|TwinCAT RT (x86).ActiveCfg = Release|Any CPU
		{9BCC6DE2-B67E-4030-A626-A4DAF914FAA2}.ReleaseDevelop|TwinCAT RT (x86).Build.0 = Release|Any CPU
		{095E8D81-53D6-4E3F-8F82-F9D6255E7AD0}.Debug|Any CPU.ActiveCfg = Debug|Any CPU
		{095E8D81-53D6-4E3F-8F82-F9D6255E7AD0}.Debug|Any CPU.Build.0 = Debug|Any CPU
		{095E8D81-53D6-4E3F-8F82-F9D6255E7AD0}.Debug|TwinCAT CE7 (ARMV7).ActiveCfg = Debug|Any CPU
		{095E8D81-53D6-4E3F-8F82-F9D6255E7AD0}.Debug|TwinCAT CE7 (ARMV7).Build.0 = Debug|Any CPU
		{095E8D81-53D6-4E3F-8F82-F9D6255E7AD0}.Debug|TwinCAT OS (ARMT2).ActiveCfg = Debug|Any CPU
		{095E8D81-53D6-4E3F-8F82-F9D6255E7AD0}.Debug|TwinCAT OS (ARMT2).Build.0 = Debug|Any CPU
		{095E8D81-53D6-4E3F-8F82-F9D6255E7AD0}.Debug|TwinCAT RT (x64).ActiveCfg = Debug|Any CPU
		{095E8D81-53D6-4E3F-8F82-F9D6255E7AD0}.Debug|TwinCAT RT (x64).Build.0 = Debug|Any CPU
		{095E8D81-53D6-4E3F-8F82-F9D6255E7AD0}.Debug|TwinCAT RT (x86).ActiveCfg = Debug|Any CPU
		{095E8D81-53D6-4E3F-8F82-F9D6255E7AD0}.Debug|TwinCAT RT (x86).Build.0 = Debug|Any CPU
		{095E8D81-53D6-4E3F-8F82-F9D6255E7AD0}.Release|Any CPU.ActiveCfg = Release|Any CPU
		{095E8D81-53D6-4E3F-8F82-F9D6255E7AD0}.Release|Any CPU.Build.0 = Release|Any CPU
		{095E8D81-53D6-4E3F-8F82-F9D6255E7AD0}.Release|TwinCAT CE7 (ARMV7).ActiveCfg = Release|Any CPU
		{095E8D81-53D6-4E3F-8F82-F9D6255E7AD0}.Release|TwinCAT CE7 (ARMV7).Build.0 = Release|Any CPU
		{095E8D81-53D6-4E3F-8F82-F9D6255E7AD0}.Release|TwinCAT OS (ARMT2).ActiveCfg = Release|Any CPU
		{095E8D81-53D6-4E3F-8F82-F9D6255E7AD0}.Release|TwinCAT OS (ARMT2).Build.0 = Release|Any CPU
		{095E8D81-53D6-4E3F-8F82-F9D6255E7AD0}.Release|TwinCAT RT (x64).ActiveCfg = Release|Any CPU
		{095E8D81-53D6-4E3F-8F82-F9D6255E7AD0}.Release|TwinCAT RT (x64).Build.0 = Release|Any CPU
		{095E8D81-53D6-4E3F-8F82-F9D6255E7AD0}.Release|TwinCAT RT (x86).ActiveCfg = Release|Any CPU
		{095E8D81-53D6-4E3F-8F82-F9D6255E7AD0}.Release|TwinCAT RT (x86).Build.0 = Release|Any CPU
		{095E8D81-53D6-4E3F-8F82-F9D6255E7AD0}.ReleaseDevelop|Any CPU.ActiveCfg = Release|Any CPU
		{095E8D81-53D6-4E3F-8F82-F9D6255E7AD0}.ReleaseDevelop|Any CPU.Build.0 = Release|Any CPU
		{095E8D81-53D6-4E3F-8F82-F9D6255E7AD0}.ReleaseDevelop|TwinCAT CE7 (ARMV7).ActiveCfg = Release|Any CPU
		{095E8D81-53D6-4E3F-8F82-F9D6255E7AD0}.ReleaseDevelop|TwinCAT CE7 (ARMV7).Build.0 = Release|Any CPU
		{095E8D81-53D6-4E3F-8F82-F9D6255E7AD0}.ReleaseDevelop|TwinCAT OS (ARMT2).ActiveCfg = Release|Any CPU
		{095E8D81-53D6-4E3F-8F82-F9D6255E7AD0}.ReleaseDevelop|TwinCAT OS (ARMT2).Build.0 = Release|Any CPU
		{095E8D81-53D6-4E3F-8F82-F9D6255E7AD0}.ReleaseDevelop|TwinCAT RT (x64).ActiveCfg = Release|Any CPU
		{095E8D81-53D6-4E3F-8F82-F9D6255E7AD0}.ReleaseDevelop|TwinCAT RT (x64).Build.0 = Release|Any CPU
		{095E8D81-53D6-4E3F-8F82-F9D6255E7AD0}.ReleaseDevelop|TwinCAT RT (x86).ActiveCfg = Release|Any CPU
		{095E8D81-53D6-4E3F-8F82-F9D6255E7AD0}.ReleaseDevelop|TwinCAT RT (x86).Build.0 = Release|Any CPU
		{60477712-18D4-4EB9-AEFE-80BDB903D21A}.Debug|Any CPU.ActiveCfg = Debug|Any CPU
		{60477712-18D4-4EB9-AEFE-80BDB903D21A}.Debug|Any CPU.Build.0 = Debug|Any CPU
		{60477712-18D4-4EB9-AEFE-80BDB903D21A}.Debug|TwinCAT CE7 (ARMV7).ActiveCfg = Debug|Any CPU
		{60477712-18D4-4EB9-AEFE-80BDB903D21A}.Debug|TwinCAT CE7 (ARMV7).Build.0 = Debug|Any CPU
		{60477712-18D4-4EB9-AEFE-80BDB903D21A}.Debug|TwinCAT OS (ARMT2).ActiveCfg = Debug|Any CPU
		{60477712-18D4-4EB9-AEFE-80BDB903D21A}.Debug|TwinCAT OS (ARMT2).Build.0 = Debug|Any CPU
		{60477712-18D4-4EB9-AEFE-80BDB903D21A}.Debug|TwinCAT RT (x64).ActiveCfg = Debug|Any CPU
		{60477712-18D4-4EB9-AEFE-80BDB903D21A}.Debug|TwinCAT RT (x64).Build.0 = Debug|Any CPU
		{60477712-18D4-4EB9-AEFE-80BDB903D21A}.Debug|TwinCAT RT (x86).ActiveCfg = Debug|Any CPU
		{60477712-18D4-4EB9-AEFE-80BDB903D21A}.Debug|TwinCAT RT (x86).Build.0 = Debug|Any CPU
		{60477712-18D4-4EB9-AEFE-80BDB903D21A}.Release|Any CPU.ActiveCfg = Release|Any CPU
		{60477712-18D4-4EB9-AEFE-80BDB903D21A}.Release|Any CPU.Build.0 = Release|Any CPU
		{60477712-18D4-4EB9-AEFE-80BDB903D21A}.Release|TwinCAT CE7 (ARMV7).ActiveCfg = Release|Any CPU
		{60477712-18D4-4EB9-AEFE-80BDB903D21A}.Release|TwinCAT CE7 (ARMV7).Build.0 = Release|Any CPU
		{60477712-18D4-4EB9-AEFE-80BDB903D21A}.Release|TwinCAT OS (ARMT2).ActiveCfg = Release|Any CPU
		{60477712-18D4-4EB9-AEFE-80BDB903D21A}.Release|TwinCAT OS (ARMT2).Build.0 = Release|Any CPU
		{60477712-18D4-4EB9-AEFE-80BDB903D21A}.Release|TwinCAT RT (x64).ActiveCfg = Release|Any CPU
		{60477712-18D4-4EB9-AEFE-80BDB903D21A}.Release|TwinCAT RT (x64).Build.0 = Release|Any CPU
		{60477712-18D4-4EB9-AEFE-80BDB903D21A}.Release|TwinCAT RT (x86).ActiveCfg = Release|Any CPU
		{60477712-18D4-4EB9-AEFE-80BDB903D21A}.Release|TwinCAT RT (x86).Build.0 = Release|Any CPU
		{60477712-18D4-4EB9-AEFE-80BDB903D21A}.ReleaseDevelop|Any CPU.ActiveCfg = Release|Any CPU
		{60477712-18D4-4EB9-AEFE-80BDB903D21A}.ReleaseDevelop|Any CPU.Build.0 = Release|Any CPU
		{60477712-18D4-4EB9-AEFE-80BDB903D21A}.ReleaseDevelop|TwinCAT CE7 (ARMV7).ActiveCfg = Release|Any CPU
		{60477712-18D4-4EB9-AEFE-80BDB903D21A}.ReleaseDevelop|TwinCAT CE7 (ARMV7).Build.0 = Release|Any CPU
		{60477712-18D4-4EB9-AEFE-80BDB903D21A}.ReleaseDevelop|TwinCAT OS (ARMT2).ActiveCfg = Release|Any CPU
		{60477712-18D4-4EB9-AEFE-80BDB903D21A}.ReleaseDevelop|TwinCAT OS (ARMT2).Build.0 = Release|Any CPU
		{60477712-18D4-4EB9-AEFE-80BDB903D21A}.ReleaseDevelop|TwinCAT RT (x64).ActiveCfg = Release|Any CPU
		{60477712-18D4-4EB9-AEFE-80BDB903D21A}.ReleaseDevelop|TwinCAT RT (x64).Build.0 = Release|Any CPU
		{60477712-18D4-4EB9-AEFE-80BDB903D21A}.ReleaseDevelop|TwinCAT RT (x86).ActiveCfg = Release|Any CPU
		{60477712-18D4-4EB9-AEFE-80BDB903D21A}.ReleaseDevelop|TwinCAT RT (x86).Build.0 = Release|Any CPU
		{B128B7A5-E6F5-4544-9508-5F0028058086}.Debug|Any CPU.ActiveCfg = Debug|TwinCAT RT (x86)
		{B128B7A5-E6F5-4544-9508-5F0028058086}.Debug|TwinCAT CE7 (ARMV7).ActiveCfg = Debug|TwinCAT CE7 (ARMV7)
		{B128B7A5-E6F5-4544-9508-5F0028058086}.Debug|TwinCAT CE7 (ARMV7).Build.0 = Debug|TwinCAT CE7 (ARMV7)
		{B128B7A5-E6F5-4544-9508-5F0028058086}.Debug|TwinCAT OS (ARMT2).ActiveCfg = Debug|TwinCAT OS (ARMT2)
		{B128B7A5-E6F5-4544-9508-5F0028058086}.Debug|TwinCAT OS (ARMT2).Build.0 = Debug|TwinCAT OS (ARMT2)
		{B128B7A5-E6F5-4544-9508-5F0028058086}.Debug|TwinCAT RT (x64).ActiveCfg = Debug|TwinCAT RT (x64)
		{B128B7A5-E6F5-4544-9508-5F0028058086}.Debug|TwinCAT RT (x64).Build.0 = Debug|TwinCAT RT (x64)
		{B128B7A5-E6F5-4544-9508-5F0028058086}.Debug|TwinCAT RT (x86).ActiveCfg = Debug|TwinCAT RT (x86)
		{B128B7A5-E6F5-4544-9508-5F0028058086}.Debug|TwinCAT RT (x86).Build.0 = Debug|TwinCAT RT (x86)
		{B128B7A5-E6F5-4544-9508-5F0028058086}.Release|Any CPU.ActiveCfg = Release|TwinCAT RT (x86)
		{B128B7A5-E6F5-4544-9508-5F0028058086}.Release|TwinCAT CE7 (ARMV7).ActiveCfg = Release|TwinCAT CE7 (ARMV7)
		{B128B7A5-E6F5-4544-9508-5F0028058086}.Release|TwinCAT CE7 (ARMV7).Build.0 = Release|TwinCAT CE7 (ARMV7)
		{B128B7A5-E6F5-4544-9508-5F0028058086}.Release|TwinCAT OS (ARMT2).ActiveCfg = Release|TwinCAT OS (ARMT2)
		{B128B7A5-E6F5-4544-9508-5F0028058086}.Release|TwinCAT OS (ARMT2).Build.0 = Release|TwinCAT OS (ARMT2)
		{B128B7A5-E6F5-4544-9508-5F0028058086}.Release|TwinCAT RT (x64).ActiveCfg = Release|TwinCAT RT (x64)
		{B128B7A5-E6F5-4544-9508-5F0028058086}.Release|TwinCAT RT (x64).Build.0 = Release|TwinCAT RT (x64)
		{B128B7A5-E6F5-4544-9508-5F0028058086}.Release|TwinCAT RT (x86).ActiveCfg = Release|TwinCAT RT (x86)
		{B128B7A5-E6F5-4544-9508-5F0028058086}.Release|TwinCAT RT (x86).Build.0 = Release|TwinCAT RT (x86)
		{B128B7A5-E6F5-4544-9508-5F0028058086}.ReleaseDevelop|Any CPU.ActiveCfg = Release|TwinCAT RT (x86)
		{B128B7A5-E6F5-4544-9508-5F0028058086}.ReleaseDevelop|Any CPU.Build.0 = Release|TwinCAT RT (x86)
		{B128B7A5-E6F5-4544-9508-5F0028058086}.ReleaseDevelop|TwinCAT CE7 (ARMV7).ActiveCfg = Release|TwinCAT CE7 (ARMV7)
		{B128B7A5-E6F5-4544-9508-5F0028058086}.ReleaseDevelop|TwinCAT CE7 (ARMV7).Build.0 = Release|TwinCAT CE7 (ARMV7)
		{B128B7A5-E6F5-4544-9508-5F0028058086}.ReleaseDevelop|TwinCAT OS (ARMT2).ActiveCfg = Release|TwinCAT OS (ARMT2)
		{B128B7A5-E6F5-4544-9508-5F0028058086}.ReleaseDevelop|TwinCAT OS (ARMT2).Build.0 = Release|TwinCAT OS (ARMT2)
		{B128B7A5-E6F5-4544-9508-5F0028058086}.ReleaseDevelop|TwinCAT RT (x64).ActiveCfg = Release|TwinCAT RT (x64)
		{B128B7A5-E6F5-4544-9508-5F0028058086}.ReleaseDevelop|TwinCAT RT (x64).Build.0 = Release|TwinCAT RT (x64)
		{B128B7A5-E6F5-4544-9508-5F0028058086}.ReleaseDevelop|TwinCAT RT (x86).ActiveCfg = Release|TwinCAT RT (x86)
		{B128B7A5-E6F5-4544-9508-5F0028058086}.ReleaseDevelop|TwinCAT RT (x86).Build.0 = Release|TwinCAT RT (x86)
		{69FD542B-8D82-415F-9189-1193D0B5F069}.Debug|Any CPU.ActiveCfg = Debug|TwinCAT RT (x86)
		{69FD542B-8D82-415F-9189-1193D0B5F069}.Debug|TwinCAT CE7 (ARMV7).ActiveCfg = Debug|TwinCAT CE7 (ARMV7)
		{69FD542B-8D82-415F-9189-1193D0B5F069}.Debug|TwinCAT CE7 (ARMV7).Build.0 = Debug|TwinCAT CE7 (ARMV7)
		{69FD542B-8D82-415F-9189-1193D0B5F069}.Debug|TwinCAT OS (ARMT2).ActiveCfg = Debug|TwinCAT OS (ARMT2)
		{69FD542B-8D82-415F-9189-1193D0B5F069}.Debug|TwinCAT OS (ARMT2).Build.0 = Debug|TwinCAT OS (ARMT2)
		{69FD542B-8D82-415F-9189-1193D0B5F069}.Debug|TwinCAT RT (x64).ActiveCfg = Debug|TwinCAT RT (x64)
		{69FD542B-8D82-415F-9189-1193D0B5F069}.Debug|TwinCAT RT (x64).Build.0 = Debug|TwinCAT RT (x64)
		{69FD542B-8D82-415F-9189-1193D0B5F069}.Debug|TwinCAT RT (x86).ActiveCfg = Debug|TwinCAT RT (x86)
		{69FD542B-8D82-415F-9189-1193D0B5F069}.Debug|TwinCAT RT (x86).Build.0 = Debug|TwinCAT RT (x86)
		{69FD542B-8D82-415F-9189-1193D0B5F069}.Release|Any CPU.ActiveCfg = Release|TwinCAT RT (x86)
		{69FD542B-8D82-415F-9189-1193D0B5F069}.Release|TwinCAT CE7 (ARMV7).ActiveCfg = Release|TwinCAT CE7 (ARMV7)
		{69FD542B-8D82-415F-9189-1193D0B5F069}.Release|TwinCAT CE7 (ARMV7).Build.0 = Release|TwinCAT CE7 (ARMV7)
		{69FD542B-8D82-415F-9189-1193D0B5F069}.Release|TwinCAT OS (ARMT2).ActiveCfg = Release|TwinCAT OS (ARMT2)
		{69FD542B-8D82-415F-9189-1193D0B5F069}.Release|TwinCAT OS (ARMT2).Build.0 = Release|TwinCAT OS (ARMT2)
		{69FD542B-8D82-415F-9189-1193D0B5F069}.Release|TwinCAT RT (x64).ActiveCfg = Release|TwinCAT RT (x64)
		{69FD542B-8D82-415F-9189-1193D0B5F069}.Release|TwinCAT RT (x64).Build.0 = Release|TwinCAT RT (x64)
		{69FD542B-8D82-415F-9189-1193D0B5F069}.Release|TwinCAT RT (x86).ActiveCfg = Release|TwinCAT RT (x86)
		{69FD542B-8D82-415F-9189-1193D0B5F069}.Release|TwinCAT RT (x86).Build.0 = Release|TwinCAT RT (x86)
		{69FD542B-8D82-415F-9189-1193D0B5F069}.ReleaseDevelop|Any CPU.ActiveCfg = Release|TwinCAT RT (x86)
		{69FD542B-8D82-415F-9189-1193D0B5F069}.ReleaseDevelop|Any CPU.Build.0 = Release|TwinCAT RT (x86)
		{69FD542B-8D82-415F-9189-1193D0B5F069}.ReleaseDevelop|TwinCAT CE7 (ARMV7).ActiveCfg = Release|TwinCAT CE7 (ARMV7)
		{69FD542B-8D82-415F-9189-1193D0B5F069}.ReleaseDevelop|TwinCAT CE7 (ARMV7).Build.0 = Release|TwinCAT CE7 (ARMV7)
		{69FD542B-8D82-415F-9189-1193D0B5F069}.ReleaseDevelop|TwinCAT OS (ARMT2).ActiveCfg = Release|TwinCAT OS (ARMT2)
		{69FD542B-8D82-415F-9189-1193D0B5F069}.ReleaseDevelop|TwinCAT OS (ARMT2).Build.0 = Release|TwinCAT OS (ARMT2)
		{69FD542B-8D82-415F-9189-1193D0B5F069}.ReleaseDevelop|TwinCAT RT (x64).ActiveCfg = Release|TwinCAT RT (x64)
		{69FD542B-8D82-415F-9189-1193D0B5F069}.ReleaseDevelop|TwinCAT RT (x64).Build.0 = Release|TwinCAT RT (x64)
		{69FD542B-8D82-415F-9189-1193D0B5F069}.ReleaseDevelop|TwinCAT RT (x86).ActiveCfg = Release|TwinCAT RT (x86)
		{69FD542B-8D82-415F-9189-1193D0B5F069}.ReleaseDevelop|TwinCAT RT (x86).Build.0 = Release|TwinCAT RT (x86)
	EndGlobalSection
	GlobalSection(SolutionProperties) = preSolution
		HideSolutionNode = FALSE
	EndGlobalSection
	GlobalSection(NestedProjects) = preSolution
		{531250A7-DF72-4494-9D08-14AF94B886A1} = {F445D349-F450-4179-8F8A-F88B20168127}
		{CF798B3E-497C-4AF1-9270-DD3030968911} = {F445D349-F450-4179-8F8A-F88B20168127}
		{57080225-0018-42DF-BC6A-6931D9B4F589} = {90D7BFF7-1E3C-48E0-A32A-9A35FDA06088}
		{33B89E05-0F1B-447C-BBA3-E97EE2FC5446} = {90D7BFF7-1E3C-48E0-A32A-9A35FDA06088}
		{01D85C75-460D-49B2-AD64-FC5F5AF0A9A6} = {5D39C2C0-B436-4864-93E6-0F335C0A5F51}
		{269172C0-2C17-490A-83F3-039F1C6E2323} = {5D39C2C0-B436-4864-93E6-0F335C0A5F51}
		{D990DE99-77B3-467E-BF15-D29679EE95C4} = {01D85C75-460D-49B2-AD64-FC5F5AF0A9A6}
		{83711BD4-6351-49EA-B593-19071E9D00D6} = {01D85C75-460D-49B2-AD64-FC5F5AF0A9A6}
		{39D84538-69DF-46F4-9E2F-272A81B72C66} = {01D85C75-460D-49B2-AD64-FC5F5AF0A9A6}
		{2D36B77A-7C75-4E30-BF27-A57C7D98208B} = {269172C0-2C17-490A-83F3-039F1C6E2323}
		{B573B045-4A4E-4EAB-BAC4-D2DDC0FCF9BE} = {269172C0-2C17-490A-83F3-039F1C6E2323}
		{B73E13D6-80CA-481C-9A44-7FCB10ADC841} = {269172C0-2C17-490A-83F3-039F1C6E2323}
		{1A918A84-92CA-4E50-A9A6-14A6AB25AA0A} = {269172C0-2C17-490A-83F3-039F1C6E2323}
		{43512AAA-557A-4668-81D4-456DE2085C20} = {57080225-0018-42DF-BC6A-6931D9B4F589}
		{2E1E49AF-F9D7-42A2-88C3-10B16E39C702} = {57080225-0018-42DF-BC6A-6931D9B4F589}
		{DBA4D0D5-593D-4D86-AF31-83D9F9C0E3DD} = {57080225-0018-42DF-BC6A-6931D9B4F589}
		{C63AC70E-76C0-4536-B57D-6A325CB64C21} = {531250A7-DF72-4494-9D08-14AF94B886A1}
		{46A8EA3F-E9B9-4281-8073-657A5E46F5FC} = {531250A7-DF72-4494-9D08-14AF94B886A1}
		{2E6C2CE4-12CE-4A6F-A95F-B4C5E04FE0E4} = {531250A7-DF72-4494-9D08-14AF94B886A1}
		{92188AEB-3F2A-403A-A3D5-AC0B21DCDBFA} = {CF798B3E-497C-4AF1-9270-DD3030968911}
		{06AE5479-22D0-4BCF-9112-A431E59F0596} = {CF798B3E-497C-4AF1-9270-DD3030968911}
		{045B7A24-E6BF-45AA-B00C-63A8726F4D65} = {CF798B3E-497C-4AF1-9270-DD3030968911}
		{EF70FF38-22B7-4BA3-B946-32522E7A0072} = {2F807C41-9462-47B4-B278-4B6C1907AA36}
		{80DF2836-FD54-438B-8754-3584FE808383} = {FB9E08DA-4550-4BAB-B694-2E7F041A8AF6}
		{AB86699C-3DF8-4E72-8092-F25405D28D64} = {FB9E08DA-4550-4BAB-B694-2E7F041A8AF6}
		{9BCC6DE2-B67E-4030-A626-A4DAF914FAA2} = {80DF2836-FD54-438B-8754-3584FE808383}
		{095E8D81-53D6-4E3F-8F82-F9D6255E7AD0} = {AB86699C-3DF8-4E72-8092-F25405D28D64}
		{60477712-18D4-4EB9-AEFE-80BDB903D21A} = {AB86699C-3DF8-4E72-8092-F25405D28D64}
		{B128B7A5-E6F5-4544-9508-5F0028058086} = {AB86699C-3DF8-4E72-8092-F25405D28D64}
	EndGlobalSection
	GlobalSection(ExtensibilityGlobals) = postSolution
		SolutionGuid = {D3448A2B-59D1-4DD2-AE4B-0EFF7BC92E81}
	EndGlobalSection
EndGlobal
