
Microsoft Visual Studio Solution File, Format Version 12.00
# Visual Studio Version 16
VisualStudioVersion = 16.0.30523.141
MinimumVisualStudioVersion = 10.0.40219.1
Project("{2150E333-8FDC-42A3-9474-1A3956D46DE8}") = "src", "src", "{531250A7-DF72-4494-9D08-14AF94B886A1}"
EndProject
Project("{2150E333-8FDC-42A3-9474-1A3956D46DE8}") = "tests", "tests", "{CF798B3E-497C-4AF1-9270-DD3030968911}"
EndProject
Project("{2150E333-8FDC-42A3-9474-1A3956D46DE8}") = "docs", "docs", "{98176082-3EE2-4D13-92A2-51A748B167AE}"
	ProjectSection(SolutionItems) = preProject
		docs\Conventions.md = docs\Conventions.md
		docs\Introduction.md = docs\Introduction.md
		README.md = README.md
	EndProjectSection
EndProject
Project("{2150E333-8FDC-42A3-9474-1A3956D46DE8}") = "Sandbox", "Sandbox", "{AEE8FD60-EB8B-4A03-8135-0792271EA960}"
EndProject
Project("{2150E333-8FDC-42A3-9474-1A3956D46DE8}") = "_SolutionItems", "_SolutionItems", "{2F807C41-9462-47B4-B278-4B6C1907AA36}"
	ProjectSection(SolutionItems) = preProject
		.gitignore = .gitignore
		GitVersion.yml = GitVersion.yml
		publish.ps1 = publish.ps1
		README.md = README.md
		restore.ps1 = restore.ps1
	EndProjectSection
EndProject
Project("{B1E792BE-AA5F-4E3C-8C82-674BF9C0715B}") = "XaeTcoPneumatics", "TcoPneumatics\src\XaeTcOpen\XaeTcoPneumatics.tsproj", "{2E6C2CE4-12CE-4A6F-A95F-B4C5E04FE0E4}"
EndProject
Project("{9A19103F-16F7-4668-BE54-9A1E7A4F7556}") = "TcoPneumatics.Wpf.Sandbox", "TcoPneumatics\tests\Sandbox\PlcOpen.Wpf.Sandbox\TcoPneumatics.Wpf.Sandbox.csproj", "{664784AD-4DEB-43E5-B4EA-4F535FE7C129}"
EndProject
Project("{9A19103F-16F7-4668-BE54-9A1E7A4F7556}") = "nUnitTcOpenTests", "TcoPneumatics\tests\nUnitTcOpenTests\nUnitTcOpenTests.csproj", "{2578FB35-7581-4EE3-A048-92DEB3FBCEBA}"
EndProject
Project("{9A19103F-16F7-4668-BE54-9A1E7A4F7556}") = "xUnitTcOpenTests", "TcoPneumatics\tests\xUnitTcOpenTests\xUnitTcOpenTests.csproj", "{7BA16530-985D-4EDD-AD83-A6F439FF4377}"
EndProject
Project("{2150E333-8FDC-42A3-9474-1A3956D46DE8}") = "TcoPneumatics", "TcoPneumatics", "{F445D349-F450-4179-8F8A-F88B20168127}"
EndProject
Project("{9A19103F-16F7-4668-BE54-9A1E7A4F7556}") = "TcoPneumaticsConnector", "TcoPneumatics\src\connectors\TcoPneumaticsConnector\TcoPneumaticsConnector.csproj", "{7C169936-C0F9-4B05-A166-3CB895DF86C9}"
EndProject
Project("{9A19103F-16F7-4668-BE54-9A1E7A4F7556}") = "TcoPneumatics.Wpf", "TcoPneumatics\src\presentation\wpf\TcoPneumatics.Wpf\TcoPneumatics.Wpf.csproj", "{908816E9-A77D-4A21-874E-C178D2947219}"
EndProject
Project("{2150E333-8FDC-42A3-9474-1A3956D46DE8}") = "TcoIoBeckhoff", "TcoIoBeckhoff", "{90D7BFF7-1E3C-48E0-A32A-9A35FDA06088}"
EndProject
Project("{2150E333-8FDC-42A3-9474-1A3956D46DE8}") = "src", "src", "{57080225-0018-42DF-BC6A-6931D9B4F589}"
EndProject
Project("{2150E333-8FDC-42A3-9474-1A3956D46DE8}") = "tests", "tests", "{33B89E05-0F1B-447C-BBA3-E97EE2FC5446}"
EndProject
Project("{9A19103F-16F7-4668-BE54-9A1E7A4F7556}") = "TcoIoBeckhoffConnector", "TcoIoBeckhoff\src\connectors\TcoIoBeckhoffConnector\TcoIoBeckhoffConnector.csproj", "{03640F28-0850-4DFC-91C5-9590F5483D88}"
EndProject
Project("{9A19103F-16F7-4668-BE54-9A1E7A4F7556}") = "TcoIoBeckhoff.Wpf", "TcoIoBeckhoff\src\presentation\wpf\TcoIoBeckhoff.Wpf\TcoIoBeckhoff.Wpf.csproj", "{F631E4F3-47A7-437D-8227-DEFBD854AF72}"
EndProject
Project("{B1E792BE-AA5F-4E3C-8C82-674BF9C0715B}") = "XaeTcoIoBeckhoff", "TcoIoBeckhoff\src\XaeTcOpen\XaeTcoIoBeckhoff.tsproj", "{C9FFCA60-3C64-4EFA-96AA-FE0F7BEC70BC}"
EndProject
Global
	GlobalSection(SolutionConfigurationPlatforms) = preSolution
		Debug|Any CPU = Debug|Any CPU
		Debug|TwinCAT CE7 (ARMV7) = Debug|TwinCAT CE7 (ARMV7)
		Debug|TwinCAT OS (ARMT2) = Debug|TwinCAT OS (ARMT2)
		Debug|TwinCAT RT (x64) = Debug|TwinCAT RT (x64)
		Debug|TwinCAT RT (x86) = Debug|TwinCAT RT (x86)
		Release|Any CPU = Release|Any CPU
		Release|TwinCAT CE7 (ARMV7) = Release|TwinCAT CE7 (ARMV7)
		Release|TwinCAT OS (ARMT2) = Release|TwinCAT OS (ARMT2)
		Release|TwinCAT RT (x64) = Release|TwinCAT RT (x64)
		Release|TwinCAT RT (x86) = Release|TwinCAT RT (x86)
		ReleaseDevelop|Any CPU = ReleaseDevelop|Any CPU
		ReleaseDevelop|TwinCAT CE7 (ARMV7) = ReleaseDevelop|TwinCAT CE7 (ARMV7)
		ReleaseDevelop|TwinCAT OS (ARMT2) = ReleaseDevelop|TwinCAT OS (ARMT2)
		ReleaseDevelop|TwinCAT RT (x64) = ReleaseDevelop|TwinCAT RT (x64)
		ReleaseDevelop|TwinCAT RT (x86) = ReleaseDevelop|TwinCAT RT (x86)
	EndGlobalSection
	GlobalSection(ProjectConfigurationPlatforms) = postSolution
		{2E6C2CE4-12CE-4A6F-A95F-B4C5E04FE0E4}.Debug|Any CPU.ActiveCfg = Debug|TwinCAT RT (x86)
		{2E6C2CE4-12CE-4A6F-A95F-B4C5E04FE0E4}.Debug|TwinCAT CE7 (ARMV7).ActiveCfg = Debug|TwinCAT CE7 (ARMV7)
		{2E6C2CE4-12CE-4A6F-A95F-B4C5E04FE0E4}.Debug|TwinCAT CE7 (ARMV7).Build.0 = Debug|TwinCAT CE7 (ARMV7)
		{2E6C2CE4-12CE-4A6F-A95F-B4C5E04FE0E4}.Debug|TwinCAT OS (ARMT2).ActiveCfg = Debug|TwinCAT OS (ARMT2)
		{2E6C2CE4-12CE-4A6F-A95F-B4C5E04FE0E4}.Debug|TwinCAT OS (ARMT2).Build.0 = Debug|TwinCAT OS (ARMT2)
		{2E6C2CE4-12CE-4A6F-A95F-B4C5E04FE0E4}.Debug|TwinCAT RT (x64).ActiveCfg = Debug|TwinCAT RT (x64)
		{2E6C2CE4-12CE-4A6F-A95F-B4C5E04FE0E4}.Debug|TwinCAT RT (x64).Build.0 = Debug|TwinCAT RT (x64)
		{2E6C2CE4-12CE-4A6F-A95F-B4C5E04FE0E4}.Debug|TwinCAT RT (x86).ActiveCfg = Debug|TwinCAT RT (x86)
		{2E6C2CE4-12CE-4A6F-A95F-B4C5E04FE0E4}.Debug|TwinCAT RT (x86).Build.0 = Debug|TwinCAT RT (x86)
		{2E6C2CE4-12CE-4A6F-A95F-B4C5E04FE0E4}.Release|Any CPU.ActiveCfg = Release|TwinCAT RT (x86)
		{2E6C2CE4-12CE-4A6F-A95F-B4C5E04FE0E4}.Release|TwinCAT CE7 (ARMV7).ActiveCfg = Release|TwinCAT CE7 (ARMV7)
		{2E6C2CE4-12CE-4A6F-A95F-B4C5E04FE0E4}.Release|TwinCAT CE7 (ARMV7).Build.0 = Release|TwinCAT CE7 (ARMV7)
		{2E6C2CE4-12CE-4A6F-A95F-B4C5E04FE0E4}.Release|TwinCAT OS (ARMT2).ActiveCfg = Release|TwinCAT OS (ARMT2)
		{2E6C2CE4-12CE-4A6F-A95F-B4C5E04FE0E4}.Release|TwinCAT OS (ARMT2).Build.0 = Release|TwinCAT OS (ARMT2)
		{2E6C2CE4-12CE-4A6F-A95F-B4C5E04FE0E4}.Release|TwinCAT RT (x64).ActiveCfg = Release|TwinCAT RT (x64)
		{2E6C2CE4-12CE-4A6F-A95F-B4C5E04FE0E4}.Release|TwinCAT RT (x64).Build.0 = Release|TwinCAT RT (x64)
		{2E6C2CE4-12CE-4A6F-A95F-B4C5E04FE0E4}.Release|TwinCAT RT (x86).ActiveCfg = Release|TwinCAT RT (x86)
		{2E6C2CE4-12CE-4A6F-A95F-B4C5E04FE0E4}.Release|TwinCAT RT (x86).Build.0 = Release|TwinCAT RT (x86)
		{2E6C2CE4-12CE-4A6F-A95F-B4C5E04FE0E4}.ReleaseDevelop|Any CPU.ActiveCfg = Release|TwinCAT RT (x86)
		{2E6C2CE4-12CE-4A6F-A95F-B4C5E04FE0E4}.ReleaseDevelop|Any CPU.Build.0 = Release|TwinCAT RT (x86)
		{2E6C2CE4-12CE-4A6F-A95F-B4C5E04FE0E4}.ReleaseDevelop|TwinCAT CE7 (ARMV7).ActiveCfg = Release|TwinCAT CE7 (ARMV7)
		{2E6C2CE4-12CE-4A6F-A95F-B4C5E04FE0E4}.ReleaseDevelop|TwinCAT CE7 (ARMV7).Build.0 = Release|TwinCAT CE7 (ARMV7)
		{2E6C2CE4-12CE-4A6F-A95F-B4C5E04FE0E4}.ReleaseDevelop|TwinCAT OS (ARMT2).ActiveCfg = Release|TwinCAT OS (ARMT2)
		{2E6C2CE4-12CE-4A6F-A95F-B4C5E04FE0E4}.ReleaseDevelop|TwinCAT OS (ARMT2).Build.0 = Release|TwinCAT OS (ARMT2)
		{2E6C2CE4-12CE-4A6F-A95F-B4C5E04FE0E4}.ReleaseDevelop|TwinCAT RT (x64).ActiveCfg = Release|TwinCAT RT (x64)
		{2E6C2CE4-12CE-4A6F-A95F-B4C5E04FE0E4}.ReleaseDevelop|TwinCAT RT (x64).Build.0 = Release|TwinCAT RT (x64)
		{2E6C2CE4-12CE-4A6F-A95F-B4C5E04FE0E4}.ReleaseDevelop|TwinCAT RT (x86).ActiveCfg = Release|TwinCAT RT (x86)
		{2E6C2CE4-12CE-4A6F-A95F-B4C5E04FE0E4}.ReleaseDevelop|TwinCAT RT (x86).Build.0 = Release|TwinCAT RT (x86)
		{664784AD-4DEB-43E5-B4EA-4F535FE7C129}.Debug|Any CPU.ActiveCfg = Debug|Any CPU
		{664784AD-4DEB-43E5-B4EA-4F535FE7C129}.Debug|Any CPU.Build.0 = Debug|Any CPU
		{664784AD-4DEB-43E5-B4EA-4F535FE7C129}.Debug|TwinCAT CE7 (ARMV7).ActiveCfg = Debug|Any CPU
		{664784AD-4DEB-43E5-B4EA-4F535FE7C129}.Debug|TwinCAT CE7 (ARMV7).Build.0 = Debug|Any CPU
		{664784AD-4DEB-43E5-B4EA-4F535FE7C129}.Debug|TwinCAT OS (ARMT2).ActiveCfg = Debug|Any CPU
		{664784AD-4DEB-43E5-B4EA-4F535FE7C129}.Debug|TwinCAT OS (ARMT2).Build.0 = Debug|Any CPU
		{664784AD-4DEB-43E5-B4EA-4F535FE7C129}.Debug|TwinCAT RT (x64).ActiveCfg = Debug|Any CPU
		{664784AD-4DEB-43E5-B4EA-4F535FE7C129}.Debug|TwinCAT RT (x64).Build.0 = Debug|Any CPU
		{664784AD-4DEB-43E5-B4EA-4F535FE7C129}.Debug|TwinCAT RT (x86).ActiveCfg = Debug|Any CPU
		{664784AD-4DEB-43E5-B4EA-4F535FE7C129}.Debug|TwinCAT RT (x86).Build.0 = Debug|Any CPU
		{664784AD-4DEB-43E5-B4EA-4F535FE7C129}.Release|Any CPU.ActiveCfg = Release|Any CPU
		{664784AD-4DEB-43E5-B4EA-4F535FE7C129}.Release|Any CPU.Build.0 = Release|Any CPU
		{664784AD-4DEB-43E5-B4EA-4F535FE7C129}.Release|TwinCAT CE7 (ARMV7).ActiveCfg = Release|Any CPU
		{664784AD-4DEB-43E5-B4EA-4F535FE7C129}.Release|TwinCAT CE7 (ARMV7).Build.0 = Release|Any CPU
		{664784AD-4DEB-43E5-B4EA-4F535FE7C129}.Release|TwinCAT OS (ARMT2).ActiveCfg = Release|Any CPU
		{664784AD-4DEB-43E5-B4EA-4F535FE7C129}.Release|TwinCAT OS (ARMT2).Build.0 = Release|Any CPU
		{664784AD-4DEB-43E5-B4EA-4F535FE7C129}.Release|TwinCAT RT (x64).ActiveCfg = Release|Any CPU
		{664784AD-4DEB-43E5-B4EA-4F535FE7C129}.Release|TwinCAT RT (x64).Build.0 = Release|Any CPU
		{664784AD-4DEB-43E5-B4EA-4F535FE7C129}.Release|TwinCAT RT (x86).ActiveCfg = Release|Any CPU
		{664784AD-4DEB-43E5-B4EA-4F535FE7C129}.Release|TwinCAT RT (x86).Build.0 = Release|Any CPU
		{664784AD-4DEB-43E5-B4EA-4F535FE7C129}.ReleaseDevelop|Any CPU.ActiveCfg = Release|Any CPU
		{664784AD-4DEB-43E5-B4EA-4F535FE7C129}.ReleaseDevelop|Any CPU.Build.0 = Release|Any CPU
		{664784AD-4DEB-43E5-B4EA-4F535FE7C129}.ReleaseDevelop|TwinCAT CE7 (ARMV7).ActiveCfg = Release|Any CPU
		{664784AD-4DEB-43E5-B4EA-4F535FE7C129}.ReleaseDevelop|TwinCAT CE7 (ARMV7).Build.0 = Release|Any CPU
		{664784AD-4DEB-43E5-B4EA-4F535FE7C129}.ReleaseDevelop|TwinCAT OS (ARMT2).ActiveCfg = Release|Any CPU
		{664784AD-4DEB-43E5-B4EA-4F535FE7C129}.ReleaseDevelop|TwinCAT OS (ARMT2).Build.0 = Release|Any CPU
		{664784AD-4DEB-43E5-B4EA-4F535FE7C129}.ReleaseDevelop|TwinCAT RT (x64).ActiveCfg = Release|Any CPU
		{664784AD-4DEB-43E5-B4EA-4F535FE7C129}.ReleaseDevelop|TwinCAT RT (x64).Build.0 = Release|Any CPU
		{664784AD-4DEB-43E5-B4EA-4F535FE7C129}.ReleaseDevelop|TwinCAT RT (x86).ActiveCfg = Release|Any CPU
		{664784AD-4DEB-43E5-B4EA-4F535FE7C129}.ReleaseDevelop|TwinCAT RT (x86).Build.0 = Release|Any CPU
		{2578FB35-7581-4EE3-A048-92DEB3FBCEBA}.Debug|Any CPU.ActiveCfg = Debug|Any CPU
		{2578FB35-7581-4EE3-A048-92DEB3FBCEBA}.Debug|Any CPU.Build.0 = Debug|Any CPU
		{2578FB35-7581-4EE3-A048-92DEB3FBCEBA}.Debug|TwinCAT CE7 (ARMV7).ActiveCfg = Debug|Any CPU
		{2578FB35-7581-4EE3-A048-92DEB3FBCEBA}.Debug|TwinCAT CE7 (ARMV7).Build.0 = Debug|Any CPU
		{2578FB35-7581-4EE3-A048-92DEB3FBCEBA}.Debug|TwinCAT OS (ARMT2).ActiveCfg = Debug|Any CPU
		{2578FB35-7581-4EE3-A048-92DEB3FBCEBA}.Debug|TwinCAT OS (ARMT2).Build.0 = Debug|Any CPU
		{2578FB35-7581-4EE3-A048-92DEB3FBCEBA}.Debug|TwinCAT RT (x64).ActiveCfg = Debug|Any CPU
		{2578FB35-7581-4EE3-A048-92DEB3FBCEBA}.Debug|TwinCAT RT (x64).Build.0 = Debug|Any CPU
		{2578FB35-7581-4EE3-A048-92DEB3FBCEBA}.Debug|TwinCAT RT (x86).ActiveCfg = Debug|Any CPU
		{2578FB35-7581-4EE3-A048-92DEB3FBCEBA}.Debug|TwinCAT RT (x86).Build.0 = Debug|Any CPU
		{2578FB35-7581-4EE3-A048-92DEB3FBCEBA}.Release|Any CPU.ActiveCfg = Release|Any CPU
		{2578FB35-7581-4EE3-A048-92DEB3FBCEBA}.Release|Any CPU.Build.0 = Release|Any CPU
		{2578FB35-7581-4EE3-A048-92DEB3FBCEBA}.Release|TwinCAT CE7 (ARMV7).ActiveCfg = Release|Any CPU
		{2578FB35-7581-4EE3-A048-92DEB3FBCEBA}.Release|TwinCAT CE7 (ARMV7).Build.0 = Release|Any CPU
		{2578FB35-7581-4EE3-A048-92DEB3FBCEBA}.Release|TwinCAT OS (ARMT2).ActiveCfg = Release|Any CPU
		{2578FB35-7581-4EE3-A048-92DEB3FBCEBA}.Release|TwinCAT OS (ARMT2).Build.0 = Release|Any CPU
		{2578FB35-7581-4EE3-A048-92DEB3FBCEBA}.Release|TwinCAT RT (x64).ActiveCfg = Release|Any CPU
		{2578FB35-7581-4EE3-A048-92DEB3FBCEBA}.Release|TwinCAT RT (x64).Build.0 = Release|Any CPU
		{2578FB35-7581-4EE3-A048-92DEB3FBCEBA}.Release|TwinCAT RT (x86).ActiveCfg = Release|Any CPU
		{2578FB35-7581-4EE3-A048-92DEB3FBCEBA}.Release|TwinCAT RT (x86).Build.0 = Release|Any CPU
		{2578FB35-7581-4EE3-A048-92DEB3FBCEBA}.ReleaseDevelop|Any CPU.ActiveCfg = Release|Any CPU
		{2578FB35-7581-4EE3-A048-92DEB3FBCEBA}.ReleaseDevelop|Any CPU.Build.0 = Release|Any CPU
		{2578FB35-7581-4EE3-A048-92DEB3FBCEBA}.ReleaseDevelop|TwinCAT CE7 (ARMV7).ActiveCfg = Release|Any CPU
		{2578FB35-7581-4EE3-A048-92DEB3FBCEBA}.ReleaseDevelop|TwinCAT CE7 (ARMV7).Build.0 = Release|Any CPU
		{2578FB35-7581-4EE3-A048-92DEB3FBCEBA}.ReleaseDevelop|TwinCAT OS (ARMT2).ActiveCfg = Release|Any CPU
		{2578FB35-7581-4EE3-A048-92DEB3FBCEBA}.ReleaseDevelop|TwinCAT OS (ARMT2).Build.0 = Release|Any CPU
		{2578FB35-7581-4EE3-A048-92DEB3FBCEBA}.ReleaseDevelop|TwinCAT RT (x64).ActiveCfg = Release|Any CPU
		{2578FB35-7581-4EE3-A048-92DEB3FBCEBA}.ReleaseDevelop|TwinCAT RT (x64).Build.0 = Release|Any CPU
		{2578FB35-7581-4EE3-A048-92DEB3FBCEBA}.ReleaseDevelop|TwinCAT RT (x86).ActiveCfg = Release|Any CPU
		{2578FB35-7581-4EE3-A048-92DEB3FBCEBA}.ReleaseDevelop|TwinCAT RT (x86).Build.0 = Release|Any CPU
		{7BA16530-985D-4EDD-AD83-A6F439FF4377}.Debug|Any CPU.ActiveCfg = Debug|Any CPU
		{7BA16530-985D-4EDD-AD83-A6F439FF4377}.Debug|Any CPU.Build.0 = Debug|Any CPU
		{7BA16530-985D-4EDD-AD83-A6F439FF4377}.Debug|TwinCAT CE7 (ARMV7).ActiveCfg = Debug|Any CPU
		{7BA16530-985D-4EDD-AD83-A6F439FF4377}.Debug|TwinCAT CE7 (ARMV7).Build.0 = Debug|Any CPU
		{7BA16530-985D-4EDD-AD83-A6F439FF4377}.Debug|TwinCAT OS (ARMT2).ActiveCfg = Debug|Any CPU
		{7BA16530-985D-4EDD-AD83-A6F439FF4377}.Debug|TwinCAT OS (ARMT2).Build.0 = Debug|Any CPU
		{7BA16530-985D-4EDD-AD83-A6F439FF4377}.Debug|TwinCAT RT (x64).ActiveCfg = Debug|Any CPU
		{7BA16530-985D-4EDD-AD83-A6F439FF4377}.Debug|TwinCAT RT (x64).Build.0 = Debug|Any CPU
		{7BA16530-985D-4EDD-AD83-A6F439FF4377}.Debug|TwinCAT RT (x86).ActiveCfg = Debug|Any CPU
		{7BA16530-985D-4EDD-AD83-A6F439FF4377}.Debug|TwinCAT RT (x86).Build.0 = Debug|Any CPU
		{7BA16530-985D-4EDD-AD83-A6F439FF4377}.Release|Any CPU.ActiveCfg = Release|Any CPU
		{7BA16530-985D-4EDD-AD83-A6F439FF4377}.Release|Any CPU.Build.0 = Release|Any CPU
		{7BA16530-985D-4EDD-AD83-A6F439FF4377}.Release|TwinCAT CE7 (ARMV7).ActiveCfg = Release|Any CPU
		{7BA16530-985D-4EDD-AD83-A6F439FF4377}.Release|TwinCAT CE7 (ARMV7).Build.0 = Release|Any CPU
		{7BA16530-985D-4EDD-AD83-A6F439FF4377}.Release|TwinCAT OS (ARMT2).ActiveCfg = Release|Any CPU
		{7BA16530-985D-4EDD-AD83-A6F439FF4377}.Release|TwinCAT OS (ARMT2).Build.0 = Release|Any CPU
		{7BA16530-985D-4EDD-AD83-A6F439FF4377}.Release|TwinCAT RT (x64).ActiveCfg = Release|Any CPU
		{7BA16530-985D-4EDD-AD83-A6F439FF4377}.Release|TwinCAT RT (x64).Build.0 = Release|Any CPU
		{7BA16530-985D-4EDD-AD83-A6F439FF4377}.Release|TwinCAT RT (x86).ActiveCfg = Release|Any CPU
		{7BA16530-985D-4EDD-AD83-A6F439FF4377}.Release|TwinCAT RT (x86).Build.0 = Release|Any CPU
		{7BA16530-985D-4EDD-AD83-A6F439FF4377}.ReleaseDevelop|Any CPU.ActiveCfg = Release|Any CPU
		{7BA16530-985D-4EDD-AD83-A6F439FF4377}.ReleaseDevelop|Any CPU.Build.0 = Release|Any CPU
		{7BA16530-985D-4EDD-AD83-A6F439FF4377}.ReleaseDevelop|TwinCAT CE7 (ARMV7).ActiveCfg = Release|Any CPU
		{7BA16530-985D-4EDD-AD83-A6F439FF4377}.ReleaseDevelop|TwinCAT CE7 (ARMV7).Build.0 = Release|Any CPU
		{7BA16530-985D-4EDD-AD83-A6F439FF4377}.ReleaseDevelop|TwinCAT OS (ARMT2).ActiveCfg = Release|Any CPU
		{7BA16530-985D-4EDD-AD83-A6F439FF4377}.ReleaseDevelop|TwinCAT OS (ARMT2).Build.0 = Release|Any CPU
		{7BA16530-985D-4EDD-AD83-A6F439FF4377}.ReleaseDevelop|TwinCAT RT (x64).ActiveCfg = Release|Any CPU
		{7BA16530-985D-4EDD-AD83-A6F439FF4377}.ReleaseDevelop|TwinCAT RT (x64).Build.0 = Release|Any CPU
		{7BA16530-985D-4EDD-AD83-A6F439FF4377}.ReleaseDevelop|TwinCAT RT (x86).ActiveCfg = Release|Any CPU
		{7BA16530-985D-4EDD-AD83-A6F439FF4377}.ReleaseDevelop|TwinCAT RT (x86).Build.0 = Release|Any CPU
		{7C169936-C0F9-4B05-A166-3CB895DF86C9}.Debug|Any CPU.ActiveCfg = Debug|Any CPU
		{7C169936-C0F9-4B05-A166-3CB895DF86C9}.Debug|Any CPU.Build.0 = Debug|Any CPU
		{7C169936-C0F9-4B05-A166-3CB895DF86C9}.Debug|TwinCAT CE7 (ARMV7).ActiveCfg = Debug|Any CPU
		{7C169936-C0F9-4B05-A166-3CB895DF86C9}.Debug|TwinCAT CE7 (ARMV7).Build.0 = Debug|Any CPU
		{7C169936-C0F9-4B05-A166-3CB895DF86C9}.Debug|TwinCAT OS (ARMT2).ActiveCfg = Debug|Any CPU
		{7C169936-C0F9-4B05-A166-3CB895DF86C9}.Debug|TwinCAT OS (ARMT2).Build.0 = Debug|Any CPU
		{7C169936-C0F9-4B05-A166-3CB895DF86C9}.Debug|TwinCAT RT (x64).ActiveCfg = Debug|Any CPU
		{7C169936-C0F9-4B05-A166-3CB895DF86C9}.Debug|TwinCAT RT (x64).Build.0 = Debug|Any CPU
		{7C169936-C0F9-4B05-A166-3CB895DF86C9}.Debug|TwinCAT RT (x86).ActiveCfg = Debug|Any CPU
		{7C169936-C0F9-4B05-A166-3CB895DF86C9}.Debug|TwinCAT RT (x86).Build.0 = Debug|Any CPU
		{7C169936-C0F9-4B05-A166-3CB895DF86C9}.Release|Any CPU.ActiveCfg = Release|Any CPU
		{7C169936-C0F9-4B05-A166-3CB895DF86C9}.Release|Any CPU.Build.0 = Release|Any CPU
		{7C169936-C0F9-4B05-A166-3CB895DF86C9}.Release|TwinCAT CE7 (ARMV7).ActiveCfg = Release|Any CPU
		{7C169936-C0F9-4B05-A166-3CB895DF86C9}.Release|TwinCAT CE7 (ARMV7).Build.0 = Release|Any CPU
		{7C169936-C0F9-4B05-A166-3CB895DF86C9}.Release|TwinCAT OS (ARMT2).ActiveCfg = Release|Any CPU
		{7C169936-C0F9-4B05-A166-3CB895DF86C9}.Release|TwinCAT OS (ARMT2).Build.0 = Release|Any CPU
		{7C169936-C0F9-4B05-A166-3CB895DF86C9}.Release|TwinCAT RT (x64).ActiveCfg = Release|Any CPU
		{7C169936-C0F9-4B05-A166-3CB895DF86C9}.Release|TwinCAT RT (x64).Build.0 = Release|Any CPU
		{7C169936-C0F9-4B05-A166-3CB895DF86C9}.Release|TwinCAT RT (x86).ActiveCfg = Release|Any CPU
		{7C169936-C0F9-4B05-A166-3CB895DF86C9}.Release|TwinCAT RT (x86).Build.0 = Release|Any CPU
		{7C169936-C0F9-4B05-A166-3CB895DF86C9}.ReleaseDevelop|Any CPU.ActiveCfg = Release|Any CPU
		{7C169936-C0F9-4B05-A166-3CB895DF86C9}.ReleaseDevelop|Any CPU.Build.0 = Release|Any CPU
		{7C169936-C0F9-4B05-A166-3CB895DF86C9}.ReleaseDevelop|TwinCAT CE7 (ARMV7).ActiveCfg = Release|Any CPU
		{7C169936-C0F9-4B05-A166-3CB895DF86C9}.ReleaseDevelop|TwinCAT CE7 (ARMV7).Build.0 = Release|Any CPU
		{7C169936-C0F9-4B05-A166-3CB895DF86C9}.ReleaseDevelop|TwinCAT OS (ARMT2).ActiveCfg = Release|Any CPU
		{7C169936-C0F9-4B05-A166-3CB895DF86C9}.ReleaseDevelop|TwinCAT OS (ARMT2).Build.0 = Release|Any CPU
		{7C169936-C0F9-4B05-A166-3CB895DF86C9}.ReleaseDevelop|TwinCAT RT (x64).ActiveCfg = Release|Any CPU
		{7C169936-C0F9-4B05-A166-3CB895DF86C9}.ReleaseDevelop|TwinCAT RT (x64).Build.0 = Release|Any CPU
		{7C169936-C0F9-4B05-A166-3CB895DF86C9}.ReleaseDevelop|TwinCAT RT (x86).ActiveCfg = Release|Any CPU
		{7C169936-C0F9-4B05-A166-3CB895DF86C9}.ReleaseDevelop|TwinCAT RT (x86).Build.0 = Release|Any CPU
		{908816E9-A77D-4A21-874E-C178D2947219}.Debug|Any CPU.ActiveCfg = Debug|Any CPU
		{908816E9-A77D-4A21-874E-C178D2947219}.Debug|Any CPU.Build.0 = Debug|Any CPU
		{908816E9-A77D-4A21-874E-C178D2947219}.Debug|TwinCAT CE7 (ARMV7).ActiveCfg = Debug|Any CPU
		{908816E9-A77D-4A21-874E-C178D2947219}.Debug|TwinCAT CE7 (ARMV7).Build.0 = Debug|Any CPU
		{908816E9-A77D-4A21-874E-C178D2947219}.Debug|TwinCAT OS (ARMT2).ActiveCfg = Debug|Any CPU
		{908816E9-A77D-4A21-874E-C178D2947219}.Debug|TwinCAT OS (ARMT2).Build.0 = Debug|Any CPU
		{908816E9-A77D-4A21-874E-C178D2947219}.Debug|TwinCAT RT (x64).ActiveCfg = Debug|Any CPU
		{908816E9-A77D-4A21-874E-C178D2947219}.Debug|TwinCAT RT (x64).Build.0 = Debug|Any CPU
		{908816E9-A77D-4A21-874E-C178D2947219}.Debug|TwinCAT RT (x86).ActiveCfg = Debug|Any CPU
		{908816E9-A77D-4A21-874E-C178D2947219}.Debug|TwinCAT RT (x86).Build.0 = Debug|Any CPU
		{908816E9-A77D-4A21-874E-C178D2947219}.Release|Any CPU.ActiveCfg = Release|Any CPU
		{908816E9-A77D-4A21-874E-C178D2947219}.Release|Any CPU.Build.0 = Release|Any CPU
		{908816E9-A77D-4A21-874E-C178D2947219}.Release|TwinCAT CE7 (ARMV7).ActiveCfg = Release|Any CPU
		{908816E9-A77D-4A21-874E-C178D2947219}.Release|TwinCAT CE7 (ARMV7).Build.0 = Release|Any CPU
		{908816E9-A77D-4A21-874E-C178D2947219}.Release|TwinCAT OS (ARMT2).ActiveCfg = Release|Any CPU
		{908816E9-A77D-4A21-874E-C178D2947219}.Release|TwinCAT OS (ARMT2).Build.0 = Release|Any CPU
		{908816E9-A77D-4A21-874E-C178D2947219}.Release|TwinCAT RT (x64).ActiveCfg = Release|Any CPU
		{908816E9-A77D-4A21-874E-C178D2947219}.Release|TwinCAT RT (x64).Build.0 = Release|Any CPU
		{908816E9-A77D-4A21-874E-C178D2947219}.Release|TwinCAT RT (x86).ActiveCfg = Release|Any CPU
		{908816E9-A77D-4A21-874E-C178D2947219}.Release|TwinCAT RT (x86).Build.0 = Release|Any CPU
		{908816E9-A77D-4A21-874E-C178D2947219}.ReleaseDevelop|Any CPU.ActiveCfg = Release|Any CPU
		{908816E9-A77D-4A21-874E-C178D2947219}.ReleaseDevelop|Any CPU.Build.0 = Release|Any CPU
		{908816E9-A77D-4A21-874E-C178D2947219}.ReleaseDevelop|TwinCAT CE7 (ARMV7).ActiveCfg = Release|Any CPU
		{908816E9-A77D-4A21-874E-C178D2947219}.ReleaseDevelop|TwinCAT CE7 (ARMV7).Build.0 = Release|Any CPU
		{908816E9-A77D-4A21-874E-C178D2947219}.ReleaseDevelop|TwinCAT OS (ARMT2).ActiveCfg = Release|Any CPU
		{908816E9-A77D-4A21-874E-C178D2947219}.ReleaseDevelop|TwinCAT OS (ARMT2).Build.0 = Release|Any CPU
		{908816E9-A77D-4A21-874E-C178D2947219}.ReleaseDevelop|TwinCAT RT (x64).ActiveCfg = Release|Any CPU
		{908816E9-A77D-4A21-874E-C178D2947219}.ReleaseDevelop|TwinCAT RT (x64).Build.0 = Release|Any CPU
		{908816E9-A77D-4A21-874E-C178D2947219}.ReleaseDevelop|TwinCAT RT (x86).ActiveCfg = Release|Any CPU
		{908816E9-A77D-4A21-874E-C178D2947219}.ReleaseDevelop|TwinCAT RT (x86).Build.0 = Release|Any CPU
		{03640F28-0850-4DFC-91C5-9590F5483D88}.Debug|Any CPU.ActiveCfg = Debug|Any CPU
		{03640F28-0850-4DFC-91C5-9590F5483D88}.Debug|Any CPU.Build.0 = Debug|Any CPU
		{03640F28-0850-4DFC-91C5-9590F5483D88}.Debug|TwinCAT CE7 (ARMV7).ActiveCfg = Debug|Any CPU
		{03640F28-0850-4DFC-91C5-9590F5483D88}.Debug|TwinCAT CE7 (ARMV7).Build.0 = Debug|Any CPU
		{03640F28-0850-4DFC-91C5-9590F5483D88}.Debug|TwinCAT OS (ARMT2).ActiveCfg = Debug|Any CPU
		{03640F28-0850-4DFC-91C5-9590F5483D88}.Debug|TwinCAT OS (ARMT2).Build.0 = Debug|Any CPU
		{03640F28-0850-4DFC-91C5-9590F5483D88}.Debug|TwinCAT RT (x64).ActiveCfg = Debug|Any CPU
		{03640F28-0850-4DFC-91C5-9590F5483D88}.Debug|TwinCAT RT (x64).Build.0 = Debug|Any CPU
		{03640F28-0850-4DFC-91C5-9590F5483D88}.Debug|TwinCAT RT (x86).ActiveCfg = Debug|Any CPU
		{03640F28-0850-4DFC-91C5-9590F5483D88}.Debug|TwinCAT RT (x86).Build.0 = Debug|Any CPU
		{03640F28-0850-4DFC-91C5-9590F5483D88}.Release|Any CPU.ActiveCfg = Release|Any CPU
		{03640F28-0850-4DFC-91C5-9590F5483D88}.Release|Any CPU.Build.0 = Release|Any CPU
		{03640F28-0850-4DFC-91C5-9590F5483D88}.Release|TwinCAT CE7 (ARMV7).ActiveCfg = Release|Any CPU
		{03640F28-0850-4DFC-91C5-9590F5483D88}.Release|TwinCAT CE7 (ARMV7).Build.0 = Release|Any CPU
		{03640F28-0850-4DFC-91C5-9590F5483D88}.Release|TwinCAT OS (ARMT2).ActiveCfg = Release|Any CPU
		{03640F28-0850-4DFC-91C5-9590F5483D88}.Release|TwinCAT OS (ARMT2).Build.0 = Release|Any CPU
		{03640F28-0850-4DFC-91C5-9590F5483D88}.Release|TwinCAT RT (x64).ActiveCfg = Release|Any CPU
		{03640F28-0850-4DFC-91C5-9590F5483D88}.Release|TwinCAT RT (x64).Build.0 = Release|Any CPU
		{03640F28-0850-4DFC-91C5-9590F5483D88}.Release|TwinCAT RT (x86).ActiveCfg = Release|Any CPU
		{03640F28-0850-4DFC-91C5-9590F5483D88}.Release|TwinCAT RT (x86).Build.0 = Release|Any CPU
		{03640F28-0850-4DFC-91C5-9590F5483D88}.ReleaseDevelop|Any CPU.ActiveCfg = Release|Any CPU
		{03640F28-0850-4DFC-91C5-9590F5483D88}.ReleaseDevelop|Any CPU.Build.0 = Release|Any CPU
		{03640F28-0850-4DFC-91C5-9590F5483D88}.ReleaseDevelop|TwinCAT CE7 (ARMV7).ActiveCfg = Release|Any CPU
		{03640F28-0850-4DFC-91C5-9590F5483D88}.ReleaseDevelop|TwinCAT CE7 (ARMV7).Build.0 = Release|Any CPU
		{03640F28-0850-4DFC-91C5-9590F5483D88}.ReleaseDevelop|TwinCAT OS (ARMT2).ActiveCfg = Release|Any CPU
		{03640F28-0850-4DFC-91C5-9590F5483D88}.ReleaseDevelop|TwinCAT OS (ARMT2).Build.0 = Release|Any CPU
		{03640F28-0850-4DFC-91C5-9590F5483D88}.ReleaseDevelop|TwinCAT RT (x64).ActiveCfg = Release|Any CPU
		{03640F28-0850-4DFC-91C5-9590F5483D88}.ReleaseDevelop|TwinCAT RT (x64).Build.0 = Release|Any CPU
		{03640F28-0850-4DFC-91C5-9590F5483D88}.ReleaseDevelop|TwinCAT RT (x86).ActiveCfg = Release|Any CPU
		{03640F28-0850-4DFC-91C5-9590F5483D88}.ReleaseDevelop|TwinCAT RT (x86).Build.0 = Release|Any CPU
		{F631E4F3-47A7-437D-8227-DEFBD854AF72}.Debug|Any CPU.ActiveCfg = Debug|Any CPU
		{F631E4F3-47A7-437D-8227-DEFBD854AF72}.Debug|Any CPU.Build.0 = Debug|Any CPU
		{F631E4F3-47A7-437D-8227-DEFBD854AF72}.Debug|TwinCAT CE7 (ARMV7).ActiveCfg = Debug|Any CPU
		{F631E4F3-47A7-437D-8227-DEFBD854AF72}.Debug|TwinCAT CE7 (ARMV7).Build.0 = Debug|Any CPU
		{F631E4F3-47A7-437D-8227-DEFBD854AF72}.Debug|TwinCAT OS (ARMT2).ActiveCfg = Debug|Any CPU
		{F631E4F3-47A7-437D-8227-DEFBD854AF72}.Debug|TwinCAT OS (ARMT2).Build.0 = Debug|Any CPU
		{F631E4F3-47A7-437D-8227-DEFBD854AF72}.Debug|TwinCAT RT (x64).ActiveCfg = Debug|Any CPU
		{F631E4F3-47A7-437D-8227-DEFBD854AF72}.Debug|TwinCAT RT (x64).Build.0 = Debug|Any CPU
		{F631E4F3-47A7-437D-8227-DEFBD854AF72}.Debug|TwinCAT RT (x86).ActiveCfg = Debug|Any CPU
		{F631E4F3-47A7-437D-8227-DEFBD854AF72}.Debug|TwinCAT RT (x86).Build.0 = Debug|Any CPU
		{F631E4F3-47A7-437D-8227-DEFBD854AF72}.Release|Any CPU.ActiveCfg = Release|Any CPU
		{F631E4F3-47A7-437D-8227-DEFBD854AF72}.Release|Any CPU.Build.0 = Release|Any CPU
		{F631E4F3-47A7-437D-8227-DEFBD854AF72}.Release|TwinCAT CE7 (ARMV7).ActiveCfg = Release|Any CPU
		{F631E4F3-47A7-437D-8227-DEFBD854AF72}.Release|TwinCAT CE7 (ARMV7).Build.0 = Release|Any CPU
		{F631E4F3-47A7-437D-8227-DEFBD854AF72}.Release|TwinCAT OS (ARMT2).ActiveCfg = Release|Any CPU
		{F631E4F3-47A7-437D-8227-DEFBD854AF72}.Release|TwinCAT OS (ARMT2).Build.0 = Release|Any CPU
		{F631E4F3-47A7-437D-8227-DEFBD854AF72}.Release|TwinCAT RT (x64).ActiveCfg = Release|Any CPU
		{F631E4F3-47A7-437D-8227-DEFBD854AF72}.Release|TwinCAT RT (x64).Build.0 = Release|Any CPU
		{F631E4F3-47A7-437D-8227-DEFBD854AF72}.Release|TwinCAT RT (x86).ActiveCfg = Release|Any CPU
		{F631E4F3-47A7-437D-8227-DEFBD854AF72}.Release|TwinCAT RT (x86).Build.0 = Release|Any CPU
		{F631E4F3-47A7-437D-8227-DEFBD854AF72}.ReleaseDevelop|Any CPU.ActiveCfg = Release|Any CPU
		{F631E4F3-47A7-437D-8227-DEFBD854AF72}.ReleaseDevelop|Any CPU.Build.0 = Release|Any CPU
		{F631E4F3-47A7-437D-8227-DEFBD854AF72}.ReleaseDevelop|TwinCAT CE7 (ARMV7).ActiveCfg = Release|Any CPU
		{F631E4F3-47A7-437D-8227-DEFBD854AF72}.ReleaseDevelop|TwinCAT CE7 (ARMV7).Build.0 = Release|Any CPU
		{F631E4F3-47A7-437D-8227-DEFBD854AF72}.ReleaseDevelop|TwinCAT OS (ARMT2).ActiveCfg = Release|Any CPU
		{F631E4F3-47A7-437D-8227-DEFBD854AF72}.ReleaseDevelop|TwinCAT OS (ARMT2).Build.0 = Release|Any CPU
		{F631E4F3-47A7-437D-8227-DEFBD854AF72}.ReleaseDevelop|TwinCAT RT (x64).ActiveCfg = Release|Any CPU
		{F631E4F3-47A7-437D-8227-DEFBD854AF72}.ReleaseDevelop|TwinCAT RT (x64).Build.0 = Release|Any CPU
		{F631E4F3-47A7-437D-8227-DEFBD854AF72}.ReleaseDevelop|TwinCAT RT (x86).ActiveCfg = Release|Any CPU
		{F631E4F3-47A7-437D-8227-DEFBD854AF72}.ReleaseDevelop|TwinCAT RT (x86).Build.0 = Release|Any CPU
		{C9FFCA60-3C64-4EFA-96AA-FE0F7BEC70BC}.Debug|Any CPU.ActiveCfg = Debug|TwinCAT RT (x86)
		{C9FFCA60-3C64-4EFA-96AA-FE0F7BEC70BC}.Debug|TwinCAT CE7 (ARMV7).ActiveCfg = Debug|TwinCAT CE7 (ARMV7)
		{C9FFCA60-3C64-4EFA-96AA-FE0F7BEC70BC}.Debug|TwinCAT CE7 (ARMV7).Build.0 = Debug|TwinCAT CE7 (ARMV7)
		{C9FFCA60-3C64-4EFA-96AA-FE0F7BEC70BC}.Debug|TwinCAT OS (ARMT2).ActiveCfg = Debug|TwinCAT OS (ARMT2)
		{C9FFCA60-3C64-4EFA-96AA-FE0F7BEC70BC}.Debug|TwinCAT OS (ARMT2).Build.0 = Debug|TwinCAT OS (ARMT2)
		{C9FFCA60-3C64-4EFA-96AA-FE0F7BEC70BC}.Debug|TwinCAT RT (x64).ActiveCfg = Debug|TwinCAT RT (x64)
		{C9FFCA60-3C64-4EFA-96AA-FE0F7BEC70BC}.Debug|TwinCAT RT (x64).Build.0 = Debug|TwinCAT RT (x64)
		{C9FFCA60-3C64-4EFA-96AA-FE0F7BEC70BC}.Debug|TwinCAT RT (x86).ActiveCfg = Debug|TwinCAT RT (x86)
		{C9FFCA60-3C64-4EFA-96AA-FE0F7BEC70BC}.Debug|TwinCAT RT (x86).Build.0 = Debug|TwinCAT RT (x86)
		{C9FFCA60-3C64-4EFA-96AA-FE0F7BEC70BC}.Release|Any CPU.ActiveCfg = Release|TwinCAT RT (x86)
		{C9FFCA60-3C64-4EFA-96AA-FE0F7BEC70BC}.Release|TwinCAT CE7 (ARMV7).ActiveCfg = Release|TwinCAT CE7 (ARMV7)
		{C9FFCA60-3C64-4EFA-96AA-FE0F7BEC70BC}.Release|TwinCAT CE7 (ARMV7).Build.0 = Release|TwinCAT CE7 (ARMV7)
		{C9FFCA60-3C64-4EFA-96AA-FE0F7BEC70BC}.Release|TwinCAT OS (ARMT2).ActiveCfg = Release|TwinCAT OS (ARMT2)
		{C9FFCA60-3C64-4EFA-96AA-FE0F7BEC70BC}.Release|TwinCAT OS (ARMT2).Build.0 = Release|TwinCAT OS (ARMT2)
		{C9FFCA60-3C64-4EFA-96AA-FE0F7BEC70BC}.Release|TwinCAT RT (x64).ActiveCfg = Release|TwinCAT RT (x64)
		{C9FFCA60-3C64-4EFA-96AA-FE0F7BEC70BC}.Release|TwinCAT RT (x64).Build.0 = Release|TwinCAT RT (x64)
		{C9FFCA60-3C64-4EFA-96AA-FE0F7BEC70BC}.Release|TwinCAT RT (x86).ActiveCfg = Release|TwinCAT RT (x86)
		{C9FFCA60-3C64-4EFA-96AA-FE0F7BEC70BC}.Release|TwinCAT RT (x86).Build.0 = Release|TwinCAT RT (x86)
		{C9FFCA60-3C64-4EFA-96AA-FE0F7BEC70BC}.ReleaseDevelop|Any CPU.ActiveCfg = Release|TwinCAT RT (x86)
		{C9FFCA60-3C64-4EFA-96AA-FE0F7BEC70BC}.ReleaseDevelop|Any CPU.Build.0 = Release|TwinCAT RT (x86)
		{C9FFCA60-3C64-4EFA-96AA-FE0F7BEC70BC}.ReleaseDevelop|TwinCAT CE7 (ARMV7).ActiveCfg = Release|TwinCAT CE7 (ARMV7)
		{C9FFCA60-3C64-4EFA-96AA-FE0F7BEC70BC}.ReleaseDevelop|TwinCAT CE7 (ARMV7).Build.0 = Release|TwinCAT CE7 (ARMV7)
		{C9FFCA60-3C64-4EFA-96AA-FE0F7BEC70BC}.ReleaseDevelop|TwinCAT OS (ARMT2).ActiveCfg = Release|TwinCAT OS (ARMT2)
		{C9FFCA60-3C64-4EFA-96AA-FE0F7BEC70BC}.ReleaseDevelop|TwinCAT OS (ARMT2).Build.0 = Release|TwinCAT OS (ARMT2)
		{C9FFCA60-3C64-4EFA-96AA-FE0F7BEC70BC}.ReleaseDevelop|TwinCAT RT (x64).ActiveCfg = Release|TwinCAT RT (x64)
		{C9FFCA60-3C64-4EFA-96AA-FE0F7BEC70BC}.ReleaseDevelop|TwinCAT RT (x64).Build.0 = Release|TwinCAT RT (x64)
		{C9FFCA60-3C64-4EFA-96AA-FE0F7BEC70BC}.ReleaseDevelop|TwinCAT RT (x86).ActiveCfg = Release|TwinCAT RT (x86)
		{C9FFCA60-3C64-4EFA-96AA-FE0F7BEC70BC}.ReleaseDevelop|TwinCAT RT (x86).Build.0 = Release|TwinCAT RT (x86)
		{37585681-C225-40E0-832C-EB8E077A5CE7}.Debug|Any CPU.ActiveCfg = Debug|TwinCAT RT (x86)
		{37585681-C225-40E0-832C-EB8E077A5CE7}.Debug|TwinCAT CE7 (ARMV7).ActiveCfg = Debug|TwinCAT CE7 (ARMV7)
		{37585681-C225-40E0-832C-EB8E077A5CE7}.Debug|TwinCAT CE7 (ARMV7).Build.0 = Debug|TwinCAT CE7 (ARMV7)
		{37585681-C225-40E0-832C-EB8E077A5CE7}.Debug|TwinCAT OS (ARMT2).ActiveCfg = Debug|TwinCAT OS (ARMT2)
		{37585681-C225-40E0-832C-EB8E077A5CE7}.Debug|TwinCAT OS (ARMT2).Build.0 = Debug|TwinCAT OS (ARMT2)
		{37585681-C225-40E0-832C-EB8E077A5CE7}.Debug|TwinCAT RT (x64).ActiveCfg = Debug|TwinCAT RT (x64)
		{37585681-C225-40E0-832C-EB8E077A5CE7}.Debug|TwinCAT RT (x64).Build.0 = Debug|TwinCAT RT (x64)
		{37585681-C225-40E0-832C-EB8E077A5CE7}.Debug|TwinCAT RT (x86).ActiveCfg = Debug|TwinCAT RT (x86)
		{37585681-C225-40E0-832C-EB8E077A5CE7}.Debug|TwinCAT RT (x86).Build.0 = Debug|TwinCAT RT (x86)
		{37585681-C225-40E0-832C-EB8E077A5CE7}.Release|Any CPU.ActiveCfg = Release|TwinCAT RT (x86)
		{37585681-C225-40E0-832C-EB8E077A5CE7}.Release|TwinCAT CE7 (ARMV7).ActiveCfg = Release|TwinCAT CE7 (ARMV7)
		{37585681-C225-40E0-832C-EB8E077A5CE7}.Release|TwinCAT CE7 (ARMV7).Build.0 = Release|TwinCAT CE7 (ARMV7)
		{37585681-C225-40E0-832C-EB8E077A5CE7}.Release|TwinCAT OS (ARMT2).ActiveCfg = Release|TwinCAT OS (ARMT2)
		{37585681-C225-40E0-832C-EB8E077A5CE7}.Release|TwinCAT OS (ARMT2).Build.0 = Release|TwinCAT OS (ARMT2)
		{37585681-C225-40E0-832C-EB8E077A5CE7}.Release|TwinCAT RT (x64).ActiveCfg = Release|TwinCAT RT (x64)
		{37585681-C225-40E0-832C-EB8E077A5CE7}.Release|TwinCAT RT (x64).Build.0 = Release|TwinCAT RT (x64)
		{37585681-C225-40E0-832C-EB8E077A5CE7}.Release|TwinCAT RT (x86).ActiveCfg = Release|TwinCAT RT (x86)
		{37585681-C225-40E0-832C-EB8E077A5CE7}.Release|TwinCAT RT (x86).Build.0 = Release|TwinCAT RT (x86)
		{37585681-C225-40E0-832C-EB8E077A5CE7}.ReleaseDevelop|Any CPU.ActiveCfg = Release|TwinCAT RT (x86)
		{37585681-C225-40E0-832C-EB8E077A5CE7}.ReleaseDevelop|Any CPU.Build.0 = Release|TwinCAT RT (x86)
		{37585681-C225-40E0-832C-EB8E077A5CE7}.ReleaseDevelop|TwinCAT CE7 (ARMV7).ActiveCfg = Release|TwinCAT CE7 (ARMV7)
		{37585681-C225-40E0-832C-EB8E077A5CE7}.ReleaseDevelop|TwinCAT CE7 (ARMV7).Build.0 = Release|TwinCAT CE7 (ARMV7)
		{37585681-C225-40E0-832C-EB8E077A5CE7}.ReleaseDevelop|TwinCAT OS (ARMT2).ActiveCfg = Release|TwinCAT OS (ARMT2)
		{37585681-C225-40E0-832C-EB8E077A5CE7}.ReleaseDevelop|TwinCAT OS (ARMT2).Build.0 = Release|TwinCAT OS (ARMT2)
		{37585681-C225-40E0-832C-EB8E077A5CE7}.ReleaseDevelop|TwinCAT RT (x64).ActiveCfg = Release|TwinCAT RT (x64)
		{37585681-C225-40E0-832C-EB8E077A5CE7}.ReleaseDevelop|TwinCAT RT (x64).Build.0 = Release|TwinCAT RT (x64)
		{37585681-C225-40E0-832C-EB8E077A5CE7}.ReleaseDevelop|TwinCAT RT (x86).ActiveCfg = Release|TwinCAT RT (x86)
		{37585681-C225-40E0-832C-EB8E077A5CE7}.ReleaseDevelop|TwinCAT RT (x86).Build.0 = Release|TwinCAT RT (x86)
		{DB3B2462-5D2B-4A75-B045-8AD45758239C}.Debug|Any CPU.ActiveCfg = Debug|TwinCAT RT (x86)
		{DB3B2462-5D2B-4A75-B045-8AD45758239C}.Debug|TwinCAT CE7 (ARMV7).ActiveCfg = Debug|TwinCAT CE7 (ARMV7)
		{DB3B2462-5D2B-4A75-B045-8AD45758239C}.Debug|TwinCAT CE7 (ARMV7).Build.0 = Debug|TwinCAT CE7 (ARMV7)
		{DB3B2462-5D2B-4A75-B045-8AD45758239C}.Debug|TwinCAT OS (ARMT2).ActiveCfg = Debug|TwinCAT OS (ARMT2)
		{DB3B2462-5D2B-4A75-B045-8AD45758239C}.Debug|TwinCAT OS (ARMT2).Build.0 = Debug|TwinCAT OS (ARMT2)
		{DB3B2462-5D2B-4A75-B045-8AD45758239C}.Debug|TwinCAT RT (x64).ActiveCfg = Debug|TwinCAT RT (x64)
		{DB3B2462-5D2B-4A75-B045-8AD45758239C}.Debug|TwinCAT RT (x64).Build.0 = Debug|TwinCAT RT (x64)
		{DB3B2462-5D2B-4A75-B045-8AD45758239C}.Debug|TwinCAT RT (x86).ActiveCfg = Debug|TwinCAT RT (x86)
		{DB3B2462-5D2B-4A75-B045-8AD45758239C}.Debug|TwinCAT RT (x86).Build.0 = Debug|TwinCAT RT (x86)
		{DB3B2462-5D2B-4A75-B045-8AD45758239C}.Release|Any CPU.ActiveCfg = Release|TwinCAT RT (x86)
		{DB3B2462-5D2B-4A75-B045-8AD45758239C}.Release|TwinCAT CE7 (ARMV7).ActiveCfg = Release|TwinCAT CE7 (ARMV7)
		{DB3B2462-5D2B-4A75-B045-8AD45758239C}.Release|TwinCAT CE7 (ARMV7).Build.0 = Release|TwinCAT CE7 (ARMV7)
		{DB3B2462-5D2B-4A75-B045-8AD45758239C}.Release|TwinCAT OS (ARMT2).ActiveCfg = Release|TwinCAT OS (ARMT2)
		{DB3B2462-5D2B-4A75-B045-8AD45758239C}.Release|TwinCAT OS (ARMT2).Build.0 = Release|TwinCAT OS (ARMT2)
		{DB3B2462-5D2B-4A75-B045-8AD45758239C}.Release|TwinCAT RT (x64).ActiveCfg = Release|TwinCAT RT (x64)
		{DB3B2462-5D2B-4A75-B045-8AD45758239C}.Release|TwinCAT RT (x64).Build.0 = Release|TwinCAT RT (x64)
		{DB3B2462-5D2B-4A75-B045-8AD45758239C}.Release|TwinCAT RT (x86).ActiveCfg = Release|TwinCAT RT (x86)
		{DB3B2462-5D2B-4A75-B045-8AD45758239C}.Release|TwinCAT RT (x86).Build.0 = Release|TwinCAT RT (x86)
		{DB3B2462-5D2B-4A75-B045-8AD45758239C}.ReleaseDevelop|Any CPU.ActiveCfg = Release|TwinCAT RT (x86)
		{DB3B2462-5D2B-4A75-B045-8AD45758239C}.ReleaseDevelop|Any CPU.Build.0 = Release|TwinCAT RT (x86)
		{DB3B2462-5D2B-4A75-B045-8AD45758239C}.ReleaseDevelop|TwinCAT CE7 (ARMV7).ActiveCfg = Release|TwinCAT CE7 (ARMV7)
		{DB3B2462-5D2B-4A75-B045-8AD45758239C}.ReleaseDevelop|TwinCAT CE7 (ARMV7).Build.0 = Release|TwinCAT CE7 (ARMV7)
		{DB3B2462-5D2B-4A75-B045-8AD45758239C}.ReleaseDevelop|TwinCAT OS (ARMT2).ActiveCfg = Release|TwinCAT OS (ARMT2)
		{DB3B2462-5D2B-4A75-B045-8AD45758239C}.ReleaseDevelop|TwinCAT OS (ARMT2).Build.0 = Release|TwinCAT OS (ARMT2)
		{DB3B2462-5D2B-4A75-B045-8AD45758239C}.ReleaseDevelop|TwinCAT RT (x64).ActiveCfg = Release|TwinCAT RT (x64)
		{DB3B2462-5D2B-4A75-B045-8AD45758239C}.ReleaseDevelop|TwinCAT RT (x64).Build.0 = Release|TwinCAT RT (x64)
		{DB3B2462-5D2B-4A75-B045-8AD45758239C}.ReleaseDevelop|TwinCAT RT (x86).ActiveCfg = Release|TwinCAT RT (x86)
		{DB3B2462-5D2B-4A75-B045-8AD45758239C}.ReleaseDevelop|TwinCAT RT (x86).Build.0 = Release|TwinCAT RT (x86)
	EndGlobalSection
	GlobalSection(SolutionProperties) = preSolution
		HideSolutionNode = FALSE
	EndGlobalSection
	GlobalSection(NestedProjects) = preSolution
		{531250A7-DF72-4494-9D08-14AF94B886A1} = {F445D349-F450-4179-8F8A-F88B20168127}
		{CF798B3E-497C-4AF1-9270-DD3030968911} = {F445D349-F450-4179-8F8A-F88B20168127}
		{AEE8FD60-EB8B-4A03-8135-0792271EA960} = {CF798B3E-497C-4AF1-9270-DD3030968911}
		{2E6C2CE4-12CE-4A6F-A95F-B4C5E04FE0E4} = {531250A7-DF72-4494-9D08-14AF94B886A1}
		{664784AD-4DEB-43E5-B4EA-4F535FE7C129} = {AEE8FD60-EB8B-4A03-8135-0792271EA960}
		{2578FB35-7581-4EE3-A048-92DEB3FBCEBA} = {CF798B3E-497C-4AF1-9270-DD3030968911}
		{7BA16530-985D-4EDD-AD83-A6F439FF4377} = {CF798B3E-497C-4AF1-9270-DD3030968911}
		{7C169936-C0F9-4B05-A166-3CB895DF86C9} = {531250A7-DF72-4494-9D08-14AF94B886A1}
		{908816E9-A77D-4A21-874E-C178D2947219} = {531250A7-DF72-4494-9D08-14AF94B886A1}
		{57080225-0018-42DF-BC6A-6931D9B4F589} = {90D7BFF7-1E3C-48E0-A32A-9A35FDA06088}
		{33B89E05-0F1B-447C-BBA3-E97EE2FC5446} = {90D7BFF7-1E3C-48E0-A32A-9A35FDA06088}
		{03640F28-0850-4DFC-91C5-9590F5483D88} = {57080225-0018-42DF-BC6A-6931D9B4F589}
		{F631E4F3-47A7-437D-8227-DEFBD854AF72} = {57080225-0018-42DF-BC6A-6931D9B4F589}
		{C9FFCA60-3C64-4EFA-96AA-FE0F7BEC70BC} = {57080225-0018-42DF-BC6A-6931D9B4F589}
	EndGlobalSection
	GlobalSection(ExtensibilityGlobals) = postSolution
		SolutionGuid = {D3448A2B-59D1-4DD2-AE4B-0EFF7BC92E81}
	EndGlobalSection
EndGlobal
