
Microsoft Visual Studio Solution File, Format Version 12.00
# Visual Studio Version 16
VisualStudioVersion = 16.0.30523.141
MinimumVisualStudioVersion = 10.0.40219.1
Project("{B1E792BE-AA5F-4E3C-8C82-674BF9C0715B}") = "XaeTcOpen", "src\XaeTcOpen\XaeTcOpen.tsproj", "{2E6C2CE4-12CE-4A6F-A95F-B4C5E04FE0E4}"
EndProject
Project("{2150E333-8FDC-42A3-9474-1A3956D46DE8}") = "src", "src", "{531250A7-DF72-4494-9D08-14AF94B886A1}"
EndProject
Project("{2150E333-8FDC-42A3-9474-1A3956D46DE8}") = "tests", "tests", "{CF798B3E-497C-4AF1-9270-DD3030968911}"
EndProject
Project("{2150E333-8FDC-42A3-9474-1A3956D46DE8}") = "docs", "docs", "{98176082-3EE2-4D13-92A2-51A748B167AE}"
	ProjectSection(SolutionItems) = preProject
		docs\Conventions.md = docs\Conventions.md
		docs\Introduction.md = docs\Introduction.md
		README.md = README.md
	EndProjectSection
EndProject
Project("{9A19103F-16F7-4668-BE54-9A1E7A4F7556}") = "TcOpenConnector", "src\connectors\TcOpenConnector\TcOpenConnector.csproj", "{EF08BD7E-9383-4067-87B7-7C662EEC0923}"
EndProject
Project("{2150E333-8FDC-42A3-9474-1A3956D46DE8}") = "connectors", "connectors", "{88975632-C48D-499E-92A4-927C37CD9021}"
EndProject
Project("{9A19103F-16F7-4668-BE54-9A1E7A4F7556}") = "TcOpen.Docs", "docs\TcOpen.Docs\TcOpen.Docs.csproj", "{694B8620-F27D-4A19-AD89-740A84ACE915}"
EndProject
Project("{9A19103F-16F7-4668-BE54-9A1E7A4F7556}") = "xUnitTcOpenTests", "tests\xUnitTcOpenTests\xUnitTcOpenTests.csproj", "{9D824367-6DC3-4876-AAF2-9FC7F3CC798E}"
EndProject
Project("{2150E333-8FDC-42A3-9474-1A3956D46DE8}") = "Sandbox", "Sandbox", "{AEE8FD60-EB8B-4A03-8135-0792271EA960}"
EndProject
Project("{9A19103F-16F7-4668-BE54-9A1E7A4F7556}") = "PlcOpen.Wpf.Sandbox", "tests\Sandbox\PlcOpen.Wpf.Sandbox\PlcOpen.Wpf.Sandbox.csproj", "{23DBF0CF-0EC7-4C02-95B6-E548735BDE3C}"
EndProject
Project("{2150E333-8FDC-42A3-9474-1A3956D46DE8}") = "presentation", "presentation", "{C38C7F67-A230-4CCB-B4A7-057E05C2DCB6}"
EndProject
Project("{2150E333-8FDC-42A3-9474-1A3956D46DE8}") = "wpf", "wpf", "{DE943EA4-CFAA-40BF-BCE1-7DCB72B0BDDE}"
EndProject
Project("{9A19103F-16F7-4668-BE54-9A1E7A4F7556}") = "TcOpen.Wpf", "src\presentation\wpf\TcOpen.Wpf\TcOpen.Wpf.csproj", "{2AA2BE66-CA48-419F-B5F8-C3AF9681C54A}"
EndProject
Project("{9A19103F-16F7-4668-BE54-9A1E7A4F7556}") = "nUnitTcOpenTests", "tests\nUnitTcOpenTests\nUnitTcOpenTests.csproj", "{9F429021-ED22-41F0-B9D2-EA7B7253AA20}"
EndProject
Project("{2150E333-8FDC-42A3-9474-1A3956D46DE8}") = "_SolutionItems", "_SolutionItems", "{2F807C41-9462-47B4-B278-4B6C1907AA36}"
	ProjectSection(SolutionItems) = preProject
		.gitignore = .gitignore
		GitVersion.yml = GitVersion.yml
		publish.ps1 = publish.ps1
		README.md = README.md
		restore.ps1 = restore.ps1
	EndProjectSection
EndProject
Global
	GlobalSection(SolutionConfigurationPlatforms) = preSolution
		Debug|Any CPU = Debug|Any CPU
		Debug|TwinCAT CE7 (ARMV7) = Debug|TwinCAT CE7 (ARMV7)
		Debug|TwinCAT OS (ARMT2) = Debug|TwinCAT OS (ARMT2)
		Debug|TwinCAT RT (x64) = Debug|TwinCAT RT (x64)
		Debug|TwinCAT RT (x86) = Debug|TwinCAT RT (x86)
		Release|Any CPU = Release|Any CPU
		Release|TwinCAT CE7 (ARMV7) = Release|TwinCAT CE7 (ARMV7)
		Release|TwinCAT OS (ARMT2) = Release|TwinCAT OS (ARMT2)
		Release|TwinCAT RT (x64) = Release|TwinCAT RT (x64)
		Release|TwinCAT RT (x86) = Release|TwinCAT RT (x86)
		ReleaseDevelop|Any CPU = ReleaseDevelop|Any CPU
		ReleaseDevelop|TwinCAT CE7 (ARMV7) = ReleaseDevelop|TwinCAT CE7 (ARMV7)
		ReleaseDevelop|TwinCAT OS (ARMT2) = ReleaseDevelop|TwinCAT OS (ARMT2)
		ReleaseDevelop|TwinCAT RT (x64) = ReleaseDevelop|TwinCAT RT (x64)
		ReleaseDevelop|TwinCAT RT (x86) = ReleaseDevelop|TwinCAT RT (x86)
	EndGlobalSection
	GlobalSection(ProjectConfigurationPlatforms) = postSolution
		{2E6C2CE4-12CE-4A6F-A95F-B4C5E04FE0E4}.Debug|Any CPU.ActiveCfg = Debug|TwinCAT RT (x86)
		{2E6C2CE4-12CE-4A6F-A95F-B4C5E04FE0E4}.Debug|TwinCAT CE7 (ARMV7).ActiveCfg = Debug|TwinCAT CE7 (ARMV7)
		{2E6C2CE4-12CE-4A6F-A95F-B4C5E04FE0E4}.Debug|TwinCAT CE7 (ARMV7).Build.0 = Debug|TwinCAT CE7 (ARMV7)
		{2E6C2CE4-12CE-4A6F-A95F-B4C5E04FE0E4}.Debug|TwinCAT OS (ARMT2).ActiveCfg = Debug|TwinCAT OS (ARMT2)
		{2E6C2CE4-12CE-4A6F-A95F-B4C5E04FE0E4}.Debug|TwinCAT OS (ARMT2).Build.0 = Debug|TwinCAT OS (ARMT2)
		{2E6C2CE4-12CE-4A6F-A95F-B4C5E04FE0E4}.Debug|TwinCAT RT (x64).ActiveCfg = Debug|TwinCAT RT (x64)
		{2E6C2CE4-12CE-4A6F-A95F-B4C5E04FE0E4}.Debug|TwinCAT RT (x64).Build.0 = Debug|TwinCAT RT (x64)
		{2E6C2CE4-12CE-4A6F-A95F-B4C5E04FE0E4}.Debug|TwinCAT RT (x86).ActiveCfg = Debug|TwinCAT RT (x86)
		{2E6C2CE4-12CE-4A6F-A95F-B4C5E04FE0E4}.Debug|TwinCAT RT (x86).Build.0 = Debug|TwinCAT RT (x86)
		{2E6C2CE4-12CE-4A6F-A95F-B4C5E04FE0E4}.Release|Any CPU.ActiveCfg = Release|TwinCAT RT (x86)
		{2E6C2CE4-12CE-4A6F-A95F-B4C5E04FE0E4}.Release|TwinCAT CE7 (ARMV7).ActiveCfg = Release|TwinCAT CE7 (ARMV7)
		{2E6C2CE4-12CE-4A6F-A95F-B4C5E04FE0E4}.Release|TwinCAT CE7 (ARMV7).Build.0 = Release|TwinCAT CE7 (ARMV7)
		{2E6C2CE4-12CE-4A6F-A95F-B4C5E04FE0E4}.Release|TwinCAT OS (ARMT2).ActiveCfg = Release|TwinCAT OS (ARMT2)
		{2E6C2CE4-12CE-4A6F-A95F-B4C5E04FE0E4}.Release|TwinCAT OS (ARMT2).Build.0 = Release|TwinCAT OS (ARMT2)
		{2E6C2CE4-12CE-4A6F-A95F-B4C5E04FE0E4}.Release|TwinCAT RT (x64).ActiveCfg = Release|TwinCAT RT (x64)
		{2E6C2CE4-12CE-4A6F-A95F-B4C5E04FE0E4}.Release|TwinCAT RT (x64).Build.0 = Release|TwinCAT RT (x64)
		{2E6C2CE4-12CE-4A6F-A95F-B4C5E04FE0E4}.Release|TwinCAT RT (x86).ActiveCfg = Release|TwinCAT RT (x86)
		{2E6C2CE4-12CE-4A6F-A95F-B4C5E04FE0E4}.Release|TwinCAT RT (x86).Build.0 = Release|TwinCAT RT (x86)
		{2E6C2CE4-12CE-4A6F-A95F-B4C5E04FE0E4}.ReleaseDevelop|Any CPU.ActiveCfg = Release|TwinCAT RT (x64)
		{2E6C2CE4-12CE-4A6F-A95F-B4C5E04FE0E4}.ReleaseDevelop|Any CPU.Build.0 = Release|TwinCAT RT (x64)
		{2E6C2CE4-12CE-4A6F-A95F-B4C5E04FE0E4}.ReleaseDevelop|TwinCAT CE7 (ARMV7).ActiveCfg = Release|TwinCAT CE7 (ARMV7)
		{2E6C2CE4-12CE-4A6F-A95F-B4C5E04FE0E4}.ReleaseDevelop|TwinCAT CE7 (ARMV7).Build.0 = Release|TwinCAT CE7 (ARMV7)
		{2E6C2CE4-12CE-4A6F-A95F-B4C5E04FE0E4}.ReleaseDevelop|TwinCAT OS (ARMT2).ActiveCfg = Release|TwinCAT OS (ARMT2)
		{2E6C2CE4-12CE-4A6F-A95F-B4C5E04FE0E4}.ReleaseDevelop|TwinCAT OS (ARMT2).Build.0 = Release|TwinCAT OS (ARMT2)
		{2E6C2CE4-12CE-4A6F-A95F-B4C5E04FE0E4}.ReleaseDevelop|TwinCAT RT (x64).ActiveCfg = Release|TwinCAT RT (x64)
		{2E6C2CE4-12CE-4A6F-A95F-B4C5E04FE0E4}.ReleaseDevelop|TwinCAT RT (x64).Build.0 = Release|TwinCAT RT (x64)
		{2E6C2CE4-12CE-4A6F-A95F-B4C5E04FE0E4}.ReleaseDevelop|TwinCAT RT (x86).ActiveCfg = Release|TwinCAT RT (x86)
		{2E6C2CE4-12CE-4A6F-A95F-B4C5E04FE0E4}.ReleaseDevelop|TwinCAT RT (x86).Build.0 = Release|TwinCAT RT (x86)
		{EF08BD7E-9383-4067-87B7-7C662EEC0923}.Debug|Any CPU.ActiveCfg = Release|Any CPU
		{EF08BD7E-9383-4067-87B7-7C662EEC0923}.Debug|Any CPU.Build.0 = Release|Any CPU
		{EF08BD7E-9383-4067-87B7-7C662EEC0923}.Debug|TwinCAT CE7 (ARMV7).ActiveCfg = Release|Any CPU
		{EF08BD7E-9383-4067-87B7-7C662EEC0923}.Debug|TwinCAT CE7 (ARMV7).Build.0 = Release|Any CPU
		{EF08BD7E-9383-4067-87B7-7C662EEC0923}.Debug|TwinCAT OS (ARMT2).ActiveCfg = Release|Any CPU
		{EF08BD7E-9383-4067-87B7-7C662EEC0923}.Debug|TwinCAT OS (ARMT2).Build.0 = Release|Any CPU
		{EF08BD7E-9383-4067-87B7-7C662EEC0923}.Debug|TwinCAT RT (x64).ActiveCfg = Release|Any CPU
		{EF08BD7E-9383-4067-87B7-7C662EEC0923}.Debug|TwinCAT RT (x64).Build.0 = Release|Any CPU
		{EF08BD7E-9383-4067-87B7-7C662EEC0923}.Debug|TwinCAT RT (x86).ActiveCfg = Release|Any CPU
		{EF08BD7E-9383-4067-87B7-7C662EEC0923}.Debug|TwinCAT RT (x86).Build.0 = Release|Any CPU
		{EF08BD7E-9383-4067-87B7-7C662EEC0923}.Release|Any CPU.ActiveCfg = Release|Any CPU
		{EF08BD7E-9383-4067-87B7-7C662EEC0923}.Release|Any CPU.Build.0 = Release|Any CPU
		{EF08BD7E-9383-4067-87B7-7C662EEC0923}.Release|TwinCAT CE7 (ARMV7).ActiveCfg = Release|Any CPU
		{EF08BD7E-9383-4067-87B7-7C662EEC0923}.Release|TwinCAT CE7 (ARMV7).Build.0 = Release|Any CPU
		{EF08BD7E-9383-4067-87B7-7C662EEC0923}.Release|TwinCAT OS (ARMT2).ActiveCfg = Release|Any CPU
		{EF08BD7E-9383-4067-87B7-7C662EEC0923}.Release|TwinCAT OS (ARMT2).Build.0 = Release|Any CPU
		{EF08BD7E-9383-4067-87B7-7C662EEC0923}.Release|TwinCAT RT (x64).ActiveCfg = Release|Any CPU
		{EF08BD7E-9383-4067-87B7-7C662EEC0923}.Release|TwinCAT RT (x64).Build.0 = Release|Any CPU
		{EF08BD7E-9383-4067-87B7-7C662EEC0923}.Release|TwinCAT RT (x86).ActiveCfg = Release|Any CPU
		{EF08BD7E-9383-4067-87B7-7C662EEC0923}.Release|TwinCAT RT (x86).Build.0 = Release|Any CPU
		{EF08BD7E-9383-4067-87B7-7C662EEC0923}.ReleaseDevelop|Any CPU.ActiveCfg = Release|Any CPU
		{EF08BD7E-9383-4067-87B7-7C662EEC0923}.ReleaseDevelop|Any CPU.Build.0 = Release|Any CPU
		{EF08BD7E-9383-4067-87B7-7C662EEC0923}.ReleaseDevelop|TwinCAT CE7 (ARMV7).ActiveCfg = Release|Any CPU
		{EF08BD7E-9383-4067-87B7-7C662EEC0923}.ReleaseDevelop|TwinCAT CE7 (ARMV7).Build.0 = Release|Any CPU
		{EF08BD7E-9383-4067-87B7-7C662EEC0923}.ReleaseDevelop|TwinCAT OS (ARMT2).ActiveCfg = Release|Any CPU
		{EF08BD7E-9383-4067-87B7-7C662EEC0923}.ReleaseDevelop|TwinCAT OS (ARMT2).Build.0 = Release|Any CPU
		{EF08BD7E-9383-4067-87B7-7C662EEC0923}.ReleaseDevelop|TwinCAT RT (x64).ActiveCfg = Release|Any CPU
		{EF08BD7E-9383-4067-87B7-7C662EEC0923}.ReleaseDevelop|TwinCAT RT (x64).Build.0 = Release|Any CPU
		{EF08BD7E-9383-4067-87B7-7C662EEC0923}.ReleaseDevelop|TwinCAT RT (x86).ActiveCfg = Release|Any CPU
		{EF08BD7E-9383-4067-87B7-7C662EEC0923}.ReleaseDevelop|TwinCAT RT (x86).Build.0 = Release|Any CPU
		{694B8620-F27D-4A19-AD89-740A84ACE915}.Debug|Any CPU.ActiveCfg = Debug|Any CPU
		{694B8620-F27D-4A19-AD89-740A84ACE915}.Debug|Any CPU.Build.0 = Debug|Any CPU
		{694B8620-F27D-4A19-AD89-740A84ACE915}.Debug|TwinCAT CE7 (ARMV7).ActiveCfg = Debug|Any CPU
		{694B8620-F27D-4A19-AD89-740A84ACE915}.Debug|TwinCAT CE7 (ARMV7).Build.0 = Debug|Any CPU
		{694B8620-F27D-4A19-AD89-740A84ACE915}.Debug|TwinCAT OS (ARMT2).ActiveCfg = Debug|Any CPU
		{694B8620-F27D-4A19-AD89-740A84ACE915}.Debug|TwinCAT OS (ARMT2).Build.0 = Debug|Any CPU
		{694B8620-F27D-4A19-AD89-740A84ACE915}.Debug|TwinCAT RT (x64).ActiveCfg = Debug|Any CPU
		{694B8620-F27D-4A19-AD89-740A84ACE915}.Debug|TwinCAT RT (x64).Build.0 = Debug|Any CPU
		{694B8620-F27D-4A19-AD89-740A84ACE915}.Debug|TwinCAT RT (x86).ActiveCfg = Debug|Any CPU
		{694B8620-F27D-4A19-AD89-740A84ACE915}.Debug|TwinCAT RT (x86).Build.0 = Debug|Any CPU
		{694B8620-F27D-4A19-AD89-740A84ACE915}.Release|Any CPU.ActiveCfg = Release|Any CPU
		{694B8620-F27D-4A19-AD89-740A84ACE915}.Release|Any CPU.Build.0 = Release|Any CPU
		{694B8620-F27D-4A19-AD89-740A84ACE915}.Release|TwinCAT CE7 (ARMV7).ActiveCfg = Release|Any CPU
		{694B8620-F27D-4A19-AD89-740A84ACE915}.Release|TwinCAT CE7 (ARMV7).Build.0 = Release|Any CPU
		{694B8620-F27D-4A19-AD89-740A84ACE915}.Release|TwinCAT OS (ARMT2).ActiveCfg = Release|Any CPU
		{694B8620-F27D-4A19-AD89-740A84ACE915}.Release|TwinCAT OS (ARMT2).Build.0 = Release|Any CPU
		{694B8620-F27D-4A19-AD89-740A84ACE915}.Release|TwinCAT RT (x64).ActiveCfg = Release|Any CPU
		{694B8620-F27D-4A19-AD89-740A84ACE915}.Release|TwinCAT RT (x64).Build.0 = Release|Any CPU
		{694B8620-F27D-4A19-AD89-740A84ACE915}.Release|TwinCAT RT (x86).ActiveCfg = Release|Any CPU
		{694B8620-F27D-4A19-AD89-740A84ACE915}.Release|TwinCAT RT (x86).Build.0 = Release|Any CPU
		{694B8620-F27D-4A19-AD89-740A84ACE915}.ReleaseDevelop|Any CPU.ActiveCfg = Release|Any CPU
		{694B8620-F27D-4A19-AD89-740A84ACE915}.ReleaseDevelop|Any CPU.Build.0 = Release|Any CPU
		{694B8620-F27D-4A19-AD89-740A84ACE915}.ReleaseDevelop|TwinCAT CE7 (ARMV7).ActiveCfg = Release|Any CPU
		{694B8620-F27D-4A19-AD89-740A84ACE915}.ReleaseDevelop|TwinCAT CE7 (ARMV7).Build.0 = Release|Any CPU
		{694B8620-F27D-4A19-AD89-740A84ACE915}.ReleaseDevelop|TwinCAT OS (ARMT2).ActiveCfg = Release|Any CPU
		{694B8620-F27D-4A19-AD89-740A84ACE915}.ReleaseDevelop|TwinCAT OS (ARMT2).Build.0 = Release|Any CPU
		{694B8620-F27D-4A19-AD89-740A84ACE915}.ReleaseDevelop|TwinCAT RT (x64).ActiveCfg = Release|Any CPU
		{694B8620-F27D-4A19-AD89-740A84ACE915}.ReleaseDevelop|TwinCAT RT (x64).Build.0 = Release|Any CPU
		{694B8620-F27D-4A19-AD89-740A84ACE915}.ReleaseDevelop|TwinCAT RT (x86).ActiveCfg = Release|Any CPU
		{694B8620-F27D-4A19-AD89-740A84ACE915}.ReleaseDevelop|TwinCAT RT (x86).Build.0 = Release|Any CPU
		{9D824367-6DC3-4876-AAF2-9FC7F3CC798E}.Debug|Any CPU.ActiveCfg = Debug|Any CPU
		{9D824367-6DC3-4876-AAF2-9FC7F3CC798E}.Debug|Any CPU.Build.0 = Debug|Any CPU
		{9D824367-6DC3-4876-AAF2-9FC7F3CC798E}.Debug|TwinCAT CE7 (ARMV7).ActiveCfg = Debug|Any CPU
		{9D824367-6DC3-4876-AAF2-9FC7F3CC798E}.Debug|TwinCAT CE7 (ARMV7).Build.0 = Debug|Any CPU
		{9D824367-6DC3-4876-AAF2-9FC7F3CC798E}.Debug|TwinCAT OS (ARMT2).ActiveCfg = Debug|Any CPU
		{9D824367-6DC3-4876-AAF2-9FC7F3CC798E}.Debug|TwinCAT OS (ARMT2).Build.0 = Debug|Any CPU
		{9D824367-6DC3-4876-AAF2-9FC7F3CC798E}.Debug|TwinCAT RT (x64).ActiveCfg = Debug|Any CPU
		{9D824367-6DC3-4876-AAF2-9FC7F3CC798E}.Debug|TwinCAT RT (x64).Build.0 = Debug|Any CPU
		{9D824367-6DC3-4876-AAF2-9FC7F3CC798E}.Debug|TwinCAT RT (x86).ActiveCfg = Debug|Any CPU
		{9D824367-6DC3-4876-AAF2-9FC7F3CC798E}.Debug|TwinCAT RT (x86).Build.0 = Debug|Any CPU
		{9D824367-6DC3-4876-AAF2-9FC7F3CC798E}.Release|Any CPU.ActiveCfg = Release|Any CPU
		{9D824367-6DC3-4876-AAF2-9FC7F3CC798E}.Release|Any CPU.Build.0 = Release|Any CPU
		{9D824367-6DC3-4876-AAF2-9FC7F3CC798E}.Release|TwinCAT CE7 (ARMV7).ActiveCfg = Release|Any CPU
		{9D824367-6DC3-4876-AAF2-9FC7F3CC798E}.Release|TwinCAT CE7 (ARMV7).Build.0 = Release|Any CPU
		{9D824367-6DC3-4876-AAF2-9FC7F3CC798E}.Release|TwinCAT OS (ARMT2).ActiveCfg = Release|Any CPU
		{9D824367-6DC3-4876-AAF2-9FC7F3CC798E}.Release|TwinCAT OS (ARMT2).Build.0 = Release|Any CPU
		{9D824367-6DC3-4876-AAF2-9FC7F3CC798E}.Release|TwinCAT RT (x64).ActiveCfg = Release|Any CPU
		{9D824367-6DC3-4876-AAF2-9FC7F3CC798E}.Release|TwinCAT RT (x64).Build.0 = Release|Any CPU
		{9D824367-6DC3-4876-AAF2-9FC7F3CC798E}.Release|TwinCAT RT (x86).ActiveCfg = Release|Any CPU
		{9D824367-6DC3-4876-AAF2-9FC7F3CC798E}.Release|TwinCAT RT (x86).Build.0 = Release|Any CPU
		{9D824367-6DC3-4876-AAF2-9FC7F3CC798E}.ReleaseDevelop|Any CPU.ActiveCfg = Release|Any CPU
		{9D824367-6DC3-4876-AAF2-9FC7F3CC798E}.ReleaseDevelop|Any CPU.Build.0 = Release|Any CPU
		{9D824367-6DC3-4876-AAF2-9FC7F3CC798E}.ReleaseDevelop|TwinCAT CE7 (ARMV7).ActiveCfg = Release|Any CPU
		{9D824367-6DC3-4876-AAF2-9FC7F3CC798E}.ReleaseDevelop|TwinCAT CE7 (ARMV7).Build.0 = Release|Any CPU
		{9D824367-6DC3-4876-AAF2-9FC7F3CC798E}.ReleaseDevelop|TwinCAT OS (ARMT2).ActiveCfg = Release|Any CPU
		{9D824367-6DC3-4876-AAF2-9FC7F3CC798E}.ReleaseDevelop|TwinCAT OS (ARMT2).Build.0 = Release|Any CPU
		{9D824367-6DC3-4876-AAF2-9FC7F3CC798E}.ReleaseDevelop|TwinCAT RT (x64).ActiveCfg = Release|Any CPU
		{9D824367-6DC3-4876-AAF2-9FC7F3CC798E}.ReleaseDevelop|TwinCAT RT (x64).Build.0 = Release|Any CPU
		{9D824367-6DC3-4876-AAF2-9FC7F3CC798E}.ReleaseDevelop|TwinCAT RT (x86).ActiveCfg = Release|Any CPU
		{9D824367-6DC3-4876-AAF2-9FC7F3CC798E}.ReleaseDevelop|TwinCAT RT (x86).Build.0 = Release|Any CPU
		{23DBF0CF-0EC7-4C02-95B6-E548735BDE3C}.Debug|Any CPU.ActiveCfg = Debug|Any CPU
		{23DBF0CF-0EC7-4C02-95B6-E548735BDE3C}.Debug|Any CPU.Build.0 = Debug|Any CPU
		{23DBF0CF-0EC7-4C02-95B6-E548735BDE3C}.Debug|TwinCAT CE7 (ARMV7).ActiveCfg = Debug|Any CPU
		{23DBF0CF-0EC7-4C02-95B6-E548735BDE3C}.Debug|TwinCAT CE7 (ARMV7).Build.0 = Debug|Any CPU
		{23DBF0CF-0EC7-4C02-95B6-E548735BDE3C}.Debug|TwinCAT OS (ARMT2).ActiveCfg = Debug|Any CPU
		{23DBF0CF-0EC7-4C02-95B6-E548735BDE3C}.Debug|TwinCAT OS (ARMT2).Build.0 = Debug|Any CPU
		{23DBF0CF-0EC7-4C02-95B6-E548735BDE3C}.Debug|TwinCAT RT (x64).ActiveCfg = Debug|Any CPU
		{23DBF0CF-0EC7-4C02-95B6-E548735BDE3C}.Debug|TwinCAT RT (x64).Build.0 = Debug|Any CPU
		{23DBF0CF-0EC7-4C02-95B6-E548735BDE3C}.Debug|TwinCAT RT (x86).ActiveCfg = Debug|Any CPU
		{23DBF0CF-0EC7-4C02-95B6-E548735BDE3C}.Debug|TwinCAT RT (x86).Build.0 = Debug|Any CPU
		{23DBF0CF-0EC7-4C02-95B6-E548735BDE3C}.Release|Any CPU.ActiveCfg = Release|Any CPU
		{23DBF0CF-0EC7-4C02-95B6-E548735BDE3C}.Release|Any CPU.Build.0 = Release|Any CPU
		{23DBF0CF-0EC7-4C02-95B6-E548735BDE3C}.Release|TwinCAT CE7 (ARMV7).ActiveCfg = Release|Any CPU
		{23DBF0CF-0EC7-4C02-95B6-E548735BDE3C}.Release|TwinCAT CE7 (ARMV7).Build.0 = Release|Any CPU
		{23DBF0CF-0EC7-4C02-95B6-E548735BDE3C}.Release|TwinCAT OS (ARMT2).ActiveCfg = Release|Any CPU
		{23DBF0CF-0EC7-4C02-95B6-E548735BDE3C}.Release|TwinCAT OS (ARMT2).Build.0 = Release|Any CPU
		{23DBF0CF-0EC7-4C02-95B6-E548735BDE3C}.Release|TwinCAT RT (x64).ActiveCfg = Release|Any CPU
		{23DBF0CF-0EC7-4C02-95B6-E548735BDE3C}.Release|TwinCAT RT (x64).Build.0 = Release|Any CPU
		{23DBF0CF-0EC7-4C02-95B6-E548735BDE3C}.Release|TwinCAT RT (x86).ActiveCfg = Release|Any CPU
		{23DBF0CF-0EC7-4C02-95B6-E548735BDE3C}.Release|TwinCAT RT (x86).Build.0 = Release|Any CPU
		{23DBF0CF-0EC7-4C02-95B6-E548735BDE3C}.ReleaseDevelop|Any CPU.ActiveCfg = Release|Any CPU
		{23DBF0CF-0EC7-4C02-95B6-E548735BDE3C}.ReleaseDevelop|Any CPU.Build.0 = Release|Any CPU
		{23DBF0CF-0EC7-4C02-95B6-E548735BDE3C}.ReleaseDevelop|TwinCAT CE7 (ARMV7).ActiveCfg = Release|Any CPU
		{23DBF0CF-0EC7-4C02-95B6-E548735BDE3C}.ReleaseDevelop|TwinCAT CE7 (ARMV7).Build.0 = Release|Any CPU
		{23DBF0CF-0EC7-4C02-95B6-E548735BDE3C}.ReleaseDevelop|TwinCAT OS (ARMT2).ActiveCfg = Release|Any CPU
		{23DBF0CF-0EC7-4C02-95B6-E548735BDE3C}.ReleaseDevelop|TwinCAT OS (ARMT2).Build.0 = Release|Any CPU
		{23DBF0CF-0EC7-4C02-95B6-E548735BDE3C}.ReleaseDevelop|TwinCAT RT (x64).ActiveCfg = Release|Any CPU
		{23DBF0CF-0EC7-4C02-95B6-E548735BDE3C}.ReleaseDevelop|TwinCAT RT (x64).Build.0 = Release|Any CPU
		{23DBF0CF-0EC7-4C02-95B6-E548735BDE3C}.ReleaseDevelop|TwinCAT RT (x86).ActiveCfg = Release|Any CPU
		{23DBF0CF-0EC7-4C02-95B6-E548735BDE3C}.ReleaseDevelop|TwinCAT RT (x86).Build.0 = Release|Any CPU
		{2AA2BE66-CA48-419F-B5F8-C3AF9681C54A}.Debug|Any CPU.ActiveCfg = Debug|Any CPU
		{2AA2BE66-CA48-419F-B5F8-C3AF9681C54A}.Debug|Any CPU.Build.0 = Debug|Any CPU
		{2AA2BE66-CA48-419F-B5F8-C3AF9681C54A}.Debug|TwinCAT CE7 (ARMV7).ActiveCfg = Debug|Any CPU
		{2AA2BE66-CA48-419F-B5F8-C3AF9681C54A}.Debug|TwinCAT CE7 (ARMV7).Build.0 = Debug|Any CPU
		{2AA2BE66-CA48-419F-B5F8-C3AF9681C54A}.Debug|TwinCAT OS (ARMT2).ActiveCfg = Debug|Any CPU
		{2AA2BE66-CA48-419F-B5F8-C3AF9681C54A}.Debug|TwinCAT OS (ARMT2).Build.0 = Debug|Any CPU
		{2AA2BE66-CA48-419F-B5F8-C3AF9681C54A}.Debug|TwinCAT RT (x64).ActiveCfg = Debug|Any CPU
		{2AA2BE66-CA48-419F-B5F8-C3AF9681C54A}.Debug|TwinCAT RT (x64).Build.0 = Debug|Any CPU
		{2AA2BE66-CA48-419F-B5F8-C3AF9681C54A}.Debug|TwinCAT RT (x86).ActiveCfg = Debug|Any CPU
		{2AA2BE66-CA48-419F-B5F8-C3AF9681C54A}.Debug|TwinCAT RT (x86).Build.0 = Debug|Any CPU
		{2AA2BE66-CA48-419F-B5F8-C3AF9681C54A}.Release|Any CPU.ActiveCfg = Release|Any CPU
		{2AA2BE66-CA48-419F-B5F8-C3AF9681C54A}.Release|Any CPU.Build.0 = Release|Any CPU
		{2AA2BE66-CA48-419F-B5F8-C3AF9681C54A}.Release|TwinCAT CE7 (ARMV7).ActiveCfg = Release|Any CPU
		{2AA2BE66-CA48-419F-B5F8-C3AF9681C54A}.Release|TwinCAT CE7 (ARMV7).Build.0 = Release|Any CPU
		{2AA2BE66-CA48-419F-B5F8-C3AF9681C54A}.Release|TwinCAT OS (ARMT2).ActiveCfg = Release|Any CPU
		{2AA2BE66-CA48-419F-B5F8-C3AF9681C54A}.Release|TwinCAT OS (ARMT2).Build.0 = Release|Any CPU
		{2AA2BE66-CA48-419F-B5F8-C3AF9681C54A}.Release|TwinCAT RT (x64).ActiveCfg = Release|Any CPU
		{2AA2BE66-CA48-419F-B5F8-C3AF9681C54A}.Release|TwinCAT RT (x64).Build.0 = Release|Any CPU
		{2AA2BE66-CA48-419F-B5F8-C3AF9681C54A}.Release|TwinCAT RT (x86).ActiveCfg = Release|Any CPU
		{2AA2BE66-CA48-419F-B5F8-C3AF9681C54A}.Release|TwinCAT RT (x86).Build.0 = Release|Any CPU
		{2AA2BE66-CA48-419F-B5F8-C3AF9681C54A}.ReleaseDevelop|Any CPU.ActiveCfg = Release|Any CPU
		{2AA2BE66-CA48-419F-B5F8-C3AF9681C54A}.ReleaseDevelop|Any CPU.Build.0 = Release|Any CPU
		{2AA2BE66-CA48-419F-B5F8-C3AF9681C54A}.ReleaseDevelop|TwinCAT CE7 (ARMV7).ActiveCfg = Release|Any CPU
		{2AA2BE66-CA48-419F-B5F8-C3AF9681C54A}.ReleaseDevelop|TwinCAT CE7 (ARMV7).Build.0 = Release|Any CPU
		{2AA2BE66-CA48-419F-B5F8-C3AF9681C54A}.ReleaseDevelop|TwinCAT OS (ARMT2).ActiveCfg = Release|Any CPU
		{2AA2BE66-CA48-419F-B5F8-C3AF9681C54A}.ReleaseDevelop|TwinCAT OS (ARMT2).Build.0 = Release|Any CPU
		{2AA2BE66-CA48-419F-B5F8-C3AF9681C54A}.ReleaseDevelop|TwinCAT RT (x64).ActiveCfg = Release|Any CPU
		{2AA2BE66-CA48-419F-B5F8-C3AF9681C54A}.ReleaseDevelop|TwinCAT RT (x64).Build.0 = Release|Any CPU
		{2AA2BE66-CA48-419F-B5F8-C3AF9681C54A}.ReleaseDevelop|TwinCAT RT (x86).ActiveCfg = Release|Any CPU
		{2AA2BE66-CA48-419F-B5F8-C3AF9681C54A}.ReleaseDevelop|TwinCAT RT (x86).Build.0 = Release|Any CPU
		{9F429021-ED22-41F0-B9D2-EA7B7253AA20}.Debug|Any CPU.ActiveCfg = Debug|Any CPU
		{9F429021-ED22-41F0-B9D2-EA7B7253AA20}.Debug|Any CPU.Build.0 = Debug|Any CPU
		{9F429021-ED22-41F0-B9D2-EA7B7253AA20}.Debug|TwinCAT CE7 (ARMV7).ActiveCfg = Debug|Any CPU
		{9F429021-ED22-41F0-B9D2-EA7B7253AA20}.Debug|TwinCAT CE7 (ARMV7).Build.0 = Debug|Any CPU
		{9F429021-ED22-41F0-B9D2-EA7B7253AA20}.Debug|TwinCAT OS (ARMT2).ActiveCfg = Debug|Any CPU
		{9F429021-ED22-41F0-B9D2-EA7B7253AA20}.Debug|TwinCAT OS (ARMT2).Build.0 = Debug|Any CPU
		{9F429021-ED22-41F0-B9D2-EA7B7253AA20}.Debug|TwinCAT RT (x64).ActiveCfg = Debug|Any CPU
		{9F429021-ED22-41F0-B9D2-EA7B7253AA20}.Debug|TwinCAT RT (x64).Build.0 = Debug|Any CPU
		{9F429021-ED22-41F0-B9D2-EA7B7253AA20}.Debug|TwinCAT RT (x86).ActiveCfg = Debug|Any CPU
		{9F429021-ED22-41F0-B9D2-EA7B7253AA20}.Debug|TwinCAT RT (x86).Build.0 = Debug|Any CPU
		{9F429021-ED22-41F0-B9D2-EA7B7253AA20}.Release|Any CPU.ActiveCfg = Release|Any CPU
		{9F429021-ED22-41F0-B9D2-EA7B7253AA20}.Release|Any CPU.Build.0 = Release|Any CPU
		{9F429021-ED22-41F0-B9D2-EA7B7253AA20}.Release|TwinCAT CE7 (ARMV7).ActiveCfg = Release|Any CPU
		{9F429021-ED22-41F0-B9D2-EA7B7253AA20}.Release|TwinCAT CE7 (ARMV7).Build.0 = Release|Any CPU
		{9F429021-ED22-41F0-B9D2-EA7B7253AA20}.Release|TwinCAT OS (ARMT2).ActiveCfg = Release|Any CPU
		{9F429021-ED22-41F0-B9D2-EA7B7253AA20}.Release|TwinCAT OS (ARMT2).Build.0 = Release|Any CPU
		{9F429021-ED22-41F0-B9D2-EA7B7253AA20}.Release|TwinCAT RT (x64).ActiveCfg = Release|Any CPU
		{9F429021-ED22-41F0-B9D2-EA7B7253AA20}.Release|TwinCAT RT (x64).Build.0 = Release|Any CPU
		{9F429021-ED22-41F0-B9D2-EA7B7253AA20}.Release|TwinCAT RT (x86).ActiveCfg = Release|Any CPU
		{9F429021-ED22-41F0-B9D2-EA7B7253AA20}.Release|TwinCAT RT (x86).Build.0 = Release|Any CPU
		{9F429021-ED22-41F0-B9D2-EA7B7253AA20}.ReleaseDevelop|Any CPU.ActiveCfg = Release|Any CPU
		{9F429021-ED22-41F0-B9D2-EA7B7253AA20}.ReleaseDevelop|Any CPU.Build.0 = Release|Any CPU
		{9F429021-ED22-41F0-B9D2-EA7B7253AA20}.ReleaseDevelop|TwinCAT CE7 (ARMV7).ActiveCfg = Release|Any CPU
		{9F429021-ED22-41F0-B9D2-EA7B7253AA20}.ReleaseDevelop|TwinCAT CE7 (ARMV7).Build.0 = Release|Any CPU
		{9F429021-ED22-41F0-B9D2-EA7B7253AA20}.ReleaseDevelop|TwinCAT OS (ARMT2).ActiveCfg = Release|Any CPU
		{9F429021-ED22-41F0-B9D2-EA7B7253AA20}.ReleaseDevelop|TwinCAT OS (ARMT2).Build.0 = Release|Any CPU
		{9F429021-ED22-41F0-B9D2-EA7B7253AA20}.ReleaseDevelop|TwinCAT RT (x64).ActiveCfg = Release|Any CPU
		{9F429021-ED22-41F0-B9D2-EA7B7253AA20}.ReleaseDevelop|TwinCAT RT (x64).Build.0 = Release|Any CPU
		{9F429021-ED22-41F0-B9D2-EA7B7253AA20}.ReleaseDevelop|TwinCAT RT (x86).ActiveCfg = Release|Any CPU
		{9F429021-ED22-41F0-B9D2-EA7B7253AA20}.ReleaseDevelop|TwinCAT RT (x86).Build.0 = Release|Any CPU
		{37585681-C225-40E0-832C-EB8E077A5CE7}.Debug|Any CPU.ActiveCfg = Debug|TwinCAT RT (x86)
		{37585681-C225-40E0-832C-EB8E077A5CE7}.Debug|TwinCAT CE7 (ARMV7).ActiveCfg = Debug|TwinCAT CE7 (ARMV7)
		{37585681-C225-40E0-832C-EB8E077A5CE7}.Debug|TwinCAT CE7 (ARMV7).Build.0 = Debug|TwinCAT CE7 (ARMV7)
		{37585681-C225-40E0-832C-EB8E077A5CE7}.Debug|TwinCAT OS (ARMT2).ActiveCfg = Debug|TwinCAT OS (ARMT2)
		{37585681-C225-40E0-832C-EB8E077A5CE7}.Debug|TwinCAT OS (ARMT2).Build.0 = Debug|TwinCAT OS (ARMT2)
		{37585681-C225-40E0-832C-EB8E077A5CE7}.Debug|TwinCAT RT (x64).ActiveCfg = Debug|TwinCAT RT (x64)
		{37585681-C225-40E0-832C-EB8E077A5CE7}.Debug|TwinCAT RT (x64).Build.0 = Debug|TwinCAT RT (x64)
		{37585681-C225-40E0-832C-EB8E077A5CE7}.Debug|TwinCAT RT (x86).ActiveCfg = Debug|TwinCAT RT (x86)
		{37585681-C225-40E0-832C-EB8E077A5CE7}.Debug|TwinCAT RT (x86).Build.0 = Debug|TwinCAT RT (x86)
		{37585681-C225-40E0-832C-EB8E077A5CE7}.Release|Any CPU.ActiveCfg = Release|TwinCAT RT (x86)
		{37585681-C225-40E0-832C-EB8E077A5CE7}.Release|TwinCAT CE7 (ARMV7).ActiveCfg = Release|TwinCAT CE7 (ARMV7)
		{37585681-C225-40E0-832C-EB8E077A5CE7}.Release|TwinCAT CE7 (ARMV7).Build.0 = Release|TwinCAT CE7 (ARMV7)
		{37585681-C225-40E0-832C-EB8E077A5CE7}.Release|TwinCAT OS (ARMT2).ActiveCfg = Release|TwinCAT OS (ARMT2)
		{37585681-C225-40E0-832C-EB8E077A5CE7}.Release|TwinCAT OS (ARMT2).Build.0 = Release|TwinCAT OS (ARMT2)
		{37585681-C225-40E0-832C-EB8E077A5CE7}.Release|TwinCAT RT (x64).ActiveCfg = Release|TwinCAT RT (x64)
		{37585681-C225-40E0-832C-EB8E077A5CE7}.Release|TwinCAT RT (x64).Build.0 = Release|TwinCAT RT (x64)
		{37585681-C225-40E0-832C-EB8E077A5CE7}.Release|TwinCAT RT (x86).ActiveCfg = Release|TwinCAT RT (x86)
		{37585681-C225-40E0-832C-EB8E077A5CE7}.Release|TwinCAT RT (x86).Build.0 = Release|TwinCAT RT (x86)
		{37585681-C225-40E0-832C-EB8E077A5CE7}.ReleaseDevelop|Any CPU.ActiveCfg = Release|TwinCAT RT (x86)
		{37585681-C225-40E0-832C-EB8E077A5CE7}.ReleaseDevelop|Any CPU.Build.0 = Release|TwinCAT RT (x86)
		{37585681-C225-40E0-832C-EB8E077A5CE7}.ReleaseDevelop|TwinCAT CE7 (ARMV7).ActiveCfg = Release|TwinCAT CE7 (ARMV7)
		{37585681-C225-40E0-832C-EB8E077A5CE7}.ReleaseDevelop|TwinCAT CE7 (ARMV7).Build.0 = Release|TwinCAT CE7 (ARMV7)
		{37585681-C225-40E0-832C-EB8E077A5CE7}.ReleaseDevelop|TwinCAT OS (ARMT2).ActiveCfg = Release|TwinCAT OS (ARMT2)
		{37585681-C225-40E0-832C-EB8E077A5CE7}.ReleaseDevelop|TwinCAT OS (ARMT2).Build.0 = Release|TwinCAT OS (ARMT2)
		{37585681-C225-40E0-832C-EB8E077A5CE7}.ReleaseDevelop|TwinCAT RT (x64).ActiveCfg = Release|TwinCAT RT (x64)
		{37585681-C225-40E0-832C-EB8E077A5CE7}.ReleaseDevelop|TwinCAT RT (x64).Build.0 = Release|TwinCAT RT (x64)
		{37585681-C225-40E0-832C-EB8E077A5CE7}.ReleaseDevelop|TwinCAT RT (x86).ActiveCfg = Release|TwinCAT RT (x86)
		{37585681-C225-40E0-832C-EB8E077A5CE7}.ReleaseDevelop|TwinCAT RT (x86).Build.0 = Release|TwinCAT RT (x86)
	EndGlobalSection
	GlobalSection(SolutionProperties) = preSolution
		HideSolutionNode = FALSE
	EndGlobalSection
	GlobalSection(NestedProjects) = preSolution
		{2E6C2CE4-12CE-4A6F-A95F-B4C5E04FE0E4} = {531250A7-DF72-4494-9D08-14AF94B886A1}
		{EF08BD7E-9383-4067-87B7-7C662EEC0923} = {88975632-C48D-499E-92A4-927C37CD9021}
		{88975632-C48D-499E-92A4-927C37CD9021} = {531250A7-DF72-4494-9D08-14AF94B886A1}
		{694B8620-F27D-4A19-AD89-740A84ACE915} = {98176082-3EE2-4D13-92A2-51A748B167AE}
		{9D824367-6DC3-4876-AAF2-9FC7F3CC798E} = {CF798B3E-497C-4AF1-9270-DD3030968911}
		{AEE8FD60-EB8B-4A03-8135-0792271EA960} = {CF798B3E-497C-4AF1-9270-DD3030968911}
		{23DBF0CF-0EC7-4C02-95B6-E548735BDE3C} = {AEE8FD60-EB8B-4A03-8135-0792271EA960}
		{C38C7F67-A230-4CCB-B4A7-057E05C2DCB6} = {531250A7-DF72-4494-9D08-14AF94B886A1}
		{DE943EA4-CFAA-40BF-BCE1-7DCB72B0BDDE} = {C38C7F67-A230-4CCB-B4A7-057E05C2DCB6}
		{2AA2BE66-CA48-419F-B5F8-C3AF9681C54A} = {DE943EA4-CFAA-40BF-BCE1-7DCB72B0BDDE}
		{9F429021-ED22-41F0-B9D2-EA7B7253AA20} = {CF798B3E-497C-4AF1-9270-DD3030968911}
	EndGlobalSection
	GlobalSection(ExtensibilityGlobals) = postSolution
		SolutionGuid = {D3448A2B-59D1-4DD2-AE4B-0EFF7BC92E81}
	EndGlobalSection
EndGlobal
