
Microsoft Visual Studio Solution File, Format Version 12.00
# Visual Studio Version 16
VisualStudioVersion = 16.0.30523.141
MinimumVisualStudioVersion = 10.0.40219.1
Project("{B1E792BE-AA5F-4E3C-8C82-674BF9C0715B}") = "XaeTcOpen", "src\XaeTcOpen\XaeTcOpen.tsproj", "{2E6C2CE4-12CE-4A6F-A95F-B4C5E04FE0E4}"
EndProject
Project("{2150E333-8FDC-42A3-9474-1A3956D46DE8}") = "src", "src", "{531250A7-DF72-4494-9D08-14AF94B886A1}"
EndProject
Project("{2150E333-8FDC-42A3-9474-1A3956D46DE8}") = "tests", "tests", "{CF798B3E-497C-4AF1-9270-DD3030968911}"
EndProject
Project("{2150E333-8FDC-42A3-9474-1A3956D46DE8}") = "docs", "docs", "{98176082-3EE2-4D13-92A2-51A748B167AE}"
EndProject
Global
	GlobalSection(SolutionConfigurationPlatforms) = preSolution
		Debug|TwinCAT CE7 (ARMV7) = Debug|TwinCAT CE7 (ARMV7)
		Debug|TwinCAT OS (ARMT2) = Debug|TwinCAT OS (ARMT2)
		Debug|TwinCAT RT (x64) = Debug|TwinCAT RT (x64)
		Debug|TwinCAT RT (x86) = Debug|TwinCAT RT (x86)
		Release|TwinCAT CE7 (ARMV7) = Release|TwinCAT CE7 (ARMV7)
		Release|TwinCAT OS (ARMT2) = Release|TwinCAT OS (ARMT2)
		Release|TwinCAT RT (x64) = Release|TwinCAT RT (x64)
		Release|TwinCAT RT (x86) = Release|TwinCAT RT (x86)
	EndGlobalSection
	GlobalSection(ProjectConfigurationPlatforms) = postSolution
		{2E6C2CE4-12CE-4A6F-A95F-B4C5E04FE0E4}.Debug|TwinCAT CE7 (ARMV7).ActiveCfg = Debug|TwinCAT CE7 (ARMV7)
		{2E6C2CE4-12CE-4A6F-A95F-B4C5E04FE0E4}.Debug|TwinCAT CE7 (ARMV7).Build.0 = Debug|TwinCAT CE7 (ARMV7)
		{2E6C2CE4-12CE-4A6F-A95F-B4C5E04FE0E4}.Debug|TwinCAT OS (ARMT2).ActiveCfg = Debug|TwinCAT OS (ARMT2)
		{2E6C2CE4-12CE-4A6F-A95F-B4C5E04FE0E4}.Debug|TwinCAT OS (ARMT2).Build.0 = Debug|TwinCAT OS (ARMT2)
		{2E6C2CE4-12CE-4A6F-A95F-B4C5E04FE0E4}.Debug|TwinCAT RT (x64).ActiveCfg = Debug|TwinCAT RT (x64)
		{2E6C2CE4-12CE-4A6F-A95F-B4C5E04FE0E4}.Debug|TwinCAT RT (x64).Build.0 = Debug|TwinCAT RT (x64)
		{2E6C2CE4-12CE-4A6F-A95F-B4C5E04FE0E4}.Debug|TwinCAT RT (x86).ActiveCfg = Debug|TwinCAT RT (x86)
		{2E6C2CE4-12CE-4A6F-A95F-B4C5E04FE0E4}.Debug|TwinCAT RT (x86).Build.0 = Debug|TwinCAT RT (x86)
		{2E6C2CE4-12CE-4A6F-A95F-B4C5E04FE0E4}.Release|TwinCAT CE7 (ARMV7).ActiveCfg = Release|TwinCAT CE7 (ARMV7)
		{2E6C2CE4-12CE-4A6F-A95F-B4C5E04FE0E4}.Release|TwinCAT CE7 (ARMV7).Build.0 = Release|TwinCAT CE7 (ARMV7)
		{2E6C2CE4-12CE-4A6F-A95F-B4C5E04FE0E4}.Release|TwinCAT OS (ARMT2).ActiveCfg = Release|TwinCAT OS (ARMT2)
		{2E6C2CE4-12CE-4A6F-A95F-B4C5E04FE0E4}.Release|TwinCAT OS (ARMT2).Build.0 = Release|TwinCAT OS (ARMT2)
		{2E6C2CE4-12CE-4A6F-A95F-B4C5E04FE0E4}.Release|TwinCAT RT (x64).ActiveCfg = Release|TwinCAT RT (x64)
		{2E6C2CE4-12CE-4A6F-A95F-B4C5E04FE0E4}.Release|TwinCAT RT (x64).Build.0 = Release|TwinCAT RT (x64)
		{2E6C2CE4-12CE-4A6F-A95F-B4C5E04FE0E4}.Release|TwinCAT RT (x86).ActiveCfg = Release|TwinCAT RT (x86)
		{2E6C2CE4-12CE-4A6F-A95F-B4C5E04FE0E4}.Release|TwinCAT RT (x86).Build.0 = Release|TwinCAT RT (x86)
		{56AB7F71-51A3-4C51-9C85-895354286A89}.Debug|TwinCAT CE7 (ARMV7).ActiveCfg = Debug|TwinCAT CE7 (ARMV7)
		{56AB7F71-51A3-4C51-9C85-895354286A89}.Debug|TwinCAT CE7 (ARMV7).Build.0 = Debug|TwinCAT CE7 (ARMV7)
		{56AB7F71-51A3-4C51-9C85-895354286A89}.Debug|TwinCAT OS (ARMT2).ActiveCfg = Debug|TwinCAT OS (ARMT2)
		{56AB7F71-51A3-4C51-9C85-895354286A89}.Debug|TwinCAT OS (ARMT2).Build.0 = Debug|TwinCAT OS (ARMT2)
		{56AB7F71-51A3-4C51-9C85-895354286A89}.Debug|TwinCAT RT (x64).ActiveCfg = Debug|TwinCAT RT (x64)
		{56AB7F71-51A3-4C51-9C85-895354286A89}.Debug|TwinCAT RT (x64).Build.0 = Debug|TwinCAT RT (x64)
		{56AB7F71-51A3-4C51-9C85-895354286A89}.Debug|TwinCAT RT (x86).ActiveCfg = Debug|TwinCAT RT (x86)
		{56AB7F71-51A3-4C51-9C85-895354286A89}.Debug|TwinCAT RT (x86).Build.0 = Debug|TwinCAT RT (x86)
		{56AB7F71-51A3-4C51-9C85-895354286A89}.Release|TwinCAT CE7 (ARMV7).ActiveCfg = Release|TwinCAT CE7 (ARMV7)
		{56AB7F71-51A3-4C51-9C85-895354286A89}.Release|TwinCAT CE7 (ARMV7).Build.0 = Release|TwinCAT CE7 (ARMV7)
		{56AB7F71-51A3-4C51-9C85-895354286A89}.Release|TwinCAT OS (ARMT2).ActiveCfg = Release|TwinCAT OS (ARMT2)
		{56AB7F71-51A3-4C51-9C85-895354286A89}.Release|TwinCAT OS (ARMT2).Build.0 = Release|TwinCAT OS (ARMT2)
		{56AB7F71-51A3-4C51-9C85-895354286A89}.Release|TwinCAT RT (x64).ActiveCfg = Release|TwinCAT RT (x64)
		{56AB7F71-51A3-4C51-9C85-895354286A89}.Release|TwinCAT RT (x64).Build.0 = Release|TwinCAT RT (x64)
		{56AB7F71-51A3-4C51-9C85-895354286A89}.Release|TwinCAT RT (x86).ActiveCfg = Release|TwinCAT RT (x86)
		{56AB7F71-51A3-4C51-9C85-895354286A89}.Release|TwinCAT RT (x86).Build.0 = Release|TwinCAT RT (x86)
	EndGlobalSection
	GlobalSection(SolutionProperties) = preSolution
		HideSolutionNode = FALSE
	EndGlobalSection
	GlobalSection(NestedProjects) = preSolution
		{2E6C2CE4-12CE-4A6F-A95F-B4C5E04FE0E4} = {531250A7-DF72-4494-9D08-14AF94B886A1}
	EndGlobalSection
	GlobalSection(ExtensibilityGlobals) = postSolution
		SolutionGuid = {D3448A2B-59D1-4DD2-AE4B-0EFF7BC92E81}
	EndGlobalSection
EndGlobal
