
Microsoft Visual Studio Solution File, Format Version 12.00
# Visual Studio Version 16
VisualStudioVersion = 16.0.32929.386
MinimumVisualStudioVersion = 10.0.40219.1
Project("{B1E792BE-AA5F-4E3C-8C82-674BF9C0715B}") = "XAETcoRexrothPress", "XAETcoRexrothPress.tsproj", "{F9E8CB0C-87A9-4377-9234-E2ACBFE1E5FE}"
EndProject
Global
	GlobalSection(SolutionConfigurationPlatforms) = preSolution
		Debug|TwinCAT CE7 (ARMV7) = Debug|TwinCAT CE7 (ARMV7)
		Debug|TwinCAT OS (ARMT2) = Debug|TwinCAT OS (ARMT2)
		Debug|TwinCAT RT (x64) = Debug|TwinCAT RT (x64)
		Debug|TwinCAT RT (x86) = Debug|TwinCAT RT (x86)
		Release|TwinCAT CE7 (ARMV7) = Release|TwinCAT CE7 (ARMV7)
		Release|TwinCAT OS (ARMT2) = Release|TwinCAT OS (ARMT2)
		Release|TwinCAT RT (x64) = Release|TwinCAT RT (x64)
		Release|TwinCAT RT (x86) = Release|TwinCAT RT (x86)
	EndGlobalSection
	GlobalSection(ProjectConfigurationPlatforms) = postSolution
		{F9E8CB0C-87A9-4377-9234-E2ACBFE1E5FE}.Debug|TwinCAT CE7 (ARMV7).ActiveCfg = Debug|TwinCAT CE7 (ARMV7)
		{F9E8CB0C-87A9-4377-9234-E2ACBFE1E5FE}.Debug|TwinCAT CE7 (ARMV7).Build.0 = Debug|TwinCAT CE7 (ARMV7)
		{F9E8CB0C-87A9-4377-9234-E2ACBFE1E5FE}.Debug|TwinCAT OS (ARMT2).ActiveCfg = Debug|TwinCAT OS (ARMT2)
		{F9E8CB0C-87A9-4377-9234-E2ACBFE1E5FE}.Debug|TwinCAT OS (ARMT2).Build.0 = Debug|TwinCAT OS (ARMT2)
		{F9E8CB0C-87A9-4377-9234-E2ACBFE1E5FE}.Debug|TwinCAT RT (x64).ActiveCfg = Debug|TwinCAT RT (x64)
		{F9E8CB0C-87A9-4377-9234-E2ACBFE1E5FE}.Debug|TwinCAT RT (x64).Build.0 = Debug|TwinCAT RT (x64)
		{F9E8CB0C-87A9-4377-9234-E2ACBFE1E5FE}.Debug|TwinCAT RT (x86).ActiveCfg = Debug|TwinCAT RT (x86)
		{F9E8CB0C-87A9-4377-9234-E2ACBFE1E5FE}.Debug|TwinCAT RT (x86).Build.0 = Debug|TwinCAT RT (x86)
		{F9E8CB0C-87A9-4377-9234-E2ACBFE1E5FE}.Release|TwinCAT CE7 (ARMV7).ActiveCfg = Release|TwinCAT CE7 (ARMV7)
		{F9E8CB0C-87A9-4377-9234-E2ACBFE1E5FE}.Release|TwinCAT CE7 (ARMV7).Build.0 = Release|TwinCAT CE7 (ARMV7)
		{F9E8CB0C-87A9-4377-9234-E2ACBFE1E5FE}.Release|TwinCAT OS (ARMT2).ActiveCfg = Release|TwinCAT OS (ARMT2)
		{F9E8CB0C-87A9-4377-9234-E2ACBFE1E5FE}.Release|TwinCAT OS (ARMT2).Build.0 = Release|TwinCAT OS (ARMT2)
		{F9E8CB0C-87A9-4377-9234-E2ACBFE1E5FE}.Release|TwinCAT RT (x64).ActiveCfg = Release|TwinCAT RT (x64)
		{F9E8CB0C-87A9-4377-9234-E2ACBFE1E5FE}.Release|TwinCAT RT (x64).Build.0 = Release|TwinCAT RT (x64)
		{F9E8CB0C-87A9-4377-9234-E2ACBFE1E5FE}.Release|TwinCAT RT (x86).ActiveCfg = Release|TwinCAT RT (x86)
		{F9E8CB0C-87A9-4377-9234-E2ACBFE1E5FE}.Release|TwinCAT RT (x86).Build.0 = Release|TwinCAT RT (x86)
		{B057D1C0-C1A0-4E87-8DE3-42F28C9DD315}.Debug|TwinCAT CE7 (ARMV7).ActiveCfg = Debug|TwinCAT CE7 (ARMV7)
		{B057D1C0-C1A0-4E87-8DE3-42F28C9DD315}.Debug|TwinCAT CE7 (ARMV7).Build.0 = Debug|TwinCAT CE7 (ARMV7)
		{B057D1C0-C1A0-4E87-8DE3-42F28C9DD315}.Debug|TwinCAT OS (ARMT2).ActiveCfg = Debug|TwinCAT OS (ARMT2)
		{B057D1C0-C1A0-4E87-8DE3-42F28C9DD315}.Debug|TwinCAT OS (ARMT2).Build.0 = Debug|TwinCAT OS (ARMT2)
		{B057D1C0-C1A0-4E87-8DE3-42F28C9DD315}.Debug|TwinCAT RT (x64).ActiveCfg = Debug|TwinCAT RT (x64)
		{B057D1C0-C1A0-4E87-8DE3-42F28C9DD315}.Debug|TwinCAT RT (x64).Build.0 = Debug|TwinCAT RT (x64)
		{B057D1C0-C1A0-4E87-8DE3-42F28C9DD315}.Debug|TwinCAT RT (x86).ActiveCfg = Debug|TwinCAT RT (x86)
		{B057D1C0-C1A0-4E87-8DE3-42F28C9DD315}.Debug|TwinCAT RT (x86).Build.0 = Debug|TwinCAT RT (x86)
		{B057D1C0-C1A0-4E87-8DE3-42F28C9DD315}.Release|TwinCAT CE7 (ARMV7).ActiveCfg = Release|TwinCAT CE7 (ARMV7)
		{B057D1C0-C1A0-4E87-8DE3-42F28C9DD315}.Release|TwinCAT CE7 (ARMV7).Build.0 = Release|TwinCAT CE7 (ARMV7)
		{B057D1C0-C1A0-4E87-8DE3-42F28C9DD315}.Release|TwinCAT OS (ARMT2).ActiveCfg = Release|TwinCAT OS (ARMT2)
		{B057D1C0-C1A0-4E87-8DE3-42F28C9DD315}.Release|TwinCAT OS (ARMT2).Build.0 = Release|TwinCAT OS (ARMT2)
		{B057D1C0-C1A0-4E87-8DE3-42F28C9DD315}.Release|TwinCAT RT (x64).ActiveCfg = Release|TwinCAT RT (x64)
		{B057D1C0-C1A0-4E87-8DE3-42F28C9DD315}.Release|TwinCAT RT (x64).Build.0 = Release|TwinCAT RT (x64)
		{B057D1C0-C1A0-4E87-8DE3-42F28C9DD315}.Release|TwinCAT RT (x86).ActiveCfg = Release|TwinCAT RT (x86)
		{B057D1C0-C1A0-4E87-8DE3-42F28C9DD315}.Release|TwinCAT RT (x86).Build.0 = Release|TwinCAT RT (x86)
		{FC83BAF7-9480-4C64-8D5C-B812256F7D0A}.Debug|TwinCAT CE7 (ARMV7).ActiveCfg = Debug|TwinCAT CE7 (ARMV7)
		{FC83BAF7-9480-4C64-8D5C-B812256F7D0A}.Debug|TwinCAT CE7 (ARMV7).Build.0 = Debug|TwinCAT CE7 (ARMV7)
		{FC83BAF7-9480-4C64-8D5C-B812256F7D0A}.Debug|TwinCAT OS (ARMT2).ActiveCfg = Debug|TwinCAT OS (ARMT2)
		{FC83BAF7-9480-4C64-8D5C-B812256F7D0A}.Debug|TwinCAT OS (ARMT2).Build.0 = Debug|TwinCAT OS (ARMT2)
		{FC83BAF7-9480-4C64-8D5C-B812256F7D0A}.Debug|TwinCAT RT (x64).ActiveCfg = Debug|TwinCAT RT (x64)
		{FC83BAF7-9480-4C64-8D5C-B812256F7D0A}.Debug|TwinCAT RT (x64).Build.0 = Debug|TwinCAT RT (x64)
		{FC83BAF7-9480-4C64-8D5C-B812256F7D0A}.Debug|TwinCAT RT (x86).ActiveCfg = Debug|TwinCAT RT (x86)
		{FC83BAF7-9480-4C64-8D5C-B812256F7D0A}.Debug|TwinCAT RT (x86).Build.0 = Debug|TwinCAT RT (x86)
		{FC83BAF7-9480-4C64-8D5C-B812256F7D0A}.Release|TwinCAT CE7 (ARMV7).ActiveCfg = Release|TwinCAT CE7 (ARMV7)
		{FC83BAF7-9480-4C64-8D5C-B812256F7D0A}.Release|TwinCAT CE7 (ARMV7).Build.0 = Release|TwinCAT CE7 (ARMV7)
		{FC83BAF7-9480-4C64-8D5C-B812256F7D0A}.Release|TwinCAT OS (ARMT2).ActiveCfg = Release|TwinCAT OS (ARMT2)
		{FC83BAF7-9480-4C64-8D5C-B812256F7D0A}.Release|TwinCAT OS (ARMT2).Build.0 = Release|TwinCAT OS (ARMT2)
		{FC83BAF7-9480-4C64-8D5C-B812256F7D0A}.Release|TwinCAT RT (x64).ActiveCfg = Release|TwinCAT RT (x64)
		{FC83BAF7-9480-4C64-8D5C-B812256F7D0A}.Release|TwinCAT RT (x64).Build.0 = Release|TwinCAT RT (x64)
		{FC83BAF7-9480-4C64-8D5C-B812256F7D0A}.Release|TwinCAT RT (x86).ActiveCfg = Release|TwinCAT RT (x86)
		{FC83BAF7-9480-4C64-8D5C-B812256F7D0A}.Release|TwinCAT RT (x86).Build.0 = Release|TwinCAT RT (x86)
	EndGlobalSection
	GlobalSection(SolutionProperties) = preSolution
		HideSolutionNode = FALSE
	EndGlobalSection
	GlobalSection(ExtensibilityGlobals) = postSolution
		SolutionGuid = {ABCB406D-9F67-4494-B37C-FAB4874830A2}
	EndGlobalSection
EndGlobal
