
Microsoft Visual Studio Solution File, Format Version 12.00
# Visual Studio Version 17
VisualStudioVersion = 17.0.31903.59
MinimumVisualStudioVersion = 10.0.40219.1
Project("{FAE04EC0-301F-11D3-BF4B-00C04F79EFBC}") = "Serilog.Sinks.MQTT", "Serilog.Sinks.MQTT.csproj", "{1CA39DF4-E7AC-459F-AE5A-E92923472D37}"
EndProject
Global
	GlobalSection(SolutionConfigurationPlatforms) = preSolution
		Debug|Any CPU = Debug|Any CPU
		Release|Any CPU = Release|Any CPU
	EndGlobalSection
	GlobalSection(ProjectConfigurationPlatforms) = postSolution
		{1CA39DF4-E7AC-459F-AE5A-E92923472D37}.Debug|Any CPU.ActiveCfg = Debug|Any CPU
		{1CA39DF4-E7AC-459F-AE5A-E92923472D37}.Debug|Any CPU.Build.0 = Debug|Any CPU
		{1CA39DF4-E7AC-459F-AE5A-E92923472D37}.Release|Any CPU.ActiveCfg = Release|Any CPU
		{1CA39DF4-E7AC-459F-AE5A-E92923472D37}.Release|Any CPU.Build.0 = Release|Any CPU
	EndGlobalSection
	GlobalSection(SolutionProperties) = preSolution
		HideSolutionNode = FALSE
	EndGlobalSection
	GlobalSection(ExtensibilityGlobals) = postSolution
		SolutionGuid = {1667DA4F-0847-492F-8889-F173A89B1C05}
	EndGlobalSection
EndGlobal
